{"format_version":"1.0","provider_schemas":{"registry.terraform.io/c2devel/rockitcloud":{"provider":{"version":0,"block":{"attributes":{"access_key":{"type":"string","description":"The access key for API operations. You can retrieve this\nfrom the 'Security \u0026 Credentials' section of the AWS console.","description_kind":"plain","optional":true},"allowed_account_ids":{"type":["set","string"],"description_kind":"plain","optional":true},"custom_ca_bundle":{"type":"string","description":"File containing custom root and intermediate certificates. Can also be configured using the `AWS_CA_BUNDLE` environment variable. (Setting `ca_bundle` in the shared config file is not supported.)","description_kind":"plain","optional":true},"ec2_metadata_service_endpoint":{"type":"string","description":"Address of the EC2 metadata service endpoint to use. Can also be configured using the `AWS_EC2_METADATA_SERVICE_ENDPOINT` environment variable.","description_kind":"plain","optional":true},"ec2_metadata_service_endpoint_mode":{"type":"string","description":"Protocol to use with EC2 metadata service endpoint.Valid values are `IPv4` and `IPv6`. Can also be configured using the `AWS_EC2_METADATA_SERVICE_ENDPOINT_MODE` environment variable.","description_kind":"plain","optional":true},"forbidden_account_ids":{"type":["set","string"],"description_kind":"plain","optional":true},"http_proxy":{"type":"string","description":"The address of an HTTP proxy to use when accessing the AWS API. Can also be configured using the `HTTP_PROXY` or `HTTPS_PROXY` environment variables.","description_kind":"plain","optional":true},"insecure":{"type":"bool","description":"Explicitly allow the provider to perform \"insecure\" SSL requests. If omitted, default value is `false`","description_kind":"plain","optional":true},"max_retries":{"type":"number","description":"The maximum number of times an AWS API request is\nbeing executed. If the API request still fails, an error is\nthrown.","description_kind":"plain","optional":true},"profile":{"type":"string","description":"The profile for API operations. If not set, the default profile\ncreated with `aws configure` will be used.","description_kind":"plain","optional":true},"region":{"type":"string","description":"The region where AWS operations will take place. Examples\nare us-east-1, us-west-2, etc.","description_kind":"plain","optional":true},"s3_force_path_style":{"type":"bool","description":"Set this to true to enable the request to use path-style addressing,\ni.e., https://s3.amazonaws.com/BUCKET/KEY. By default, the S3 client will\nuse virtual hosted bucket addressing when possible\n(https://BUCKET.s3.amazonaws.com/KEY). Specific to the Amazon S3 service.","description_kind":"plain","deprecated":true,"optional":true},"s3_use_path_style":{"type":"bool","description":"Set this to true to enable the request to use path-style addressing,\ni.e., https://s3.amazonaws.com/BUCKET/KEY. By default, the S3 client will\nuse virtual hosted bucket addressing when possible\n(https://BUCKET.s3.amazonaws.com/KEY). Specific to the Amazon S3 service.","description_kind":"plain","optional":true},"secret_key":{"type":"string","description":"The secret key for API operations. You can retrieve this\nfrom the 'Security \u0026 Credentials' section of the AWS console.","description_kind":"plain","optional":true},"shared_config_files":{"type":["list","string"],"description":"List of paths to shared config files. If not set, defaults to [~/.aws/config].","description_kind":"plain","optional":true},"shared_credentials_file":{"type":"string","description":"The path to the shared credentials file. If not set, defaults to ~/.aws/credentials.","description_kind":"plain","deprecated":true,"optional":true},"shared_credentials_files":{"type":["list","string"],"description":"List of paths to shared credentials files. If not set, defaults to [~/.aws/credentials].","description_kind":"plain","optional":true},"skip_credentials_validation":{"type":"bool","description":"Skip the credentials validation via STS API. Used for AWS API implementations that do not have STS available/implemented.","description_kind":"plain","optional":true},"skip_get_ec2_platforms":{"type":"bool","description":"Skip getting the supported EC2 platforms. Used by users that don't have ec2:DescribeAccountAttributes permissions.","description_kind":"plain","optional":true},"skip_metadata_api_check":{"type":"string","description":"Skip the AWS Metadata API check. Used for AWS API implementations that do not have a metadata api endpoint.","description_kind":"plain","optional":true},"skip_region_validation":{"type":"bool","description":"Skip static validation of region name. Used by users of alternative AWS-like APIs or users w/ access to regions that are not public (yet).","description_kind":"plain","optional":true},"skip_requesting_account_id":{"type":"bool","description":"Skip requesting the account ID. Used for AWS API implementations that do not have IAM/STS API and/or metadata API.","description_kind":"plain","optional":true},"sts_region":{"type":"string","description":"The region where AWS STS operations will take place. Examples\nare us-east-1 and us-west-2.","description_kind":"plain","optional":true},"token":{"type":"string","description":"session token. A session token is only required if you are\nusing temporary security credentials.","description_kind":"plain","optional":true},"use_dualstack_endpoint":{"type":"bool","description":"Resolve an endpoint with DualStack capability","description_kind":"plain","optional":true},"use_fips_endpoint":{"type":"bool","description":"Resolve an endpoint with FIPS capability","description_kind":"plain","optional":true}},"block_types":{"assume_role":{"nesting_mode":"list","block":{"attributes":{"duration":{"type":"string","description":"The duration, between 15 minutes and 12 hours, of the role session. Valid time units are ns, us (or µs), ms, s, h, or m.","description_kind":"plain","optional":true},"duration_seconds":{"type":"number","description":"The duration, in seconds, of the role session.","description_kind":"plain","deprecated":true,"optional":true},"external_id":{"type":"string","description":"A unique identifier that might be required when you assume a role in another account.","description_kind":"plain","optional":true},"policy":{"type":"string","description":"IAM Policy JSON describing further restricting permissions for the IAM Role being assumed.","description_kind":"plain","optional":true},"policy_arns":{"type":["set","string"],"description":"Amazon Resource Names (ARNs) of IAM Policies describing further restricting permissions for the IAM Role being assumed.","description_kind":"plain","optional":true},"role_arn":{"type":"string","description":"Amazon Resource Name (ARN) of an IAM Role to assume prior to making API calls.","description_kind":"plain","optional":true},"session_name":{"type":"string","description":"An identifier for the assumed role session.","description_kind":"plain","optional":true},"tags":{"type":["map","string"],"description":"Assume role session tags.","description_kind":"plain","optional":true},"transitive_tag_keys":{"type":["set","string"],"description":"Assume role session tag keys to pass to any subsequent sessions.","description_kind":"plain","optional":true}},"description_kind":"plain"},"max_items":1},"assume_role_with_web_identity":{"nesting_mode":"list","block":{"attributes":{"duration":{"type":"string","description":"The duration, between 15 minutes and 12 hours, of the role session. Valid time units are ns, us (or µs), ms, s, h, or m.","description_kind":"plain","optional":true},"policy":{"type":"string","description":"IAM Policy JSON describing further restricting permissions for the IAM Role being assumed.","description_kind":"plain","optional":true},"policy_arns":{"type":["set","string"],"description":"Amazon Resource Names (ARNs) of IAM Policies describing further restricting permissions for the IAM Role being assumed.","description_kind":"plain","optional":true},"role_arn":{"type":"string","description":"Amazon Resource Name (ARN) of an IAM Role to assume prior to making API calls.","description_kind":"plain","optional":true},"session_name":{"type":"string","description":"An identifier for the assumed role session.","description_kind":"plain","optional":true},"web_identity_token":{"type":"string","description_kind":"plain","optional":true},"web_identity_token_file":{"type":"string","description_kind":"plain","optional":true}},"description_kind":"plain"},"max_items":1},"default_tags":{"nesting_mode":"list","block":{"attributes":{"tags":{"type":["map","string"],"description":"Resource tags to default across all resources","description_kind":"plain","optional":true}},"description":"Configuration block with settings to default resource tags across all resources.","description_kind":"plain"},"max_items":1},"endpoints":{"nesting_mode":"set","block":{"attributes":{"accessanalyzer":{"type":"string","description":"Use this to override the default service endpoint URL","description_kind":"plain","optional":true},"account":{"type":"string","description":"Use this to override the default service endpoint URL","description_kind":"plain","optional":true},"acm":{"type":"string","description":"Use this to override the default service endpoint URL","description_kind":"plain","optional":true},"acmpca":{"type":"string","description":"Use this to override the default service endpoint URL","description_kind":"plain","optional":true},"alexaforbusiness":{"type":"string","description":"Use this to override the default service endpoint URL","description_kind":"plain","optional":true},"amg":{"type":"string","description":"Use this to override the default service endpoint URL","description_kind":"plain","optional":true},"amp":{"type":"string","description":"Use this to override the default service endpoint URL","description_kind":"plain","optional":true},"amplify":{"type":"string","description":"Use this to override the default service endpoint URL","description_kind":"plain","optional":true},"amplifybackend":{"type":"string","description":"Use this to override the default service endpoint URL","description_kind":"plain","optional":true},"amplifyuibuilder":{"type":"string","description":"Use this to override the default service endpoint URL","description_kind":"plain","optional":true},"apigateway":{"type":"string","description":"Use this to override the default service endpoint URL","description_kind":"plain","optional":true},"apigatewaymanagementapi":{"type":"string","description":"Use this to override the default service endpoint URL","description_kind":"plain","optional":true},"apigatewayv2":{"type":"string","description":"Use this to override the default service endpoint URL","description_kind":"plain","optional":true},"appautoscaling":{"type":"string","description":"Use this to override the default service endpoint URL","description_kind":"plain","optional":true},"appconfig":{"type":"string","description":"Use this to override the default service endpoint URL","description_kind":"plain","optional":true},"appconfigdata":{"type":"string","description":"Use this to override the default service endpoint URL","description_kind":"plain","optional":true},"appflow":{"type":"string","description":"Use this to override the default service endpoint URL","description_kind":"plain","optional":true},"appintegrations":{"type":"string","description":"Use this to override the default service endpoint URL","description_kind":"plain","optional":true},"appintegrationsservice":{"type":"string","description":"Use this to override the default service endpoint URL","description_kind":"plain","optional":true},"applicationautoscaling":{"type":"string","description":"Use this to override the default service endpoint URL","description_kind":"plain","optional":true},"applicationcostprofiler":{"type":"string","description":"Use this to override the default service endpoint URL","description_kind":"plain","optional":true},"applicationdiscovery":{"type":"string","description":"Use this to override the default service endpoint URL","description_kind":"plain","optional":true},"applicationdiscoveryservice":{"type":"string","description":"Use this to override the default service endpoint URL","description_kind":"plain","optional":true},"applicationinsights":{"type":"string","description":"Use this to override the default service endpoint URL","description_kind":"plain","optional":true},"appmesh":{"type":"string","description":"Use this to override the default service endpoint URL","description_kind":"plain","optional":true},"appregistry":{"type":"string","description":"Use this to override the default service endpoint URL","description_kind":"plain","optional":true},"apprunner":{"type":"string","description":"Use this to override the default service endpoint URL","description_kind":"plain","optional":true},"appstream":{"type":"string","description":"Use this to override the default service endpoint URL","description_kind":"plain","optional":true},"appsync":{"type":"string","description":"Use this to override the default service endpoint URL","description_kind":"plain","optional":true},"athena":{"type":"string","description":"Use this to override the default service endpoint URL","description_kind":"plain","optional":true},"auditmanager":{"type":"string","description":"Use this to override the default service endpoint URL","description_kind":"plain","optional":true},"augmentedairuntime":{"type":"string","description":"Use this to override the default service endpoint URL","description_kind":"plain","optional":true},"autoscaling":{"type":"string","description":"Use this to override the default service endpoint URL","description_kind":"plain","optional":true},"autoscalingplans":{"type":"string","description":"Use this to override the default service endpoint URL","description_kind":"plain","optional":true},"backup":{"type":"string","description":"Use this to override the default service endpoint URL","description_kind":"plain","optional":true},"backupgateway":{"type":"string","description":"Use this to override the default service endpoint URL","description_kind":"plain","optional":true},"batch":{"type":"string","description":"Use this to override the default service endpoint URL","description_kind":"plain","optional":true},"billingconductor":{"type":"string","description":"Use this to override the default service endpoint URL","description_kind":"plain","optional":true},"braket":{"type":"string","description":"Use this to override the default service endpoint URL","description_kind":"plain","optional":true},"budgets":{"type":"string","description":"Use this to override the default service endpoint URL","description_kind":"plain","optional":true},"ce":{"type":"string","description":"Use this to override the default service endpoint URL","description_kind":"plain","optional":true},"chime":{"type":"string","description":"Use this to override the default service endpoint URL","description_kind":"plain","optional":true},"chimesdkidentity":{"type":"string","description":"Use this to override the default service endpoint URL","description_kind":"plain","optional":true},"chimesdkmeetings":{"type":"string","description":"Use this to override the default service endpoint URL","description_kind":"plain","optional":true},"chimesdkmessaging":{"type":"string","description":"Use this to override the default service endpoint URL","description_kind":"plain","optional":true},"cloud9":{"type":"string","description":"Use this to override the default service endpoint URL","description_kind":"plain","optional":true},"cloudcontrol":{"type":"string","description":"Use this to override the default service endpoint URL","description_kind":"plain","optional":true},"cloudcontrolapi":{"type":"string","description":"Use this to override the default service endpoint URL","description_kind":"plain","optional":true},"clouddirectory":{"type":"string","description":"Use this to override the default service endpoint URL","description_kind":"plain","optional":true},"cloudformation":{"type":"string","description":"Use this to override the default service endpoint URL","description_kind":"plain","optional":true},"cloudfront":{"type":"string","description":"Use this to override the default service endpoint URL","description_kind":"plain","optional":true},"cloudhsm":{"type":"string","description":"Use this to override the default service endpoint URL","description_kind":"plain","optional":true},"cloudhsmv2":{"type":"string","description":"Use this to override the default service endpoint URL","description_kind":"plain","optional":true},"cloudsearch":{"type":"string","description":"Use this to override the default service endpoint URL","description_kind":"plain","optional":true},"cloudsearchdomain":{"type":"string","description":"Use this to override the default service endpoint URL","description_kind":"plain","optional":true},"cloudtrail":{"type":"string","description":"Use this to override the default service endpoint URL","description_kind":"plain","optional":true},"cloudwatch":{"type":"string","description":"Use this to override the default service endpoint URL","description_kind":"plain","optional":true},"cloudwatchevents":{"type":"string","description":"Use this to override the default service endpoint URL","description_kind":"plain","optional":true},"cloudwatchevidently":{"type":"string","description":"Use this to override the default service endpoint URL","description_kind":"plain","optional":true},"cloudwatchlogs":{"type":"string","description":"Use this to override the default service endpoint URL","description_kind":"plain","optional":true},"cloudwatchrum":{"type":"string","description":"Use this to override the default service endpoint URL","description_kind":"plain","optional":true},"codeartifact":{"type":"string","description":"Use this to override the default service endpoint URL","description_kind":"plain","optional":true},"codebuild":{"type":"string","description":"Use this to override the default service endpoint URL","description_kind":"plain","optional":true},"codecommit":{"type":"string","description":"Use this to override the default service endpoint URL","description_kind":"plain","optional":true},"codedeploy":{"type":"string","description":"Use this to override the default service endpoint URL","description_kind":"plain","optional":true},"codeguruprofiler":{"type":"string","description":"Use this to override the default service endpoint URL","description_kind":"plain","optional":true},"codegurureviewer":{"type":"string","description":"Use this to override the default service endpoint URL","description_kind":"plain","optional":true},"codepipeline":{"type":"string","description":"Use this to override the default service endpoint URL","description_kind":"plain","optional":true},"codestar":{"type":"string","description":"Use this to override the default service endpoint URL","description_kind":"plain","optional":true},"codestarconnections":{"type":"string","description":"Use this to override the default service endpoint URL","description_kind":"plain","optional":true},"codestarnotifications":{"type":"string","description":"Use this to override the default service endpoint URL","description_kind":"plain","optional":true},"cognitoidentity":{"type":"string","description":"Use this to override the default service endpoint URL","description_kind":"plain","optional":true},"cognitoidentityprovider":{"type":"string","description":"Use this to override the default service endpoint URL","description_kind":"plain","optional":true},"cognitoidp":{"type":"string","description":"Use this to override the default service endpoint URL","description_kind":"plain","optional":true},"cognitosync":{"type":"string","description":"Use this to override the default service endpoint URL","description_kind":"plain","optional":true},"comprehend":{"type":"string","description":"Use this to override the default service endpoint URL","description_kind":"plain","optional":true},"comprehendmedical":{"type":"string","description":"Use this to override the default service endpoint URL","description_kind":"plain","optional":true},"computeoptimizer":{"type":"string","description":"Use this to override the default service endpoint URL","description_kind":"plain","optional":true},"config":{"type":"string","description":"Use this to override the default service endpoint URL","description_kind":"plain","optional":true},"configservice":{"type":"string","description":"Use this to override the default service endpoint URL","description_kind":"plain","optional":true},"connect":{"type":"string","description":"Use this to override the default service endpoint URL","description_kind":"plain","optional":true},"connectcontactlens":{"type":"string","description":"Use this to override the default service endpoint URL","description_kind":"plain","optional":true},"connectparticipant":{"type":"string","description":"Use this to override the default service endpoint URL","description_kind":"plain","optional":true},"connectwisdomservice":{"type":"string","description":"Use this to override the default service endpoint URL","description_kind":"plain","optional":true},"costandusagereportservice":{"type":"string","description":"Use this to override the default service endpoint URL","description_kind":"plain","optional":true},"costexplorer":{"type":"string","description":"Use this to override the default service endpoint URL","description_kind":"plain","optional":true},"cur":{"type":"string","description":"Use this to override the default service endpoint URL","description_kind":"plain","optional":true},"customerprofiles":{"type":"string","description":"Use this to override the default service endpoint URL","description_kind":"plain","optional":true},"databasemigration":{"type":"string","description":"Use this to override the default service endpoint URL","description_kind":"plain","optional":true},"databasemigrationservice":{"type":"string","description":"Use this to override the default service endpoint URL","description_kind":"plain","optional":true},"databrew":{"type":"string","description":"Use this to override the default service endpoint URL","description_kind":"plain","optional":true},"dataexchange":{"type":"string","description":"Use this to override the default service endpoint URL","description_kind":"plain","optional":true},"datapipeline":{"type":"string","description":"Use this to override the default service endpoint URL","description_kind":"plain","optional":true},"datasync":{"type":"string","description":"Use this to override the default service endpoint URL","description_kind":"plain","optional":true},"dax":{"type":"string","description":"Use this to override the default service endpoint URL","description_kind":"plain","optional":true},"deploy":{"type":"string","description":"Use this to override the default service endpoint URL","description_kind":"plain","optional":true},"detective":{"type":"string","description":"Use this to override the default service endpoint URL","description_kind":"plain","optional":true},"devicefarm":{"type":"string","description":"Use this to override the default service endpoint URL","description_kind":"plain","optional":true},"devopsguru":{"type":"string","description":"Use this to override the default service endpoint URL","description_kind":"plain","optional":true},"directconnect":{"type":"string","description":"Use this to override the default service endpoint URL","description_kind":"plain","optional":true},"directoryservice":{"type":"string","description":"Use this to override the default service endpoint URL","description_kind":"plain","optional":true},"discovery":{"type":"string","description":"Use this to override the default service endpoint URL","description_kind":"plain","optional":true},"dlm":{"type":"string","description":"Use this to override the default service endpoint URL","description_kind":"plain","optional":true},"dms":{"type":"string","description":"Use this to override the default service endpoint URL","description_kind":"plain","optional":true},"docdb":{"type":"string","description":"Use this to override the default service endpoint URL","description_kind":"plain","optional":true},"drs":{"type":"string","description":"Use this to override the default service endpoint URL","description_kind":"plain","optional":true},"ds":{"type":"string","description":"Use this to override the default service endpoint URL","description_kind":"plain","optional":true},"dynamodb":{"type":"string","description":"Use this to override the default service endpoint URL","description_kind":"plain","optional":true},"dynamodbstreams":{"type":"string","description":"Use this to override the default service endpoint URL","description_kind":"plain","optional":true},"ebs":{"type":"string","description":"Use this to override the default service endpoint URL","description_kind":"plain","optional":true},"ec2":{"type":"string","description":"Use this to override the default service endpoint URL","description_kind":"plain","optional":true},"ec2instanceconnect":{"type":"string","description":"Use this to override the default service endpoint URL","description_kind":"plain","optional":true},"ecr":{"type":"string","description":"Use this to override the default service endpoint URL","description_kind":"plain","optional":true},"ecrpublic":{"type":"string","description":"Use this to override the default service endpoint URL","description_kind":"plain","optional":true},"ecs":{"type":"string","description":"Use this to override the default service endpoint URL","description_kind":"plain","optional":true},"efs":{"type":"string","description":"Use this to override the default service endpoint URL","description_kind":"plain","optional":true},"eks":{"type":"string","description":"Use this to override the default service endpoint URL","description_kind":"plain","optional":true},"elasticache":{"type":"string","description":"Use this to override the default service endpoint URL","description_kind":"plain","optional":true},"elasticbeanstalk":{"type":"string","description":"Use this to override the default service endpoint URL","description_kind":"plain","optional":true},"elasticinference":{"type":"string","description":"Use this to override the default service endpoint URL","description_kind":"plain","optional":true},"elasticloadbalancing":{"type":"string","description":"Use this to override the default service endpoint URL","description_kind":"plain","optional":true},"elasticloadbalancingv2":{"type":"string","description":"Use this to override the default service endpoint URL","description_kind":"plain","optional":true},"elasticsearch":{"type":"string","description":"Use this to override the default service endpoint URL","description_kind":"plain","optional":true},"elasticsearchservice":{"type":"string","description":"Use this to override the default service endpoint URL","description_kind":"plain","optional":true},"elastictranscoder":{"type":"string","description":"Use this to override the default service endpoint URL","description_kind":"plain","optional":true},"elb":{"type":"string","description":"Use this to override the default service endpoint URL","description_kind":"plain","optional":true},"elbv2":{"type":"string","description":"Use this to override the default service endpoint URL","description_kind":"plain","optional":true},"emr":{"type":"string","description":"Use this to override the default service endpoint URL","description_kind":"plain","optional":true},"emrcontainers":{"type":"string","description":"Use this to override the default service endpoint URL","description_kind":"plain","optional":true},"es":{"type":"string","description":"Use this to override the default service endpoint URL","description_kind":"plain","optional":true},"eventbridge":{"type":"string","description":"Use this to override the default service endpoint URL","description_kind":"plain","optional":true},"events":{"type":"string","description":"Use this to override the default service endpoint URL","description_kind":"plain","optional":true},"evidently":{"type":"string","description":"Use this to override the default service endpoint URL","description_kind":"plain","optional":true},"finspace":{"type":"string","description":"Use this to override the default service endpoint URL","description_kind":"plain","optional":true},"finspacedata":{"type":"string","description":"Use this to override the default service endpoint URL","description_kind":"plain","optional":true},"firehose":{"type":"string","description":"Use this to override the default service endpoint URL","description_kind":"plain","optional":true},"fis":{"type":"string","description":"Use this to override the default service endpoint URL","description_kind":"plain","optional":true},"fms":{"type":"string","description":"Use this to override the default service endpoint URL","description_kind":"plain","optional":true},"forecast":{"type":"string","description":"Use this to override the default service endpoint URL","description_kind":"plain","optional":true},"forecastquery":{"type":"string","description":"Use this to override the default service endpoint URL","description_kind":"plain","optional":true},"forecastqueryservice":{"type":"string","description":"Use this to override the default service endpoint URL","description_kind":"plain","optional":true},"forecastservice":{"type":"string","description":"Use this to override the default service endpoint URL","description_kind":"plain","optional":true},"frauddetector":{"type":"string","description":"Use this to override the default service endpoint URL","description_kind":"plain","optional":true},"fsx":{"type":"string","description":"Use this to override the default service endpoint URL","description_kind":"plain","optional":true},"gamelift":{"type":"string","description":"Use this to override the default service endpoint URL","description_kind":"plain","optional":true},"glacier":{"type":"string","description":"Use this to override the default service endpoint URL","description_kind":"plain","optional":true},"globalaccelerator":{"type":"string","description":"Use this to override the default service endpoint URL","description_kind":"plain","optional":true},"glue":{"type":"string","description":"Use this to override the default service endpoint URL","description_kind":"plain","optional":true},"gluedatabrew":{"type":"string","description":"Use this to override the default service endpoint URL","description_kind":"plain","optional":true},"grafana":{"type":"string","description":"Use this to override the default service endpoint URL","description_kind":"plain","optional":true},"greengrass":{"type":"string","description":"Use this to override the default service endpoint URL","description_kind":"plain","optional":true},"greengrassv2":{"type":"string","description":"Use this to override the default service endpoint URL","description_kind":"plain","optional":true},"groundstation":{"type":"string","description":"Use this to override the default service endpoint URL","description_kind":"plain","optional":true},"guardduty":{"type":"string","description":"Use this to override the default service endpoint URL","description_kind":"plain","optional":true},"health":{"type":"string","description":"Use this to override the default service endpoint URL","description_kind":"plain","optional":true},"healthlake":{"type":"string","description":"Use this to override the default service endpoint URL","description_kind":"plain","optional":true},"honeycode":{"type":"string","description":"Use this to override the default service endpoint URL","description_kind":"plain","optional":true},"iam":{"type":"string","description":"Use this to override the default service endpoint URL","description_kind":"plain","optional":true},"identitystore":{"type":"string","description":"Use this to override the default service endpoint URL","description_kind":"plain","optional":true},"imagebuilder":{"type":"string","description":"Use this to override the default service endpoint URL","description_kind":"plain","optional":true},"inspector":{"type":"string","description":"Use this to override the default service endpoint URL","description_kind":"plain","optional":true},"inspector2":{"type":"string","description":"Use this to override the default service endpoint URL","description_kind":"plain","optional":true},"iot":{"type":"string","description":"Use this to override the default service endpoint URL","description_kind":"plain","optional":true},"iot1clickdevices":{"type":"string","description":"Use this to override the default service endpoint URL","description_kind":"plain","optional":true},"iot1clickdevicesservice":{"type":"string","description":"Use this to override the default service endpoint URL","description_kind":"plain","optional":true},"iot1clickprojects":{"type":"string","description":"Use this to override the default service endpoint URL","description_kind":"plain","optional":true},"iotanalytics":{"type":"string","description":"Use this to override the default service endpoint URL","description_kind":"plain","optional":true},"iotdata":{"type":"string","description":"Use this to override the default service endpoint URL","description_kind":"plain","optional":true},"iotdataplane":{"type":"string","description":"Use this to override the default service endpoint URL","description_kind":"plain","optional":true},"iotdeviceadvisor":{"type":"string","description":"Use this to override the default service endpoint URL","description_kind":"plain","optional":true},"iotevents":{"type":"string","description":"Use this to override the default service endpoint URL","description_kind":"plain","optional":true},"ioteventsdata":{"type":"string","description":"Use this to override the default service endpoint URL","description_kind":"plain","optional":true},"iotfleethub":{"type":"string","description":"Use this to override the default service endpoint URL","description_kind":"plain","optional":true},"iotjobsdata":{"type":"string","description":"Use this to override the default service endpoint URL","description_kind":"plain","optional":true},"iotjobsdataplane":{"type":"string","description":"Use this to override the default service endpoint URL","description_kind":"plain","optional":true},"iotsecuretunneling":{"type":"string","description":"Use this to override the default service endpoint URL","description_kind":"plain","optional":true},"iotsitewise":{"type":"string","description":"Use this to override the default service endpoint URL","description_kind":"plain","optional":true},"iotthingsgraph":{"type":"string","description":"Use this to override the default service endpoint URL","description_kind":"plain","optional":true},"iottwinmaker":{"type":"string","description":"Use this to override the default service endpoint URL","description_kind":"plain","optional":true},"iotwireless":{"type":"string","description":"Use this to override the default service endpoint URL","description_kind":"plain","optional":true},"ivs":{"type":"string","description":"Use this to override the default service endpoint URL","description_kind":"plain","optional":true},"kafka":{"type":"string","description":"Use this to override the default service endpoint URL","description_kind":"plain","optional":true},"kafkaconnect":{"type":"string","description":"Use this to override the default service endpoint URL","description_kind":"plain","optional":true},"kendra":{"type":"string","description":"Use this to override the default service endpoint URL","description_kind":"plain","optional":true},"keyspaces":{"type":"string","description":"Use this to override the default service endpoint URL","description_kind":"plain","optional":true},"kinesis":{"type":"string","description":"Use this to override the default service endpoint URL","description_kind":"plain","optional":true},"kinesisanalytics":{"type":"string","description":"Use this to override the default service endpoint URL","description_kind":"plain","optional":true},"kinesisanalyticsv2":{"type":"string","description":"Use this to override the default service endpoint URL","description_kind":"plain","optional":true},"kinesisvideo":{"type":"string","description":"Use this to override the default service endpoint URL","description_kind":"plain","optional":true},"kinesisvideoarchivedmedia":{"type":"string","description":"Use this to override the default service endpoint URL","description_kind":"plain","optional":true},"kinesisvideomedia":{"type":"string","description":"Use this to override the default service endpoint URL","description_kind":"plain","optional":true},"kinesisvideosignaling":{"type":"string","description":"Use this to override the default service endpoint URL","description_kind":"plain","optional":true},"kinesisvideosignalingchannels":{"type":"string","description":"Use this to override the default service endpoint URL","description_kind":"plain","optional":true},"kms":{"type":"string","description":"Use this to override the default service endpoint URL","description_kind":"plain","optional":true},"lakeformation":{"type":"string","description":"Use this to override the default service endpoint URL","description_kind":"plain","optional":true},"lambda":{"type":"string","description":"Use this to override the default service endpoint URL","description_kind":"plain","optional":true},"lexmodelbuilding":{"type":"string","description":"Use this to override the default service endpoint URL","description_kind":"plain","optional":true},"lexmodelbuildingservice":{"type":"string","description":"Use this to override the default service endpoint URL","description_kind":"plain","optional":true},"lexmodels":{"type":"string","description":"Use this to override the default service endpoint URL","description_kind":"plain","optional":true},"lexmodelsv2":{"type":"string","description":"Use this to override the default service endpoint URL","description_kind":"plain","optional":true},"lexruntime":{"type":"string","description":"Use this to override the default service endpoint URL","description_kind":"plain","optional":true},"lexruntimeservice":{"type":"string","description":"Use this to override the default service endpoint URL","description_kind":"plain","optional":true},"lexruntimev2":{"type":"string","description":"Use this to override the default service endpoint URL","description_kind":"plain","optional":true},"lexv2models":{"type":"string","description":"Use this to override the default service endpoint URL","description_kind":"plain","optional":true},"lexv2runtime":{"type":"string","description":"Use this to override the default service endpoint URL","description_kind":"plain","optional":true},"licensemanager":{"type":"string","description":"Use this to override the default service endpoint URL","description_kind":"plain","optional":true},"lightsail":{"type":"string","description":"Use this to override the default service endpoint URL","description_kind":"plain","optional":true},"location":{"type":"string","description":"Use this to override the default service endpoint URL","description_kind":"plain","optional":true},"locationservice":{"type":"string","description":"Use this to override the default service endpoint URL","description_kind":"plain","optional":true},"logs":{"type":"string","description":"Use this to override the default service endpoint URL","description_kind":"plain","optional":true},"lookoutequipment":{"type":"string","description":"Use this to override the default service endpoint URL","description_kind":"plain","optional":true},"lookoutforvision":{"type":"string","description":"Use this to override the default service endpoint URL","description_kind":"plain","optional":true},"lookoutmetrics":{"type":"string","description":"Use this to override the default service endpoint URL","description_kind":"plain","optional":true},"lookoutvision":{"type":"string","description":"Use this to override the default service endpoint URL","description_kind":"plain","optional":true},"machinelearning":{"type":"string","description":"Use this to override the default service endpoint URL","description_kind":"plain","optional":true},"macie":{"type":"string","description":"Use this to override the default service endpoint URL","description_kind":"plain","optional":true},"macie2":{"type":"string","description":"Use this to override the default service endpoint URL","description_kind":"plain","optional":true},"managedblockchain":{"type":"string","description":"Use this to override the default service endpoint URL","description_kind":"plain","optional":true},"managedgrafana":{"type":"string","description":"Use this to override the default service endpoint URL","description_kind":"plain","optional":true},"marketplacecatalog":{"type":"string","description":"Use this to override the default service endpoint URL","description_kind":"plain","optional":true},"marketplacecommerceanalytics":{"type":"string","description":"Use this to override the default service endpoint URL","description_kind":"plain","optional":true},"marketplaceentitlement":{"type":"string","description":"Use this to override the default service endpoint URL","description_kind":"plain","optional":true},"marketplaceentitlementservice":{"type":"string","description":"Use this to override the default service endpoint URL","description_kind":"plain","optional":true},"marketplacemetering":{"type":"string","description":"Use this to override the default service endpoint URL","description_kind":"plain","optional":true},"mediaconnect":{"type":"string","description":"Use this to override the default service endpoint URL","description_kind":"plain","optional":true},"mediaconvert":{"type":"string","description":"Use this to override the default service endpoint URL","description_kind":"plain","optional":true},"medialive":{"type":"string","description":"Use this to override the default service endpoint URL","description_kind":"plain","optional":true},"mediapackage":{"type":"string","description":"Use this to override the default service endpoint URL","description_kind":"plain","optional":true},"mediapackagevod":{"type":"string","description":"Use this to override the default service endpoint URL","description_kind":"plain","optional":true},"mediastore":{"type":"string","description":"Use this to override the default service endpoint URL","description_kind":"plain","optional":true},"mediastoredata":{"type":"string","description":"Use this to override the default service endpoint URL","description_kind":"plain","optional":true},"mediatailor":{"type":"string","description":"Use this to override the default service endpoint URL","description_kind":"plain","optional":true},"memorydb":{"type":"string","description":"Use this to override the default service endpoint URL","description_kind":"plain","optional":true},"meteringmarketplace":{"type":"string","description":"Use this to override the default service endpoint URL","description_kind":"plain","optional":true},"mgh":{"type":"string","description":"Use this to override the default service endpoint URL","description_kind":"plain","optional":true},"mgn":{"type":"string","description":"Use this to override the default service endpoint URL","description_kind":"plain","optional":true},"migrationhub":{"type":"string","description":"Use this to override the default service endpoint URL","description_kind":"plain","optional":true},"migrationhubconfig":{"type":"string","description":"Use this to override the default service endpoint URL","description_kind":"plain","optional":true},"migrationhubrefactorspaces":{"type":"string","description":"Use this to override the default service endpoint URL","description_kind":"plain","optional":true},"migrationhubstrategy":{"type":"string","description":"Use this to override the default service endpoint URL","description_kind":"plain","optional":true},"migrationhubstrategyrecommendations":{"type":"string","description":"Use this to override the default service endpoint URL","description_kind":"plain","optional":true},"mobile":{"type":"string","description":"Use this to override the default service endpoint URL","description_kind":"plain","optional":true},"mq":{"type":"string","description":"Use this to override the default service endpoint URL","description_kind":"plain","optional":true},"mturk":{"type":"string","description":"Use this to override the default service endpoint URL","description_kind":"plain","optional":true},"mwaa":{"type":"string","description":"Use this to override the default service endpoint URL","description_kind":"plain","optional":true},"neptune":{"type":"string","description":"Use this to override the default service endpoint URL","description_kind":"plain","optional":true},"networkfirewall":{"type":"string","description":"Use this to override the default service endpoint URL","description_kind":"plain","optional":true},"networkmanager":{"type":"string","description":"Use this to override the default service endpoint URL","description_kind":"plain","optional":true},"nimble":{"type":"string","description":"Use this to override the default service endpoint URL","description_kind":"plain","optional":true},"nimblestudio":{"type":"string","description":"Use this to override the default service endpoint URL","description_kind":"plain","optional":true},"opensearch":{"type":"string","description":"Use this to override the default service endpoint URL","description_kind":"plain","optional":true},"opensearchservice":{"type":"string","description":"Use this to override the default service endpoint URL","description_kind":"plain","optional":true},"opsworks":{"type":"string","description":"Use this to override the default service endpoint URL","description_kind":"plain","optional":true},"opsworkscm":{"type":"string","description":"Use this to override the default service endpoint URL","description_kind":"plain","optional":true},"organizations":{"type":"string","description":"Use this to override the default service endpoint URL","description_kind":"plain","optional":true},"outposts":{"type":"string","description":"Use this to override the default service endpoint URL","description_kind":"plain","optional":true},"paas":{"type":"string","description":"Use this to override the default service endpoint URL","description_kind":"plain","optional":true},"panorama":{"type":"string","description":"Use this to override the default service endpoint URL","description_kind":"plain","optional":true},"personalize":{"type":"string","description":"Use this to override the default service endpoint URL","description_kind":"plain","optional":true},"personalizeevents":{"type":"string","description":"Use this to override the default service endpoint URL","description_kind":"plain","optional":true},"personalizeruntime":{"type":"string","description":"Use this to override the default service endpoint URL","description_kind":"plain","optional":true},"pi":{"type":"string","description":"Use this to override the default service endpoint URL","description_kind":"plain","optional":true},"pinpoint":{"type":"string","description":"Use this to override the default service endpoint URL","description_kind":"plain","optional":true},"pinpointemail":{"type":"string","description":"Use this to override the default service endpoint URL","description_kind":"plain","optional":true},"pinpointsmsvoice":{"type":"string","description":"Use this to override the default service endpoint URL","description_kind":"plain","optional":true},"polly":{"type":"string","description":"Use this to override the default service endpoint URL","description_kind":"plain","optional":true},"pricing":{"type":"string","description":"Use this to override the default service endpoint URL","description_kind":"plain","optional":true},"prometheus":{"type":"string","description":"Use this to override the default service endpoint URL","description_kind":"plain","optional":true},"prometheusservice":{"type":"string","description":"Use this to override the default service endpoint URL","description_kind":"plain","optional":true},"proton":{"type":"string","description":"Use this to override the default service endpoint URL","description_kind":"plain","optional":true},"qldb":{"type":"string","description":"Use this to override the default service endpoint URL","description_kind":"plain","optional":true},"qldbsession":{"type":"string","description":"Use this to override the default service endpoint URL","description_kind":"plain","optional":true},"quicksight":{"type":"string","description":"Use this to override the default service endpoint URL","description_kind":"plain","optional":true},"ram":{"type":"string","description":"Use this to override the default service endpoint URL","description_kind":"plain","optional":true},"rbin":{"type":"string","description":"Use this to override the default service endpoint URL","description_kind":"plain","optional":true},"rds":{"type":"string","description":"Use this to override the default service endpoint URL","description_kind":"plain","optional":true},"rdsdata":{"type":"string","description":"Use this to override the default service endpoint URL","description_kind":"plain","optional":true},"rdsdataservice":{"type":"string","description":"Use this to override the default service endpoint URL","description_kind":"plain","optional":true},"recyclebin":{"type":"string","description":"Use this to override the default service endpoint URL","description_kind":"plain","optional":true},"redshift":{"type":"string","description":"Use this to override the default service endpoint URL","description_kind":"plain","optional":true},"redshiftdata":{"type":"string","description":"Use this to override the default service endpoint URL","description_kind":"plain","optional":true},"redshiftdataapiservice":{"type":"string","description":"Use this to override the default service endpoint URL","description_kind":"plain","optional":true},"rekognition":{"type":"string","description":"Use this to override the default service endpoint URL","description_kind":"plain","optional":true},"resiliencehub":{"type":"string","description":"Use this to override the default service endpoint URL","description_kind":"plain","optional":true},"resourcegroups":{"type":"string","description":"Use this to override the default service endpoint URL","description_kind":"plain","optional":true},"resourcegroupstagging":{"type":"string","description":"Use this to override the default service endpoint URL","description_kind":"plain","optional":true},"resourcegroupstaggingapi":{"type":"string","description":"Use this to override the default service endpoint URL","description_kind":"plain","optional":true},"robomaker":{"type":"string","description":"Use this to override the default service endpoint URL","description_kind":"plain","optional":true},"route53":{"type":"string","description":"Use this to override the default service endpoint URL","description_kind":"plain","optional":true},"route53domains":{"type":"string","description":"Use this to override the default service endpoint URL","description_kind":"plain","optional":true},"route53recoverycluster":{"type":"string","description":"Use this to override the default service endpoint URL","description_kind":"plain","optional":true},"route53recoverycontrolconfig":{"type":"string","description":"Use this to override the default service endpoint URL","description_kind":"plain","optional":true},"route53recoveryreadiness":{"type":"string","description":"Use this to override the default service endpoint URL","description_kind":"plain","optional":true},"route53resolver":{"type":"string","description":"Use this to override the default service endpoint URL","description_kind":"plain","optional":true},"rum":{"type":"string","description":"Use this to override the default service endpoint URL","description_kind":"plain","optional":true},"s3":{"type":"string","description":"Use this to override the default service endpoint URL","description_kind":"plain","optional":true},"s3api":{"type":"string","description":"Use this to override the default service endpoint URL","description_kind":"plain","optional":true},"s3control":{"type":"string","description":"Use this to override the default service endpoint URL","description_kind":"plain","optional":true},"s3outposts":{"type":"string","description":"Use this to override the default service endpoint URL","description_kind":"plain","optional":true},"sagemaker":{"type":"string","description":"Use this to override the default service endpoint URL","description_kind":"plain","optional":true},"sagemakera2iruntime":{"type":"string","description":"Use this to override the default service endpoint URL","description_kind":"plain","optional":true},"sagemakeredge":{"type":"string","description":"Use this to override the default service endpoint URL","description_kind":"plain","optional":true},"sagemakeredgemanager":{"type":"string","description":"Use this to override the default service endpoint URL","description_kind":"plain","optional":true},"sagemakerfeaturestoreruntime":{"type":"string","description":"Use this to override the default service endpoint URL","description_kind":"plain","optional":true},"sagemakerruntime":{"type":"string","description":"Use this to override the default service endpoint URL","description_kind":"plain","optional":true},"savingsplans":{"type":"string","description":"Use this to override the default service endpoint URL","description_kind":"plain","optional":true},"schemas":{"type":"string","description":"Use this to override the default service endpoint URL","description_kind":"plain","optional":true},"sdb":{"type":"string","description":"Use this to override the default service endpoint URL","description_kind":"plain","optional":true},"secretsmanager":{"type":"string","description":"Use this to override the default service endpoint URL","description_kind":"plain","optional":true},"securityhub":{"type":"string","description":"Use this to override the default service endpoint URL","description_kind":"plain","optional":true},"serverlessapplicationrepository":{"type":"string","description":"Use this to override the default service endpoint URL","description_kind":"plain","optional":true},"serverlessapprepo":{"type":"string","description":"Use this to override the default service endpoint URL","description_kind":"plain","optional":true},"serverlessrepo":{"type":"string","description":"Use this to override the default service endpoint URL","description_kind":"plain","optional":true},"servicecatalog":{"type":"string","description":"Use this to override the default service endpoint URL","description_kind":"plain","optional":true},"servicecatalogappregistry":{"type":"string","description":"Use this to override the default service endpoint URL","description_kind":"plain","optional":true},"servicediscovery":{"type":"string","description":"Use this to override the default service endpoint URL","description_kind":"plain","optional":true},"servicequotas":{"type":"string","description":"Use this to override the default service endpoint URL","description_kind":"plain","optional":true},"ses":{"type":"string","description":"Use this to override the default service endpoint URL","description_kind":"plain","optional":true},"sesv2":{"type":"string","description":"Use this to override the default service endpoint URL","description_kind":"plain","optional":true},"sfn":{"type":"string","description":"Use this to override the default service endpoint URL","description_kind":"plain","optional":true},"shield":{"type":"string","description":"Use this to override the default service endpoint URL","description_kind":"plain","optional":true},"signer":{"type":"string","description":"Use this to override the default service endpoint URL","description_kind":"plain","optional":true},"simpledb":{"type":"string","description":"Use this to override the default service endpoint URL","description_kind":"plain","optional":true},"sms":{"type":"string","description":"Use this to override the default service endpoint URL","description_kind":"plain","optional":true},"snowball":{"type":"string","description":"Use this to override the default service endpoint URL","description_kind":"plain","optional":true},"snowdevicemanagement":{"type":"string","description":"Use this to override the default service endpoint URL","description_kind":"plain","optional":true},"sns":{"type":"string","description":"Use this to override the default service endpoint URL","description_kind":"plain","optional":true},"sqs":{"type":"string","description":"Use this to override the default service endpoint URL","description_kind":"plain","optional":true},"ssm":{"type":"string","description":"Use this to override the default service endpoint URL","description_kind":"plain","optional":true},"ssmcontacts":{"type":"string","description":"Use this to override the default service endpoint URL","description_kind":"plain","optional":true},"ssmincidents":{"type":"string","description":"Use this to override the default service endpoint URL","description_kind":"plain","optional":true},"sso":{"type":"string","description":"Use this to override the default service endpoint URL","description_kind":"plain","optional":true},"ssoadmin":{"type":"string","description":"Use this to override the default service endpoint URL","description_kind":"plain","optional":true},"ssooidc":{"type":"string","description":"Use this to override the default service endpoint URL","description_kind":"plain","optional":true},"stepfunctions":{"type":"string","description":"Use this to override the default service endpoint URL","description_kind":"plain","optional":true},"storagegateway":{"type":"string","description":"Use this to override the default service endpoint URL","description_kind":"plain","optional":true},"sts":{"type":"string","description":"Use this to override the default service endpoint URL","description_kind":"plain","optional":true},"support":{"type":"string","description":"Use this to override the default service endpoint URL","description_kind":"plain","optional":true},"swf":{"type":"string","description":"Use this to override the default service endpoint URL","description_kind":"plain","optional":true},"synthetics":{"type":"string","description":"Use this to override the default service endpoint URL","description_kind":"plain","optional":true},"textract":{"type":"string","description":"Use this to override the default service endpoint URL","description_kind":"plain","optional":true},"timestreamquery":{"type":"string","description":"Use this to override the default service endpoint URL","description_kind":"plain","optional":true},"timestreamwrite":{"type":"string","description":"Use this to override the default service endpoint URL","description_kind":"plain","optional":true},"transcribe":{"type":"string","description":"Use this to override the default service endpoint URL","description_kind":"plain","optional":true},"transcribeservice":{"type":"string","description":"Use this to override the default service endpoint URL","description_kind":"plain","optional":true},"transcribestreaming":{"type":"string","description":"Use this to override the default service endpoint URL","description_kind":"plain","optional":true},"transcribestreamingservice":{"type":"string","description":"Use this to override the default service endpoint URL","description_kind":"plain","optional":true},"transfer":{"type":"string","description":"Use this to override the default service endpoint URL","description_kind":"plain","optional":true},"translate":{"type":"string","description":"Use this to override the default service endpoint URL","description_kind":"plain","optional":true},"voiceid":{"type":"string","description":"Use this to override the default service endpoint URL","description_kind":"plain","optional":true},"waf":{"type":"string","description":"Use this to override the default service endpoint URL","description_kind":"plain","optional":true},"wafregional":{"type":"string","description":"Use this to override the default service endpoint URL","description_kind":"plain","optional":true},"wafv2":{"type":"string","description":"Use this to override the default service endpoint URL","description_kind":"plain","optional":true},"wellarchitected":{"type":"string","description":"Use this to override the default service endpoint URL","description_kind":"plain","optional":true},"wisdom":{"type":"string","description":"Use this to override the default service endpoint URL","description_kind":"plain","optional":true},"workdocs":{"type":"string","description":"Use this to override the default service endpoint URL","description_kind":"plain","optional":true},"worklink":{"type":"string","description":"Use this to override the default service endpoint URL","description_kind":"plain","optional":true},"workmail":{"type":"string","description":"Use this to override the default service endpoint URL","description_kind":"plain","optional":true},"workmailmessageflow":{"type":"string","description":"Use this to override the default service endpoint URL","description_kind":"plain","optional":true},"workspaces":{"type":"string","description":"Use this to override the default service endpoint URL","description_kind":"plain","optional":true},"workspacesweb":{"type":"string","description":"Use this to override the default service endpoint URL","description_kind":"plain","optional":true},"xray":{"type":"string","description":"Use this to override the default service endpoint URL","description_kind":"plain","optional":true}},"description_kind":"plain"}},"ignore_tags":{"nesting_mode":"list","block":{"attributes":{"key_prefixes":{"type":["set","string"],"description":"Resource tag key prefixes to ignore across all resources.","description_kind":"plain","optional":true},"keys":{"type":["set","string"],"description":"Resource tag keys to ignore across all resources.","description_kind":"plain","optional":true}},"description":"Configuration block with settings to ignore resource tags across all resources.","description_kind":"plain"},"max_items":1}},"description_kind":"plain"}},"resource_schemas":{"aws_ami":{"version":0,"block":{"attributes":{"architecture":{"type":"string","description_kind":"plain","optional":true},"arn":{"type":"string","description_kind":"plain","computed":true},"boot_mode":{"type":"string","description_kind":"plain","optional":true},"deprecation_time":{"type":"string","description_kind":"plain","optional":true},"description":{"type":"string","description_kind":"plain","optional":true},"ena_support":{"type":"bool","description_kind":"plain","optional":true},"hypervisor":{"type":"string","description_kind":"plain","computed":true},"id":{"type":"string","description_kind":"plain","optional":true,"computed":true},"image_location":{"type":"string","description_kind":"plain","optional":true,"computed":true},"image_owner_alias":{"type":"string","description_kind":"plain","computed":true},"image_type":{"type":"string","description_kind":"plain","computed":true},"kernel_id":{"type":"string","description_kind":"plain","optional":true},"manage_ebs_snapshots":{"type":"bool","description_kind":"plain","computed":true},"name":{"type":"string","description_kind":"plain","required":true},"owner_id":{"type":"string","description_kind":"plain","computed":true},"platform":{"type":"string","description_kind":"plain","computed":true},"platform_details":{"type":"string","description_kind":"plain","computed":true},"public":{"type":"bool","description_kind":"plain","computed":true},"ramdisk_id":{"type":"string","description_kind":"plain","optional":true},"root_device_name":{"type":"string","description_kind":"plain","optional":true},"root_snapshot_id":{"type":"string","description_kind":"plain","computed":true},"sriov_net_support":{"type":"string","description_kind":"plain","optional":true},"tags":{"type":["map","string"],"description_kind":"plain","optional":true},"tags_all":{"type":["map","string"],"description_kind":"plain","optional":true,"computed":true},"usage_operation":{"type":"string","description_kind":"plain","computed":true},"virtualization_type":{"type":"string","description_kind":"plain","optional":true}},"block_types":{"ebs_block_device":{"nesting_mode":"set","block":{"attributes":{"delete_on_termination":{"type":"bool","description_kind":"plain","optional":true},"device_name":{"type":"string","description_kind":"plain","required":true},"encrypted":{"type":"bool","description_kind":"plain","optional":true},"iops":{"type":"number","description_kind":"plain","optional":true},"outpost_arn":{"type":"string","description_kind":"plain","optional":true},"snapshot_id":{"type":"string","description_kind":"plain","optional":true},"throughput":{"type":"number","description_kind":"plain","optional":true,"computed":true},"volume_size":{"type":"number","description_kind":"plain","optional":true,"computed":true},"volume_type":{"type":"string","description_kind":"plain","optional":true}},"description_kind":"plain"}},"ephemeral_block_device":{"nesting_mode":"set","block":{"attributes":{"device_name":{"type":"string","description_kind":"plain","required":true},"virtual_name":{"type":"string","description_kind":"plain","required":true}},"description_kind":"plain"}},"timeouts":{"nesting_mode":"single","block":{"attributes":{"create":{"type":"string","description_kind":"plain","optional":true},"delete":{"type":"string","description_kind":"plain","optional":true},"update":{"type":"string","description_kind":"plain","optional":true}},"description_kind":"plain"}}},"description_kind":"plain"}},"aws_ami_from_instance":{"version":0,"block":{"attributes":{"architecture":{"type":"string","description_kind":"plain","computed":true},"arn":{"type":"string","description_kind":"plain","computed":true},"boot_mode":{"type":"string","description_kind":"plain","computed":true},"deprecation_time":{"type":"string","description_kind":"plain","optional":true},"description":{"type":"string","description_kind":"plain","optional":true},"ena_support":{"type":"bool","description_kind":"plain","computed":true},"hypervisor":{"type":"string","description_kind":"plain","computed":true},"id":{"type":"string","description_kind":"plain","optional":true,"computed":true},"image_location":{"type":"string","description_kind":"plain","computed":true},"image_owner_alias":{"type":"string","description_kind":"plain","computed":true},"image_type":{"type":"string","description_kind":"plain","computed":true},"kernel_id":{"type":"string","description_kind":"plain","computed":true},"manage_ebs_snapshots":{"type":"bool","description_kind":"plain","computed":true},"name":{"type":"string","description_kind":"plain","required":true},"owner_id":{"type":"string","description_kind":"plain","computed":true},"platform":{"type":"string","description_kind":"plain","computed":true},"platform_details":{"type":"string","description_kind":"plain","computed":true},"public":{"type":"bool","description_kind":"plain","computed":true},"ramdisk_id":{"type":"string","description_kind":"plain","computed":true},"root_device_name":{"type":"string","description_kind":"plain","computed":true},"root_snapshot_id":{"type":"string","description_kind":"plain","computed":true},"snapshot_without_reboot":{"type":"bool","description_kind":"plain","optional":true},"source_instance_id":{"type":"string","description_kind":"plain","required":true},"sriov_net_support":{"type":"string","description_kind":"plain","computed":true},"tags":{"type":["map","string"],"description_kind":"plain","optional":true},"tags_all":{"type":["map","string"],"description_kind":"plain","optional":true,"computed":true},"usage_operation":{"type":"string","description_kind":"plain","computed":true},"virtualization_type":{"type":"string","description_kind":"plain","computed":true}},"block_types":{"ebs_block_device":{"nesting_mode":"set","block":{"attributes":{"delete_on_termination":{"type":"bool","description_kind":"plain","computed":true},"device_name":{"type":"string","description_kind":"plain","computed":true},"encrypted":{"type":"bool","description_kind":"plain","computed":true},"iops":{"type":"number","description_kind":"plain","computed":true},"outpost_arn":{"type":"string","description_kind":"plain","computed":true},"snapshot_id":{"type":"string","description_kind":"plain","computed":true},"throughput":{"type":"number","description_kind":"plain","computed":true},"volume_size":{"type":"number","description_kind":"plain","computed":true},"volume_type":{"type":"string","description_kind":"plain","computed":true}},"description_kind":"plain"}},"ephemeral_block_device":{"nesting_mode":"set","block":{"attributes":{"device_name":{"type":"string","description_kind":"plain","computed":true},"virtual_name":{"type":"string","description_kind":"plain","computed":true}},"description_kind":"plain"}},"timeouts":{"nesting_mode":"single","block":{"attributes":{"create":{"type":"string","description_kind":"plain","optional":true},"delete":{"type":"string","description_kind":"plain","optional":true},"update":{"type":"string","description_kind":"plain","optional":true}},"description_kind":"plain"}}},"description_kind":"plain"}},"aws_ami_launch_permission":{"version":0,"block":{"attributes":{"account_id":{"type":"string","description_kind":"plain","optional":true},"group":{"type":"string","description_kind":"plain","optional":true},"id":{"type":"string","description_kind":"plain","optional":true,"computed":true},"image_id":{"type":"string","description_kind":"plain","required":true},"organization_arn":{"type":"string","description_kind":"plain","optional":true},"organizational_unit_arn":{"type":"string","description_kind":"plain","optional":true}},"description_kind":"plain"}},"aws_autoscaling_policy":{"version":0,"block":{"attributes":{"adjustment_type":{"type":"string","description_kind":"plain","optional":true},"arn":{"type":"string","description_kind":"plain","computed":true},"autoscaling_group_name":{"type":"string","description_kind":"plain","required":true},"cooldown":{"type":"number","description_kind":"plain","optional":true},"estimated_instance_warmup":{"type":"number","description_kind":"plain","optional":true},"id":{"type":"string","description_kind":"plain","optional":true,"computed":true},"metric_aggregation_type":{"type":"string","description_kind":"plain","optional":true,"computed":true},"min_adjustment_magnitude":{"type":"number","description_kind":"plain","optional":true},"name":{"type":"string","description_kind":"plain","required":true},"policy_type":{"type":"string","description_kind":"plain","optional":true},"scaling_adjustment":{"type":"number","description_kind":"plain","optional":true}},"block_types":{"predictive_scaling_configuration":{"nesting_mode":"list","block":{"attributes":{"max_capacity_breach_behavior":{"type":"string","description_kind":"plain","optional":true},"max_capacity_buffer":{"type":"string","description_kind":"plain","optional":true},"mode":{"type":"string","description_kind":"plain","optional":true},"scheduling_buffer_time":{"type":"string","description_kind":"plain","optional":true}},"block_types":{"metric_specification":{"nesting_mode":"list","block":{"attributes":{"target_value":{"type":"number","description_kind":"plain","required":true}},"block_types":{"customized_capacity_metric_specification":{"nesting_mode":"list","block":{"block_types":{"metric_data_queries":{"nesting_mode":"list","block":{"attributes":{"expression":{"type":"string","description_kind":"plain","optional":true},"id":{"type":"string","description_kind":"plain","required":true},"label":{"type":"string","description_kind":"plain","optional":true},"return_data":{"type":"bool","description_kind":"plain","optional":true}},"block_types":{"metric_stat":{"nesting_mode":"list","block":{"attributes":{"stat":{"type":"string","description_kind":"plain","required":true},"unit":{"type":"string","description_kind":"plain","optional":true}},"block_types":{"metric":{"nesting_mode":"list","block":{"attributes":{"metric_name":{"type":"string","description_kind":"plain","required":true},"namespace":{"type":"string","description_kind":"plain","required":true}},"block_types":{"dimensions":{"nesting_mode":"set","block":{"attributes":{"name":{"type":"string","description_kind":"plain","required":true},"value":{"type":"string","description_kind":"plain","required":true}},"description_kind":"plain"}}},"description_kind":"plain"},"min_items":1,"max_items":1}},"description_kind":"plain"},"max_items":1}},"description_kind":"plain"},"min_items":1,"max_items":10}},"description_kind":"plain"},"max_items":1},"customized_load_metric_specification":{"nesting_mode":"list","block":{"block_types":{"metric_data_queries":{"nesting_mode":"list","block":{"attributes":{"expression":{"type":"string","description_kind":"plain","optional":true},"id":{"type":"string","description_kind":"plain","required":true},"label":{"type":"string","description_kind":"plain","optional":true},"return_data":{"type":"bool","description_kind":"plain","optional":true}},"block_types":{"metric_stat":{"nesting_mode":"list","block":{"attributes":{"stat":{"type":"string","description_kind":"plain","required":true},"unit":{"type":"string","description_kind":"plain","optional":true}},"block_types":{"metric":{"nesting_mode":"list","block":{"attributes":{"metric_name":{"type":"string","description_kind":"plain","required":true},"namespace":{"type":"string","description_kind":"plain","required":true}},"block_types":{"dimensions":{"nesting_mode":"set","block":{"attributes":{"name":{"type":"string","description_kind":"plain","required":true},"value":{"type":"string","description_kind":"plain","required":true}},"description_kind":"plain"}}},"description_kind":"plain"},"min_items":1,"max_items":1}},"description_kind":"plain"},"max_items":1}},"description_kind":"plain"},"min_items":1,"max_items":10}},"description_kind":"plain"},"max_items":1},"customized_scaling_metric_specification":{"nesting_mode":"list","block":{"block_types":{"metric_data_queries":{"nesting_mode":"list","block":{"attributes":{"expression":{"type":"string","description_kind":"plain","optional":true},"id":{"type":"string","description_kind":"plain","required":true},"label":{"type":"string","description_kind":"plain","optional":true},"return_data":{"type":"bool","description_kind":"plain","optional":true}},"block_types":{"metric_stat":{"nesting_mode":"list","block":{"attributes":{"stat":{"type":"string","description_kind":"plain","required":true},"unit":{"type":"string","description_kind":"plain","optional":true}},"block_types":{"metric":{"nesting_mode":"list","block":{"attributes":{"metric_name":{"type":"string","description_kind":"plain","required":true},"namespace":{"type":"string","description_kind":"plain","required":true}},"block_types":{"dimensions":{"nesting_mode":"set","block":{"attributes":{"name":{"type":"string","description_kind":"plain","required":true},"value":{"type":"string","description_kind":"plain","required":true}},"description_kind":"plain"}}},"description_kind":"plain"},"min_items":1,"max_items":1}},"description_kind":"plain"},"max_items":1}},"description_kind":"plain"},"min_items":1,"max_items":10}},"description_kind":"plain"},"max_items":1},"predefined_load_metric_specification":{"nesting_mode":"list","block":{"attributes":{"predefined_metric_type":{"type":"string","description_kind":"plain","required":true},"resource_label":{"type":"string","description_kind":"plain","required":true}},"description_kind":"plain"},"max_items":1},"predefined_metric_pair_specification":{"nesting_mode":"list","block":{"attributes":{"predefined_metric_type":{"type":"string","description_kind":"plain","required":true},"resource_label":{"type":"string","description_kind":"plain","required":true}},"description_kind":"plain"},"max_items":1},"predefined_scaling_metric_specification":{"nesting_mode":"list","block":{"attributes":{"predefined_metric_type":{"type":"string","description_kind":"plain","required":true},"resource_label":{"type":"string","description_kind":"plain","required":true}},"description_kind":"plain"},"max_items":1}},"description_kind":"plain"},"min_items":1,"max_items":1}},"description_kind":"plain"},"max_items":1},"step_adjustment":{"nesting_mode":"set","block":{"attributes":{"metric_interval_lower_bound":{"type":"string","description_kind":"plain","optional":true},"metric_interval_upper_bound":{"type":"string","description_kind":"plain","optional":true},"scaling_adjustment":{"type":"number","description_kind":"plain","required":true}},"description_kind":"plain"}},"target_tracking_configuration":{"nesting_mode":"list","block":{"attributes":{"disable_scale_in":{"type":"bool","description_kind":"plain","optional":true},"target_value":{"type":"number","description_kind":"plain","required":true}},"block_types":{"customized_metric_specification":{"nesting_mode":"list","block":{"attributes":{"metric_name":{"type":"string","description_kind":"plain","required":true},"namespace":{"type":"string","description_kind":"plain","required":true},"statistic":{"type":"string","description_kind":"plain","required":true},"unit":{"type":"string","description_kind":"plain","optional":true}},"block_types":{"metric_dimension":{"nesting_mode":"list","block":{"attributes":{"name":{"type":"string","description_kind":"plain","required":true},"value":{"type":"string","description_kind":"plain","required":true}},"description_kind":"plain"}}},"description_kind":"plain"},"max_items":1},"predefined_metric_specification":{"nesting_mode":"list","block":{"attributes":{"predefined_metric_type":{"type":"string","description_kind":"plain","required":true},"resource_label":{"type":"string","description_kind":"plain","optional":true}},"description_kind":"plain"},"max_items":1}},"description_kind":"plain"},"max_items":1}},"description_kind":"plain"}},"aws_backup_plan":{"version":0,"block":{"attributes":{"arn":{"type":"string","description_kind":"plain","computed":true},"id":{"type":"string","description_kind":"plain","optional":true,"computed":true},"name":{"type":"string","description_kind":"plain","required":true},"version":{"type":"string","description_kind":"plain","computed":true}},"block_types":{"advanced_backup_setting":{"nesting_mode":"set","block":{"attributes":{"backup_options":{"type":["map","string"],"description_kind":"plain","required":true},"resource_type":{"type":"string","description_kind":"plain","required":true}},"description_kind":"plain"}},"rule":{"nesting_mode":"set","block":{"attributes":{"completion_window":{"type":"number","description_kind":"plain","optional":true},"enable_continuous_backup":{"type":"bool","description_kind":"plain","optional":true},"recovery_point_tags":{"type":["map","string"],"description_kind":"plain","optional":true},"rule_name":{"type":"string","description_kind":"plain","required":true},"schedule":{"type":"string","description_kind":"plain","optional":true},"start_window":{"type":"number","description_kind":"plain","optional":true},"target_vault_name":{"type":"string","description_kind":"plain","required":true}},"block_types":{"copy_action":{"nesting_mode":"set","block":{"attributes":{"destination_vault_arn":{"type":"string","description_kind":"plain","required":true}},"block_types":{"lifecycle":{"nesting_mode":"list","block":{"attributes":{"cold_storage_after":{"type":"number","description_kind":"plain","optional":true},"delete_after":{"type":"number","description_kind":"plain","optional":true}},"description_kind":"plain"},"max_items":1}},"description_kind":"plain"}},"lifecycle":{"nesting_mode":"list","block":{"attributes":{"cold_storage_after":{"type":"number","description_kind":"plain","optional":true},"delete_after":{"type":"number","description_kind":"plain","optional":true}},"description_kind":"plain"},"max_items":1}},"description_kind":"plain"},"min_items":1}},"description_kind":"plain"}},"aws_backup_selection":{"version":0,"block":{"attributes":{"iam_role_arn":{"type":"string","description_kind":"plain","computed":true},"id":{"type":"string","description_kind":"plain","optional":true,"computed":true},"name":{"type":"string","description_kind":"plain","required":true},"not_resources":{"type":["set","string"],"description_kind":"plain","optional":true,"computed":true},"plan_id":{"type":"string","description_kind":"plain","required":true},"resources":{"type":["set","string"],"description_kind":"plain","required":true}},"block_types":{"condition":{"nesting_mode":"set","block":{"block_types":{"string_equals":{"nesting_mode":"set","block":{"attributes":{"key":{"type":"string","description_kind":"plain","required":true},"value":{"type":"string","description_kind":"plain","required":true}},"description_kind":"plain"}},"string_like":{"nesting_mode":"set","block":{"attributes":{"key":{"type":"string","description_kind":"plain","required":true},"value":{"type":"string","description_kind":"plain","required":true}},"description_kind":"plain"}},"string_not_equals":{"nesting_mode":"set","block":{"attributes":{"key":{"type":"string","description_kind":"plain","required":true},"value":{"type":"string","description_kind":"plain","required":true}},"description_kind":"plain"}},"string_not_like":{"nesting_mode":"set","block":{"attributes":{"key":{"type":"string","description_kind":"plain","required":true},"value":{"type":"string","description_kind":"plain","required":true}},"description_kind":"plain"}}},"description_kind":"plain"}},"selection_tag":{"nesting_mode":"set","block":{"attributes":{"key":{"type":"string","description_kind":"plain","required":true},"type":{"type":"string","description_kind":"plain","required":true},"value":{"type":"string","description_kind":"plain","required":true}},"description_kind":"plain"}}},"description_kind":"plain"}},"aws_backup_vault_default":{"version":0,"block":{"attributes":{"arn":{"type":"string","description_kind":"plain","computed":true},"id":{"type":"string","description_kind":"plain","optional":true,"computed":true},"name":{"type":"string","description_kind":"plain","computed":true},"recovery_points":{"type":"number","description_kind":"plain","computed":true}},"description_kind":"plain"}},"aws_cloudwatch_metric_alarm":{"version":1,"block":{"attributes":{"actions_enabled":{"type":"bool","description_kind":"plain","optional":true},"alarm_actions":{"type":["set","string"],"description_kind":"plain","optional":true},"alarm_description":{"type":"string","description_kind":"plain","optional":true},"alarm_name":{"type":"string","description_kind":"plain","required":true},"arn":{"type":"string","description_kind":"plain","computed":true},"comparison_operator":{"type":"string","description_kind":"plain","required":true},"datapoints_to_alarm":{"type":"number","description_kind":"plain","optional":true,"computed":true},"dimensions":{"type":["map","string"],"description_kind":"plain","required":true},"evaluate_low_sample_count_percentiles":{"type":"string","description_kind":"plain","optional":true,"computed":true},"evaluation_periods":{"type":"number","description_kind":"plain","required":true},"extended_statistic":{"type":"string","description_kind":"plain","optional":true},"id":{"type":"string","description_kind":"plain","optional":true,"computed":true},"insufficient_data_actions":{"type":["set","string"],"description_kind":"plain","optional":true},"metric_name":{"type":"string","description_kind":"plain","required":true},"namespace":{"type":"string","description_kind":"plain","required":true},"ok_actions":{"type":["set","string"],"description_kind":"plain","optional":true},"period":{"type":"number","description_kind":"plain","required":true},"statistic":{"type":"string","description_kind":"plain","required":true},"threshold":{"type":"number","description_kind":"plain","required":true},"threshold_metric_id":{"type":"string","description_kind":"plain","optional":true},"treat_missing_data":{"type":"string","description_kind":"plain","optional":true},"unit":{"type":"string","description_kind":"plain","optional":true,"computed":true}},"block_types":{"metric_query":{"nesting_mode":"set","block":{"attributes":{"account_id":{"type":"string","description_kind":"plain","optional":true},"expression":{"type":"string","description_kind":"plain","optional":true},"id":{"type":"string","description_kind":"plain","required":true},"label":{"type":"string","description_kind":"plain","optional":true},"return_data":{"type":"bool","description_kind":"plain","optional":true}},"block_types":{"metric":{"nesting_mode":"list","block":{"attributes":{"dimensions":{"type":["map","string"],"description_kind":"plain","optional":true},"metric_name":{"type":"string","description_kind":"plain","required":true},"namespace":{"type":"string","description_kind":"plain","optional":true},"period":{"type":"number","description_kind":"plain","required":true},"stat":{"type":"string","description_kind":"plain","required":true},"unit":{"type":"string","description_kind":"plain","optional":true}},"description_kind":"plain"},"max_items":1}},"description_kind":"plain"}}},"description_kind":"plain"}},"aws_customer_gateway":{"version":0,"block":{"attributes":{"arn":{"type":"string","description_kind":"plain","computed":true},"bgp_asn":{"type":"string","description_kind":"plain","required":true},"certificate_arn":{"type":"string","description_kind":"plain","optional":true},"device_name":{"type":"string","description_kind":"plain","optional":true},"id":{"type":"string","description_kind":"plain","optional":true,"computed":true},"ip_address":{"type":"string","description_kind":"plain","required":true},"tags":{"type":["map","string"],"description_kind":"plain","optional":true},"tags_all":{"type":["map","string"],"description_kind":"plain","optional":true,"computed":true},"type":{"type":"string","description_kind":"plain","required":true}},"description_kind":"plain"}},"aws_default_network_acl":{"version":0,"block":{"attributes":{"arn":{"type":"string","description_kind":"plain","computed":true},"default_network_acl_id":{"type":"string","description_kind":"plain","required":true},"id":{"type":"string","description_kind":"plain","optional":true,"computed":true},"owner_id":{"type":"string","description_kind":"plain","computed":true},"subnet_ids":{"type":["set","string"],"description_kind":"plain","optional":true},"tags":{"type":["map","string"],"description_kind":"plain","optional":true},"tags_all":{"type":["map","string"],"description_kind":"plain","optional":true,"computed":true},"vpc_id":{"type":"string","description_kind":"plain","computed":true}},"block_types":{"egress":{"nesting_mode":"set","block":{"attributes":{"action":{"type":"string","description_kind":"plain","required":true},"cidr_block":{"type":"string","description_kind":"plain","optional":true},"from_port":{"type":"number","description_kind":"plain","required":true},"icmp_code":{"type":"number","description_kind":"plain","optional":true},"icmp_type":{"type":"number","description_kind":"plain","optional":true},"ipv6_cidr_block":{"type":"string","description_kind":"plain","optional":true},"protocol":{"type":"string","description_kind":"plain","required":true},"rule_no":{"type":"number","description_kind":"plain","required":true},"to_port":{"type":"number","description_kind":"plain","required":true}},"description_kind":"plain"}},"ingress":{"nesting_mode":"set","block":{"attributes":{"action":{"type":"string","description_kind":"plain","required":true},"cidr_block":{"type":"string","description_kind":"plain","optional":true},"from_port":{"type":"number","description_kind":"plain","required":true},"icmp_code":{"type":"number","description_kind":"plain","optional":true},"icmp_type":{"type":"number","description_kind":"plain","optional":true},"ipv6_cidr_block":{"type":"string","description_kind":"plain","optional":true},"protocol":{"type":"string","description_kind":"plain","required":true},"rule_no":{"type":"number","description_kind":"plain","required":true},"to_port":{"type":"number","description_kind":"plain","required":true}},"description_kind":"plain"}}},"description_kind":"plain"}},"aws_default_route_table":{"version":0,"block":{"attributes":{"arn":{"type":"string","description_kind":"plain","computed":true},"default_route_table_id":{"type":"string","description_kind":"plain","required":true},"id":{"type":"string","description_kind":"plain","optional":true,"computed":true},"owner_id":{"type":"string","description_kind":"plain","computed":true},"propagating_vgws":{"type":["set","string"],"description_kind":"plain","optional":true},"route":{"type":["set",["object",{"cidr_block":"string","core_network_arn":"string","destination_prefix_list_id":"string","egress_only_gateway_id":"string","gateway_id":"string","instance_id":"string","ipv6_cidr_block":"string","nat_gateway_id":"string","network_interface_id":"string","transit_gateway_id":"string","vpc_endpoint_id":"string","vpc_peering_connection_id":"string"}]],"description_kind":"plain","optional":true,"computed":true},"tags":{"type":["map","string"],"description_kind":"plain","optional":true},"tags_all":{"type":["map","string"],"description_kind":"plain","optional":true,"computed":true},"vpc_id":{"type":"string","description_kind":"plain","computed":true}},"block_types":{"timeouts":{"nesting_mode":"single","block":{"attributes":{"create":{"type":"string","description_kind":"plain","optional":true},"update":{"type":"string","description_kind":"plain","optional":true}},"description_kind":"plain"}}},"description_kind":"plain"}},"aws_default_security_group":{"version":1,"block":{"attributes":{"arn":{"type":"string","description_kind":"plain","computed":true},"description":{"type":"string","description_kind":"plain","computed":true},"egress":{"type":["set",["object",{"cidr_blocks":["list","string"],"description":"string","from_port":"number","ipv6_cidr_blocks":["list","string"],"prefix_list_ids":["list","string"],"protocol":"string","security_groups":["set","string"],"self":"bool","to_port":"number"}]],"description_kind":"plain","optional":true,"computed":true},"id":{"type":"string","description_kind":"plain","optional":true,"computed":true},"ingress":{"type":["set",["object",{"cidr_blocks":["list","string"],"description":"string","from_port":"number","ipv6_cidr_blocks":["list","string"],"prefix_list_ids":["list","string"],"protocol":"string","security_groups":["set","string"],"self":"bool","to_port":"number"}]],"description_kind":"plain","optional":true,"computed":true},"name":{"type":"string","description_kind":"plain","computed":true},"owner_id":{"type":"string","description_kind":"plain","computed":true},"revoke_rules_on_delete":{"type":"bool","description_kind":"plain","optional":true},"tags":{"type":["map","string"],"description_kind":"plain","optional":true},"tags_all":{"type":["map","string"],"description_kind":"plain","optional":true,"computed":true},"vpc_id":{"type":"string","description_kind":"plain","optional":true,"computed":true}},"description_kind":"plain"}},"aws_default_vpc":{"version":1,"block":{"attributes":{"arn":{"type":"string","description_kind":"plain","computed":true},"assign_generated_ipv6_cidr_block":{"type":"bool","description_kind":"plain","optional":true},"cidr_block":{"type":"string","description_kind":"plain","computed":true},"default_network_acl_id":{"type":"string","description_kind":"plain","computed":true},"default_route_table_id":{"type":"string","description_kind":"plain","computed":true},"default_security_group_id":{"type":"string","description_kind":"plain","computed":true},"dhcp_options_id":{"type":"string","description_kind":"plain","computed":true},"enable_classiclink":{"type":"bool","description_kind":"plain","optional":true,"computed":true},"enable_classiclink_dns_support":{"type":"bool","description_kind":"plain","optional":true,"computed":true},"enable_dns_hostnames":{"type":"bool","description_kind":"plain","optional":true},"enable_dns_support":{"type":"bool","description_kind":"plain","optional":true},"existing_default_vpc":{"type":"bool","description_kind":"plain","computed":true},"force_destroy":{"type":"bool","description_kind":"plain","optional":true},"id":{"type":"string","description_kind":"plain","optional":true,"computed":true},"instance_tenancy":{"type":"string","description_kind":"plain","computed":true},"ipv6_association_id":{"type":"string","description_kind":"plain","computed":true},"ipv6_cidr_block":{"type":"string","description_kind":"plain","optional":true,"computed":true},"ipv6_cidr_block_network_border_group":{"type":"string","description_kind":"plain","optional":true,"computed":true},"ipv6_ipam_pool_id":{"type":"string","description_kind":"plain","optional":true},"ipv6_netmask_length":{"type":"number","description_kind":"plain","optional":true},"main_route_table_id":{"type":"string","description_kind":"plain","computed":true},"owner_id":{"type":"string","description_kind":"plain","computed":true},"tags":{"type":["map","string"],"description_kind":"plain","optional":true},"tags_all":{"type":["map","string"],"description_kind":"plain","optional":true,"computed":true}},"description_kind":"plain"}},"aws_default_vpc_dhcp_options":{"version":0,"block":{"attributes":{"arn":{"type":"string","description_kind":"plain","computed":true},"domain_name":{"type":"string","description_kind":"plain","computed":true},"domain_name_servers":{"type":"string","description_kind":"plain","computed":true},"id":{"type":"string","description_kind":"plain","optional":true,"computed":true},"netbios_name_servers":{"type":["list","string"],"description_kind":"plain","optional":true},"netbios_node_type":{"type":"string","description_kind":"plain","optional":true},"ntp_servers":{"type":"string","description_kind":"plain","computed":true},"owner_id":{"type":"string","description_kind":"plain","optional":true,"computed":true},"tags":{"type":["map","string"],"description_kind":"plain","optional":true},"tags_all":{"type":["map","string"],"description_kind":"plain","optional":true,"computed":true}},"description_kind":"plain"}},"aws_dx_gateway":{"version":0,"block":{"attributes":{"amazon_side_asn":{"type":"string","description_kind":"plain","required":true},"id":{"type":"string","description_kind":"plain","optional":true,"computed":true},"name":{"type":"string","description_kind":"plain","required":true},"owner_account_id":{"type":"string","description_kind":"plain","computed":true}},"block_types":{"timeouts":{"nesting_mode":"single","block":{"attributes":{"create":{"type":"string","description_kind":"plain","optional":true},"delete":{"type":"string","description_kind":"plain","optional":true}},"description_kind":"plain"}}},"description_kind":"plain"}},"aws_dx_gateway_association":{"version":1,"block":{"attributes":{"allowed_prefixes":{"type":["set","string"],"description_kind":"plain","required":true},"associated_gateway_id":{"type":"string","description_kind":"plain","required":true},"associated_gateway_owner_account_id":{"type":"string","description_kind":"plain","optional":true,"computed":true},"associated_gateway_type":{"type":"string","description_kind":"plain","computed":true},"dx_gateway_id":{"type":"string","description_kind":"plain","required":true},"dx_gateway_owner_account_id":{"type":"string","description_kind":"plain","computed":true},"id":{"type":"string","description_kind":"plain","optional":true,"computed":true},"proposal_id":{"type":"string","description_kind":"plain","optional":true}},"block_types":{"timeouts":{"nesting_mode":"single","block":{"attributes":{"create":{"type":"string","description_kind":"plain","optional":true},"delete":{"type":"string","description_kind":"plain","optional":true},"update":{"type":"string","description_kind":"plain","optional":true}},"description_kind":"plain"}}},"description_kind":"plain"}},"aws_dx_transit_virtual_interface":{"version":0,"block":{"attributes":{"address_family":{"type":"string","description_kind":"plain","optional":true},"amazon_address":{"type":"string","description_kind":"plain","optional":true,"computed":true},"amazon_side_asn":{"type":"string","description_kind":"plain","computed":true},"arn":{"type":"string","description_kind":"plain","computed":true},"aws_device":{"type":"string","description_kind":"plain","computed":true},"bgp_asn":{"type":"number","description_kind":"plain","required":true},"bgp_auth_key":{"type":"string","description_kind":"plain","optional":true,"computed":true,"sensitive":true},"connection_id":{"type":"string","description_kind":"plain","required":true},"customer_address":{"type":"string","description_kind":"plain","optional":true,"computed":true},"dx_gateway_id":{"type":"string","description_kind":"plain","required":true},"id":{"type":"string","description_kind":"plain","optional":true,"computed":true},"jumbo_frame_capable":{"type":"bool","description_kind":"plain","computed":true},"mtu":{"type":"number","description_kind":"plain","optional":true},"name":{"type":"string","description_kind":"plain","required":true},"sitelink_enabled":{"type":"bool","description_kind":"plain","optional":true},"tags":{"type":["map","string"],"description_kind":"plain","optional":true},"tags_all":{"type":["map","string"],"description_kind":"plain","optional":true,"computed":true},"vlan":{"type":"number","description_kind":"plain","required":true}},"block_types":{"timeouts":{"nesting_mode":"single","block":{"attributes":{"create":{"type":"string","description_kind":"plain","optional":true},"delete":{"type":"string","description_kind":"plain","optional":true},"update":{"type":"string","description_kind":"plain","optional":true}},"description_kind":"plain"}}},"description_kind":"plain"}},"aws_ebs_snapshot":{"version":0,"block":{"attributes":{"arn":{"type":"string","description_kind":"plain","computed":true},"data_encryption_key_id":{"type":"string","description_kind":"plain","computed":true},"description":{"type":"string","description_kind":"plain","optional":true},"encrypted":{"type":"bool","description_kind":"plain","computed":true},"id":{"type":"string","description_kind":"plain","optional":true,"computed":true},"kms_key_id":{"type":"string","description_kind":"plain","computed":true},"outpost_arn":{"type":"string","description_kind":"plain","optional":true},"owner_alias":{"type":"string","description_kind":"plain","computed":true},"owner_id":{"type":"string","description_kind":"plain","computed":true},"permanent_restore":{"type":"bool","description_kind":"plain","optional":true},"storage_tier":{"type":"string","description_kind":"plain","optional":true,"computed":true},"tags":{"type":["map","string"],"description_kind":"plain","optional":true},"tags_all":{"type":["map","string"],"description_kind":"plain","optional":true,"computed":true},"temporary_restore_days":{"type":"number","description_kind":"plain","optional":true},"volume_id":{"type":"string","description_kind":"plain","required":true},"volume_size":{"type":"number","description_kind":"plain","computed":true}},"block_types":{"timeouts":{"nesting_mode":"single","block":{"attributes":{"create":{"type":"string","description_kind":"plain","optional":true},"delete":{"type":"string","description_kind":"plain","optional":true}},"description_kind":"plain"}}},"description_kind":"plain"}},"aws_ebs_snapshot_import":{"version":0,"block":{"attributes":{"arn":{"type":"string","description_kind":"plain","computed":true},"data_encryption_key_id":{"type":"string","description_kind":"plain","computed":true},"description":{"type":"string","description_kind":"plain","optional":true,"computed":true},"encrypted":{"type":"bool","description_kind":"plain","optional":true},"id":{"type":"string","description_kind":"plain","optional":true,"computed":true},"kms_key_id":{"type":"string","description_kind":"plain","optional":true},"outpost_arn":{"type":"string","description_kind":"plain","computed":true},"owner_alias":{"type":"string","description_kind":"plain","computed":true},"owner_id":{"type":"string","description_kind":"plain","computed":true},"permanent_restore":{"type":"bool","description_kind":"plain","optional":true},"role_name":{"type":"string","description_kind":"plain","optional":true},"storage_tier":{"type":"string","description_kind":"plain","optional":true,"computed":true},"tags":{"type":["map","string"],"description_kind":"plain","optional":true},"tags_all":{"type":["map","string"],"description_kind":"plain","optional":true,"computed":true},"temporary_restore_days":{"type":"number","description_kind":"plain","optional":true},"volume_id":{"type":"string","description_kind":"plain","computed":true},"volume_size":{"type":"number","description_kind":"plain","computed":true}},"block_types":{"client_data":{"nesting_mode":"list","block":{"attributes":{"comment":{"type":"string","description_kind":"plain","optional":true},"upload_end":{"type":"string","description_kind":"plain","optional":true,"computed":true},"upload_size":{"type":"number","description_kind":"plain","optional":true,"computed":true},"upload_start":{"type":"string","description_kind":"plain","optional":true,"computed":true}},"description_kind":"plain"},"max_items":1},"disk_container":{"nesting_mode":"list","block":{"attributes":{"description":{"type":"string","description_kind":"plain","optional":true},"format":{"type":"string","description_kind":"plain","required":true},"url":{"type":"string","description_kind":"plain","optional":true}},"block_types":{"user_bucket":{"nesting_mode":"list","block":{"attributes":{"s3_bucket":{"type":"string","description_kind":"plain","required":true},"s3_key":{"type":"string","description_kind":"plain","required":true}},"description_kind":"plain"},"max_items":1}},"description_kind":"plain"},"min_items":1,"max_items":1},"timeouts":{"nesting_mode":"single","block":{"attributes":{"create":{"type":"string","description_kind":"plain","optional":true},"delete":{"type":"string","description_kind":"plain","optional":true}},"description_kind":"plain"}}},"description_kind":"plain"}},"aws_ebs_volume":{"version":0,"block":{"attributes":{"arn":{"type":"string","description_kind":"plain","computed":true},"availability_zone":{"type":"string","description_kind":"plain","required":true},"encrypted":{"type":"bool","description_kind":"plain","optional":true,"computed":true},"id":{"type":"string","description_kind":"plain","optional":true,"computed":true},"iops":{"type":"number","description_kind":"plain","optional":true,"computed":true},"kms_key_id":{"type":"string","description_kind":"plain","optional":true,"computed":true},"multi_attach_enabled":{"type":"bool","description_kind":"plain","optional":true},"outpost_arn":{"type":"string","description_kind":"plain","optional":true},"size":{"type":"number","description_kind":"plain","optional":true,"computed":true},"snapshot_id":{"type":"string","description_kind":"plain","optional":true,"computed":true},"tags":{"type":["map","string"],"description_kind":"plain","optional":true},"tags_all":{"type":["map","string"],"description_kind":"plain","optional":true,"computed":true},"throughput":{"type":"number","description_kind":"plain","optional":true,"computed":true},"type":{"type":"string","description_kind":"plain","optional":true,"computed":true}},"block_types":{"timeouts":{"nesting_mode":"single","block":{"attributes":{"create":{"type":"string","description_kind":"plain","optional":true},"delete":{"type":"string","description_kind":"plain","optional":true},"update":{"type":"string","description_kind":"plain","optional":true}},"description_kind":"plain"}}},"description_kind":"plain"}},"aws_ec2_tag":{"version":0,"block":{"attributes":{"id":{"type":"string","description_kind":"plain","optional":true,"computed":true},"key":{"type":"string","description_kind":"plain","required":true},"resource_id":{"type":"string","description_kind":"plain","required":true},"value":{"type":"string","description_kind":"plain","required":true}},"description_kind":"plain"}},"aws_ec2_transit_gateway":{"version":0,"block":{"attributes":{"amazon_side_asn":{"type":"number","description_kind":"plain","optional":true},"arn":{"type":"string","description_kind":"plain","computed":true},"association_default_route_table_id":{"type":"string","description_kind":"plain","computed":true},"auto_accept_shared_attachments":{"type":"string","description_kind":"plain","optional":true},"default_route_table_association":{"type":"string","description_kind":"plain","optional":true},"default_route_table_propagation":{"type":"string","description_kind":"plain","optional":true},"description":{"type":"string","description_kind":"plain","optional":true},"dns_support":{"type":"string","description_kind":"plain","optional":true},"id":{"type":"string","description_kind":"plain","optional":true,"computed":true},"multicast_support":{"type":"string","description_kind":"plain","optional":true},"owner_id":{"type":"string","description_kind":"plain","computed":true},"propagation_default_route_table_id":{"type":"string","description_kind":"plain","computed":true},"shared_owners":{"type":["set","string"],"description_kind":"plain","optional":true},"tags":{"type":["map","string"],"description_kind":"plain","optional":true},"tags_all":{"type":["map","string"],"description_kind":"plain","optional":true,"computed":true},"transit_gateway_cidr_blocks":{"type":["set","string"],"description_kind":"plain","optional":true},"vpn_ecmp_support":{"type":"string","description_kind":"plain","optional":true}},"block_types":{"timeouts":{"nesting_mode":"single","block":{"attributes":{"create":{"type":"string","description_kind":"plain","optional":true},"delete":{"type":"string","description_kind":"plain","optional":true},"update":{"type":"string","description_kind":"plain","optional":true}},"description_kind":"plain"}}},"description_kind":"plain"}},"aws_ec2_transit_gateway_route":{"version":0,"block":{"attributes":{"blackhole":{"type":"bool","description_kind":"plain","optional":true},"destination_cidr_block":{"type":"string","description_kind":"plain","required":true},"id":{"type":"string","description_kind":"plain","optional":true,"computed":true},"transit_gateway_attachment_id":{"type":"string","description_kind":"plain","optional":true},"transit_gateway_route_table_id":{"type":"string","description_kind":"plain","required":true}},"description_kind":"plain"}},"aws_ec2_transit_gateway_route_table":{"version":0,"block":{"attributes":{"arn":{"type":"string","description_kind":"plain","computed":true},"default_association_route_table":{"type":"bool","description_kind":"plain","computed":true},"default_propagation_route_table":{"type":"bool","description_kind":"plain","computed":true},"id":{"type":"string","description_kind":"plain","optional":true,"computed":true},"tags":{"type":["map","string"],"description_kind":"plain","optional":true},"tags_all":{"type":["map","string"],"description_kind":"plain","optional":true,"computed":true},"transit_gateway_id":{"type":"string","description_kind":"plain","required":true}},"description_kind":"plain"}},"aws_ec2_transit_gateway_route_table_association":{"version":0,"block":{"attributes":{"id":{"type":"string","description_kind":"plain","optional":true,"computed":true},"resource_id":{"type":"string","description_kind":"plain","computed":true},"resource_type":{"type":"string","description_kind":"plain","computed":true},"transit_gateway_attachment_id":{"type":"string","description_kind":"plain","required":true},"transit_gateway_route_table_id":{"type":"string","description_kind":"plain","required":true}},"description_kind":"plain"}},"aws_ec2_transit_gateway_route_table_propagation":{"version":0,"block":{"attributes":{"id":{"type":"string","description_kind":"plain","optional":true,"computed":true},"resource_id":{"type":"string","description_kind":"plain","computed":true},"resource_type":{"type":"string","description_kind":"plain","computed":true},"transit_gateway_attachment_id":{"type":"string","description_kind":"plain","required":true},"transit_gateway_route_table_id":{"type":"string","description_kind":"plain","required":true}},"description_kind":"plain"}},"aws_ec2_transit_gateway_vpc_attachment":{"version":0,"block":{"attributes":{"appliance_mode_support":{"type":"string","description_kind":"plain","optional":true},"dns_support":{"type":"string","description_kind":"plain","optional":true},"id":{"type":"string","description_kind":"plain","optional":true,"computed":true},"ipv6_support":{"type":"string","description_kind":"plain","optional":true},"subnet_ids":{"type":["set","string"],"description_kind":"plain","required":true},"tags":{"type":["map","string"],"description_kind":"plain","optional":true},"tags_all":{"type":["map","string"],"description_kind":"plain","optional":true,"computed":true},"transit_gateway_default_route_table_association":{"type":"bool","description_kind":"plain","optional":true},"transit_gateway_default_route_table_propagation":{"type":"bool","description_kind":"plain","optional":true},"transit_gateway_id":{"type":"string","description_kind":"plain","required":true},"vpc_id":{"type":"string","description_kind":"plain","required":true},"vpc_owner_id":{"type":"string","description_kind":"plain","computed":true}},"description_kind":"plain"}},"aws_eip":{"version":0,"block":{"attributes":{"address":{"type":"string","description_kind":"plain","optional":true},"allocation_id":{"type":"string","description_kind":"plain","computed":true},"associate_with_private_ip":{"type":"string","description_kind":"plain","optional":true},"association_id":{"type":"string","description_kind":"plain","computed":true},"carrier_ip":{"type":"string","description_kind":"plain","computed":true},"customer_owned_ip":{"type":"string","description_kind":"plain","computed":true},"customer_owned_ipv4_pool":{"type":"string","description_kind":"plain","optional":true},"domain":{"type":"string","description_kind":"plain","computed":true},"id":{"type":"string","description_kind":"plain","optional":true,"computed":true},"instance":{"type":"string","description_kind":"plain","optional":true,"computed":true},"network_border_group":{"type":"string","description_kind":"plain","optional":true,"computed":true},"network_interface":{"type":"string","description_kind":"plain","optional":true,"computed":true},"private_dns":{"type":"string","description_kind":"plain","computed":true},"private_ip":{"type":"string","description_kind":"plain","computed":true},"public_dns":{"type":"string","description_kind":"plain","computed":true},"public_ip":{"type":"string","description_kind":"plain","computed":true},"public_ipv4_pool":{"type":"string","description_kind":"plain","optional":true,"computed":true},"tags":{"type":["map","string"],"description_kind":"plain","optional":true},"tags_all":{"type":["map","string"],"description_kind":"plain","optional":true,"computed":true},"vpc":{"type":"bool","description_kind":"plain","optional":true,"computed":true}},"block_types":{"timeouts":{"nesting_mode":"single","block":{"attributes":{"delete":{"type":"string","description_kind":"plain","optional":true},"read":{"type":"string","description_kind":"plain","optional":true},"update":{"type":"string","description_kind":"plain","optional":true}},"description_kind":"plain"}}},"description_kind":"plain"}},"aws_eip_association":{"version":0,"block":{"attributes":{"allocation_id":{"type":"string","description_kind":"plain","optional":true,"computed":true},"allow_reassociation":{"type":"bool","description_kind":"plain","optional":true},"id":{"type":"string","description_kind":"plain","optional":true,"computed":true},"instance_id":{"type":"string","description_kind":"plain","optional":true,"computed":true},"network_interface_id":{"type":"string","description_kind":"plain","optional":true,"computed":true},"private_ip_address":{"type":"string","description_kind":"plain","optional":true,"computed":true},"public_ip":{"type":"string","description_kind":"plain","optional":true,"computed":true}},"description_kind":"plain"}},"aws_eks_cluster":{"version":0,"block":{"attributes":{"arn":{"type":"string","description_kind":"plain","computed":true},"certificate_authority":{"type":["list",["object",{"data":"string"}]],"description_kind":"plain","computed":true},"created_at":{"type":"string","description_kind":"plain","computed":true},"enabled_cluster_log_types":{"type":["set","string"],"description_kind":"plain","optional":true},"endpoint":{"type":"string","description_kind":"plain","computed":true},"id":{"type":"string","description_kind":"plain","optional":true,"computed":true},"identity":{"type":["list",["object",{"oidc":["list",["object",{"issuer":"string"}]]}]],"description_kind":"plain","computed":true},"name":{"type":"string","description_kind":"plain","required":true},"platform_version":{"type":"string","description_kind":"plain","computed":true},"role_arn":{"type":"string","description_kind":"plain","optional":true},"status":{"type":"string","description_kind":"plain","computed":true},"tags":{"type":["map","string"],"description_kind":"plain","optional":true},"tags_all":{"type":["map","string"],"description_kind":"plain","optional":true,"computed":true},"version":{"type":"string","description_kind":"plain","required":true}},"block_types":{"encryption_config":{"nesting_mode":"list","block":{"attributes":{"resources":{"type":["set","string"],"description_kind":"plain","required":true}},"block_types":{"provider":{"nesting_mode":"list","block":{"attributes":{"key_arn":{"type":"string","description_kind":"plain","required":true}},"description_kind":"plain"},"min_items":1,"max_items":1}},"description_kind":"plain"},"max_items":1},"kubernetes_network_config":{"nesting_mode":"list","block":{"attributes":{"ip_family":{"type":"string","description_kind":"plain","optional":true,"computed":true},"service_ipv4_cidr":{"type":"string","description_kind":"plain","optional":true,"computed":true}},"description_kind":"plain"},"max_items":1},"legacy_cluster_params":{"nesting_mode":"list","block":{"block_types":{"master_config":{"nesting_mode":"list","block":{"attributes":{"high_availability":{"type":"bool","description_kind":"plain","required":true},"instance_type":{"type":"string","description_kind":"plain","required":true},"public_ip":{"type":"string","description_kind":"plain","optional":true},"volume_iops":{"type":"number","description_kind":"plain","optional":true},"volume_size":{"type":"number","description_kind":"plain","required":true},"volume_type":{"type":"string","description_kind":"plain","required":true}},"description_kind":"plain"},"max_items":1}},"description_kind":"plain"},"max_items":1},"timeouts":{"nesting_mode":"single","block":{"attributes":{"create":{"type":"string","description_kind":"plain","optional":true},"delete":{"type":"string","description_kind":"plain","optional":true},"update":{"type":"string","description_kind":"plain","optional":true}},"description_kind":"plain"}},"vpc_config":{"nesting_mode":"list","block":{"attributes":{"cluster_security_group_id":{"type":"string","description_kind":"plain","computed":true},"endpoint_private_access":{"type":"bool","description_kind":"plain","optional":true},"endpoint_public_access":{"type":"bool","description_kind":"plain","optional":true},"public_access_cidrs":{"type":["set","string"],"description_kind":"plain","optional":true,"computed":true},"security_group_ids":{"type":["set","string"],"description_kind":"plain","optional":true},"subnet_ids":{"type":["set","string"],"description_kind":"plain","required":true},"vpc_id":{"type":"string","description_kind":"plain","computed":true}},"description_kind":"plain"},"min_items":1,"max_items":1}},"description_kind":"plain"}},"aws_eks_node_group":{"version":0,"block":{"attributes":{"ami_type":{"type":"string","description_kind":"plain","optional":true,"computed":true},"arn":{"type":"string","description_kind":"plain","computed":true},"capacity_type":{"type":"string","description_kind":"plain","optional":true,"computed":true},"cluster_name":{"type":"string","description_kind":"plain","required":true},"disk_size":{"type":"number","description_kind":"plain","optional":true,"computed":true},"force_update_version":{"type":"bool","description_kind":"plain","optional":true},"id":{"type":"string","description_kind":"plain","optional":true,"computed":true},"instance_types":{"type":["list","string"],"description_kind":"plain","optional":true,"computed":true},"labels":{"type":["map","string"],"description_kind":"plain","optional":true},"node_group_name":{"type":"string","description_kind":"plain","optional":true,"computed":true},"node_group_name_prefix":{"type":"string","description_kind":"plain","optional":true,"computed":true},"node_role_arn":{"type":"string","description_kind":"plain","optional":true},"release_version":{"type":"string","description_kind":"plain","optional":true,"computed":true},"resources":{"type":["list",["object",{"autoscaling_groups":["list",["object",{"name":"string"}]],"remote_access_security_group_id":"string"}]],"description_kind":"plain","computed":true},"status":{"type":"string","description_kind":"plain","computed":true},"subnet_ids":{"type":["set","string"],"description_kind":"plain","required":true},"tags":{"type":["map","string"],"description_kind":"plain","optional":true},"tags_all":{"type":["map","string"],"description_kind":"plain","optional":true,"computed":true},"version":{"type":"string","description_kind":"plain","optional":true,"computed":true}},"block_types":{"launch_template":{"nesting_mode":"list","block":{"attributes":{"id":{"type":"string","description_kind":"plain","optional":true,"computed":true},"name":{"type":"string","description_kind":"plain","optional":true,"computed":true},"version":{"type":"string","description_kind":"plain","required":true}},"description_kind":"plain"},"max_items":1},"remote_access":{"nesting_mode":"list","block":{"attributes":{"ec2_ssh_key":{"type":"string","description_kind":"plain","optional":true},"source_security_group_ids":{"type":["set","string"],"description_kind":"plain","optional":true}},"description_kind":"plain"},"max_items":1},"scaling_config":{"nesting_mode":"list","block":{"attributes":{"desired_size":{"type":"number","description_kind":"plain","required":true},"max_size":{"type":"number","description_kind":"plain","required":true},"min_size":{"type":"number","description_kind":"plain","required":true}},"description_kind":"plain"},"min_items":1,"max_items":1},"taint":{"nesting_mode":"set","block":{"attributes":{"effect":{"type":"string","description_kind":"plain","required":true},"key":{"type":"string","description_kind":"plain","required":true},"value":{"type":"string","description_kind":"plain","optional":true}},"description_kind":"plain"},"max_items":50},"timeouts":{"nesting_mode":"single","block":{"attributes":{"create":{"type":"string","description_kind":"plain","optional":true},"delete":{"type":"string","description_kind":"plain","optional":true},"update":{"type":"string","description_kind":"plain","optional":true}},"description_kind":"plain"}},"update_config":{"nesting_mode":"list","block":{"attributes":{"max_unavailable":{"type":"number","description_kind":"plain","optional":true},"max_unavailable_percentage":{"type":"number","description_kind":"plain","optional":true}},"description_kind":"plain"},"max_items":1}},"description_kind":"plain"}},"aws_iam_group":{"version":0,"block":{"attributes":{"arn":{"type":"string","description_kind":"plain","computed":true},"create_date":{"type":"string","description_kind":"plain","computed":true},"group_id":{"type":"string","description_kind":"plain","computed":true},"id":{"type":"string","description_kind":"plain","optional":true,"computed":true},"name":{"type":"string","description_kind":"plain","required":true},"owner":{"type":"string","description_kind":"plain","computed":true},"path":{"type":"string","description_kind":"plain","optional":true},"type":{"type":"string","description_kind":"plain","required":true}},"description_kind":"plain"}},"aws_iam_group_membership":{"version":0,"block":{"attributes":{"group_arn":{"type":"string","description_kind":"plain","required":true},"id":{"type":"string","description_kind":"plain","optional":true,"computed":true},"name":{"type":"string","description_kind":"plain","required":true},"project":{"type":"string","description_kind":"plain","optional":true},"users":{"type":["set","string"],"description_kind":"plain","required":true}},"description_kind":"plain"}},"aws_iam_group_policy_attachment":{"version":0,"block":{"attributes":{"group_arn":{"type":"string","description_kind":"plain","required":true},"id":{"type":"string","description_kind":"plain","optional":true,"computed":true},"policy_arn":{"type":"string","description_kind":"plain","required":true}},"description_kind":"plain"}},"aws_iam_policy":{"version":0,"block":{"attributes":{"arn":{"type":"string","description_kind":"plain","computed":true},"create_date":{"type":"string","description_kind":"plain","computed":true},"description":{"type":"string","description_kind":"plain","optional":true},"id":{"type":"string","description_kind":"plain","optional":true,"computed":true},"name":{"type":"string","description_kind":"plain","optional":true,"computed":true},"name_prefix":{"type":"string","description_kind":"plain","optional":true},"owner":{"type":"string","description_kind":"plain","computed":true},"path":{"type":"string","description_kind":"plain","optional":true},"policy":{"type":"string","description_kind":"plain","required":true},"policy_id":{"type":"string","description_kind":"plain","computed":true},"type":{"type":"string","description_kind":"plain","required":true},"update_date":{"type":"string","description_kind":"plain","computed":true}},"description_kind":"plain"}},"aws_iam_project":{"version":0,"block":{"attributes":{"arn":{"type":"string","description_kind":"plain","computed":true},"create_date":{"type":"string","description_kind":"plain","computed":true},"display_name":{"type":"string","description_kind":"plain","optional":true,"computed":true},"id":{"type":"string","description_kind":"plain","optional":true,"computed":true},"name":{"type":"string","description_kind":"plain","required":true},"project_id":{"type":"string","description_kind":"plain","computed":true},"s3_email":{"type":"string","description_kind":"plain","computed":true},"state":{"type":"string","description_kind":"plain","computed":true}},"description_kind":"plain"}},"aws_iam_user":{"version":0,"block":{"attributes":{"arn":{"type":"string","description_kind":"plain","computed":true},"display_name":{"type":"string","description_kind":"plain","optional":true,"computed":true},"email":{"type":"string","description_kind":"plain","optional":true},"enabled":{"type":"bool","description_kind":"plain","computed":true},"force_destroy":{"type":"bool","description":"Delete user even if it has non-Terraform-managed IAM access keys, login profile or MFA devices","description_kind":"plain","optional":true},"id":{"type":"string","description_kind":"plain","optional":true,"computed":true},"last_login_date":{"type":"string","description_kind":"plain","computed":true},"login":{"type":"string","description_kind":"plain","computed":true},"name":{"type":"string","description_kind":"plain","required":true},"otp_required":{"type":"bool","description_kind":"plain","optional":true},"password":{"type":"string","description_kind":"plain","optional":true,"computed":true,"sensitive":true},"path":{"type":"string","description_kind":"plain","optional":true},"permissions_boundary":{"type":"string","description_kind":"plain","optional":true},"phone":{"type":"string","description_kind":"plain","optional":true},"secret_key":{"type":"string","description_kind":"plain","computed":true,"sensitive":true},"update_date":{"type":"string","description_kind":"plain","computed":true},"user_id":{"type":"string","description_kind":"plain","computed":true}},"description_kind":"plain"}},"aws_iam_user_group_membership":{"version":0,"block":{"attributes":{"group_arns":{"type":["set","string"],"description_kind":"plain","required":true},"id":{"type":"string","description_kind":"plain","optional":true,"computed":true},"project":{"type":"string","description_kind":"plain","optional":true},"user":{"type":"string","description_kind":"plain","required":true}},"description_kind":"plain"}},"aws_iam_user_policy_attachment":{"version":0,"block":{"attributes":{"id":{"type":"string","description_kind":"plain","optional":true,"computed":true},"policy_arn":{"type":"string","description_kind":"plain","required":true},"project":{"type":"string","description_kind":"plain","optional":true},"user":{"type":"string","description_kind":"plain","required":true}},"description_kind":"plain"}},"aws_instance":{"version":1,"block":{"attributes":{"affinity":{"type":"string","description_kind":"plain","optional":true,"computed":true},"ami":{"type":"string","description_kind":"plain","optional":true,"computed":true},"arn":{"type":"string","description_kind":"plain","computed":true},"associate_public_ip_address":{"type":"bool","description_kind":"plain","optional":true,"computed":true},"availability_zone":{"type":"string","description_kind":"plain","optional":true,"computed":true},"cpu_core_count":{"type":"number","description_kind":"plain","optional":true,"computed":true},"cpu_threads_per_core":{"type":"number","description_kind":"plain","optional":true,"computed":true},"disable_api_termination":{"type":"bool","description_kind":"plain","optional":true,"computed":true},"ebs_optimized":{"type":"bool","description_kind":"plain","optional":true,"computed":true},"get_password_data":{"type":"bool","description_kind":"plain","optional":true},"hibernation":{"type":"bool","description_kind":"plain","optional":true},"host_id":{"type":"string","description_kind":"plain","optional":true,"computed":true},"iam_instance_profile":{"type":"string","description_kind":"plain","optional":true},"id":{"type":"string","description_kind":"plain","optional":true,"computed":true},"instance_initiated_shutdown_behavior":{"type":"string","description_kind":"plain","optional":true,"computed":true},"instance_state":{"type":"string","description_kind":"plain","computed":true},"instance_type":{"type":"string","description_kind":"plain","optional":true,"computed":true},"ipv6_address_count":{"type":"number","description_kind":"plain","optional":true,"computed":true},"ipv6_addresses":{"type":["list","string"],"description_kind":"plain","optional":true,"computed":true},"key_name":{"type":"string","description_kind":"plain","optional":true,"computed":true},"monitoring":{"type":"bool","description_kind":"plain","optional":true,"computed":true},"outpost_arn":{"type":"string","description_kind":"plain","computed":true},"password_data":{"type":"string","description_kind":"plain","computed":true},"placement_group":{"type":"string","description_kind":"plain","optional":true,"computed":true},"placement_partition_number":{"type":"number","description_kind":"plain","optional":true,"computed":true},"primary_network_interface_id":{"type":"string","description_kind":"plain","computed":true},"private_dns":{"type":"string","description_kind":"plain","computed":true},"private_ip":{"type":"string","description_kind":"plain","optional":true,"computed":true},"public_dns":{"type":"string","description_kind":"plain","computed":true},"public_ip":{"type":"string","description_kind":"plain","computed":true},"secondary_private_ips":{"type":["set","string"],"description_kind":"plain","optional":true,"computed":true},"security_groups":{"type":["set","string"],"description_kind":"plain","optional":true,"computed":true},"source_dest_check":{"type":"bool","description_kind":"plain","optional":true},"subnet_id":{"type":"string","description_kind":"plain","optional":true,"computed":true},"tags":{"type":["map","string"],"description_kind":"plain","optional":true},"tags_all":{"type":["map","string"],"description_kind":"plain","optional":true,"computed":true},"tenancy":{"type":"string","description_kind":"plain","optional":true,"computed":true},"user_data":{"type":"string","description_kind":"plain","optional":true,"computed":true},"user_data_base64":{"type":"string","description_kind":"plain","optional":true,"computed":true},"user_data_replace_on_change":{"type":"bool","description_kind":"plain","optional":true},"volume_tags":{"type":["map","string"],"description_kind":"plain","optional":true},"vpc_security_group_ids":{"type":["set","string"],"description_kind":"plain","optional":true,"computed":true}},"block_types":{"capacity_reservation_specification":{"nesting_mode":"list","block":{"attributes":{"capacity_reservation_preference":{"type":"string","description_kind":"plain","optional":true}},"block_types":{"capacity_reservation_target":{"nesting_mode":"list","block":{"attributes":{"capacity_reservation_id":{"type":"string","description_kind":"plain","optional":true},"capacity_reservation_resource_group_arn":{"type":"string","description_kind":"plain","optional":true}},"description_kind":"plain"},"max_items":1}},"description_kind":"plain"},"max_items":1},"credit_specification":{"nesting_mode":"list","block":{"attributes":{"cpu_credits":{"type":"string","description_kind":"plain","optional":true}},"description_kind":"plain"},"max_items":1},"ebs_block_device":{"nesting_mode":"set","block":{"attributes":{"delete_on_termination":{"type":"bool","description_kind":"plain","optional":true},"device_name":{"type":"string","description_kind":"plain","required":true},"encrypted":{"type":"bool","description_kind":"plain","optional":true,"computed":true},"iops":{"type":"number","description_kind":"plain","optional":true,"computed":true},"kms_key_id":{"type":"string","description_kind":"plain","optional":true,"computed":true},"snapshot_id":{"type":"string","description_kind":"plain","optional":true,"computed":true},"tags":{"type":["map","string"],"description_kind":"plain","optional":true},"throughput":{"type":"number","description_kind":"plain","optional":true,"computed":true},"volume_id":{"type":"string","description_kind":"plain","computed":true},"volume_size":{"type":"number","description_kind":"plain","optional":true,"computed":true},"volume_type":{"type":"string","description_kind":"plain","optional":true,"computed":true}},"description_kind":"plain"}},"enclave_options":{"nesting_mode":"list","block":{"attributes":{"enabled":{"type":"bool","description_kind":"plain","optional":true,"computed":true}},"description_kind":"plain"},"max_items":1},"ephemeral_block_device":{"nesting_mode":"set","block":{"attributes":{"device_name":{"type":"string","description_kind":"plain","required":true},"no_device":{"type":"bool","description_kind":"plain","optional":true},"virtual_name":{"type":"string","description_kind":"plain","optional":true}},"description_kind":"plain"}},"launch_template":{"nesting_mode":"list","block":{"attributes":{"id":{"type":"string","description_kind":"plain","optional":true,"computed":true},"name":{"type":"string","description_kind":"plain","optional":true,"computed":true},"version":{"type":"string","description_kind":"plain","optional":true}},"description_kind":"plain"},"max_items":1},"maintenance_options":{"nesting_mode":"list","block":{"attributes":{"auto_recovery":{"type":"string","description_kind":"plain","optional":true,"computed":true}},"description_kind":"plain"},"max_items":1},"metadata_options":{"nesting_mode":"list","block":{"attributes":{"http_endpoint":{"type":"string","description_kind":"plain","optional":true,"computed":true},"http_put_response_hop_limit":{"type":"number","description_kind":"plain","optional":true,"computed":true},"http_tokens":{"type":"string","description_kind":"plain","optional":true,"computed":true},"instance_metadata_tags":{"type":"string","description_kind":"plain","optional":true}},"description_kind":"plain"},"max_items":1},"network_interface":{"nesting_mode":"set","block":{"attributes":{"delete_on_termination":{"type":"bool","description_kind":"plain","optional":true},"device_index":{"type":"number","description_kind":"plain","required":true},"network_card_index":{"type":"number","description_kind":"plain","optional":true},"network_interface_id":{"type":"string","description_kind":"plain","required":true}},"description_kind":"plain"}},"root_block_device":{"nesting_mode":"list","block":{"attributes":{"delete_on_termination":{"type":"bool","description_kind":"plain","optional":true},"device_name":{"type":"string","description_kind":"plain","computed":true},"encrypted":{"type":"bool","description_kind":"plain","optional":true,"computed":true},"iops":{"type":"number","description_kind":"plain","optional":true,"computed":true},"kms_key_id":{"type":"string","description_kind":"plain","optional":true,"computed":true},"tags":{"type":["map","string"],"description_kind":"plain","optional":true},"throughput":{"type":"number","description_kind":"plain","optional":true,"computed":true},"volume_id":{"type":"string","description_kind":"plain","computed":true},"volume_size":{"type":"number","description_kind":"plain","optional":true,"computed":true},"volume_type":{"type":"string","description_kind":"plain","optional":true,"computed":true}},"description_kind":"plain"},"max_items":1},"timeouts":{"nesting_mode":"single","block":{"attributes":{"create":{"type":"string","description_kind":"plain","optional":true},"delete":{"type":"string","description_kind":"plain","optional":true},"update":{"type":"string","description_kind":"plain","optional":true}},"description_kind":"plain"}}},"description_kind":"plain"}},"aws_internet_gateway":{"version":0,"block":{"attributes":{"arn":{"type":"string","description_kind":"plain","computed":true},"id":{"type":"string","description_kind":"plain","optional":true,"computed":true},"owner_id":{"type":"string","description_kind":"plain","computed":true},"tags":{"type":["map","string"],"description_kind":"plain","optional":true},"tags_all":{"type":["map","string"],"description_kind":"plain","optional":true,"computed":true},"vpc_id":{"type":"string","description_kind":"plain","optional":true,"computed":true}},"description_kind":"plain"}},"aws_internet_gateway_attachment":{"version":0,"block":{"attributes":{"id":{"type":"string","description_kind":"plain","optional":true,"computed":true},"internet_gateway_id":{"type":"string","description_kind":"plain","required":true},"vpc_id":{"type":"string","description_kind":"plain","required":true}},"description_kind":"plain"}},"aws_key_pair":{"version":1,"block":{"attributes":{"arn":{"type":"string","description_kind":"plain","computed":true},"fingerprint":{"type":"string","description_kind":"plain","computed":true},"id":{"type":"string","description_kind":"plain","optional":true,"computed":true},"key_name":{"type":"string","description_kind":"plain","optional":true,"computed":true},"key_name_prefix":{"type":"string","description_kind":"plain","optional":true,"computed":true},"key_pair_id":{"type":"string","description_kind":"plain","computed":true},"public_key":{"type":"string","description_kind":"plain","required":true},"tags":{"type":["map","string"],"description_kind":"plain","optional":true},"tags_all":{"type":["map","string"],"description_kind":"plain","optional":true,"computed":true}},"description_kind":"plain"}},"aws_launch_template":{"version":0,"block":{"attributes":{"arn":{"type":"string","description_kind":"plain","computed":true},"default_version":{"type":"number","description_kind":"plain","optional":true,"computed":true},"description":{"type":"string","description_kind":"plain","optional":true},"disable_api_termination":{"type":"bool","description_kind":"plain","optional":true},"ebs_optimized":{"type":"string","description_kind":"plain","optional":true},"id":{"type":"string","description_kind":"plain","optional":true,"computed":true},"image_id":{"type":"string","description_kind":"plain","optional":true},"instance_initiated_shutdown_behavior":{"type":"string","description_kind":"plain","optional":true},"instance_type":{"type":"string","description_kind":"plain","optional":true},"kernel_id":{"type":"string","description_kind":"plain","optional":true},"key_name":{"type":"string","description_kind":"plain","optional":true},"latest_version":{"type":"number","description_kind":"plain","computed":true},"name":{"type":"string","description_kind":"plain","optional":true,"computed":true},"name_prefix":{"type":"string","description_kind":"plain","optional":true,"computed":true},"ram_disk_id":{"type":"string","description_kind":"plain","optional":true},"security_group_names":{"type":["set","string"],"description_kind":"plain","optional":true},"tags":{"type":["map","string"],"description_kind":"plain","optional":true},"tags_all":{"type":["map","string"],"description_kind":"plain","optional":true,"computed":true},"update_default_version":{"type":"bool","description_kind":"plain","optional":true},"user_data":{"type":"string","description_kind":"plain","optional":true},"vpc_security_group_ids":{"type":["set","string"],"description_kind":"plain","optional":true}},"block_types":{"block_device_mappings":{"nesting_mode":"list","block":{"attributes":{"device_name":{"type":"string","description_kind":"plain","optional":true},"no_device":{"type":"string","description_kind":"plain","optional":true},"virtual_name":{"type":"string","description_kind":"plain","optional":true}},"block_types":{"ebs":{"nesting_mode":"list","block":{"attributes":{"delete_on_termination":{"type":"string","description_kind":"plain","optional":true},"encrypted":{"type":"string","description_kind":"plain","optional":true},"iops":{"type":"number","description_kind":"plain","optional":true,"computed":true},"kms_key_id":{"type":"string","description_kind":"plain","optional":true},"snapshot_id":{"type":"string","description_kind":"plain","optional":true},"throughput":{"type":"number","description_kind":"plain","optional":true,"computed":true},"volume_size":{"type":"number","description_kind":"plain","optional":true,"computed":true},"volume_type":{"type":"string","description_kind":"plain","optional":true,"computed":true}},"description_kind":"plain"},"max_items":1}},"description_kind":"plain"}},"capacity_reservation_specification":{"nesting_mode":"list","block":{"attributes":{"capacity_reservation_preference":{"type":"string","description_kind":"plain","optional":true}},"block_types":{"capacity_reservation_target":{"nesting_mode":"list","block":{"attributes":{"capacity_reservation_id":{"type":"string","description_kind":"plain","optional":true},"capacity_reservation_resource_group_arn":{"type":"string","description_kind":"plain","optional":true}},"description_kind":"plain"},"max_items":1}},"description_kind":"plain"},"max_items":1},"cpu_options":{"nesting_mode":"list","block":{"attributes":{"core_count":{"type":"number","description_kind":"plain","optional":true},"threads_per_core":{"type":"number","description_kind":"plain","optional":true}},"description_kind":"plain"},"max_items":1},"credit_specification":{"nesting_mode":"list","block":{"attributes":{"cpu_credits":{"type":"string","description_kind":"plain","optional":true}},"description_kind":"plain"},"max_items":1},"elastic_gpu_specifications":{"nesting_mode":"list","block":{"attributes":{"type":{"type":"string","description_kind":"plain","required":true}},"description_kind":"plain"}},"elastic_inference_accelerator":{"nesting_mode":"list","block":{"attributes":{"type":{"type":"string","description_kind":"plain","required":true}},"description_kind":"plain"},"max_items":1},"enclave_options":{"nesting_mode":"list","block":{"attributes":{"enabled":{"type":"bool","description_kind":"plain","optional":true}},"description_kind":"plain"},"max_items":1},"hibernation_options":{"nesting_mode":"list","block":{"attributes":{"configured":{"type":"bool","description_kind":"plain","required":true}},"description_kind":"plain"},"max_items":1},"iam_instance_profile":{"nesting_mode":"list","block":{"attributes":{"arn":{"type":"string","description_kind":"plain","optional":true},"name":{"type":"string","description_kind":"plain","optional":true}},"description_kind":"plain"},"max_items":1},"instance_market_options":{"nesting_mode":"list","block":{"attributes":{"market_type":{"type":"string","description_kind":"plain","optional":true}},"block_types":{"spot_options":{"nesting_mode":"list","block":{"attributes":{"block_duration_minutes":{"type":"number","description_kind":"plain","optional":true},"instance_interruption_behavior":{"type":"string","description_kind":"plain","optional":true},"max_price":{"type":"string","description_kind":"plain","optional":true},"spot_instance_type":{"type":"string","description_kind":"plain","optional":true},"valid_until":{"type":"string","description_kind":"plain","optional":true,"computed":true}},"description_kind":"plain"},"max_items":1}},"description_kind":"plain"},"max_items":1},"instance_requirements":{"nesting_mode":"list","block":{"attributes":{"accelerator_manufacturers":{"type":["set","string"],"description_kind":"plain","optional":true},"accelerator_names":{"type":["set","string"],"description_kind":"plain","optional":true},"accelerator_types":{"type":["set","string"],"description_kind":"plain","optional":true},"bare_metal":{"type":"string","description_kind":"plain","optional":true},"burstable_performance":{"type":"string","description_kind":"plain","optional":true},"cpu_manufacturers":{"type":["set","string"],"description_kind":"plain","optional":true},"excluded_instance_types":{"type":["set","string"],"description_kind":"plain","optional":true},"instance_generations":{"type":["set","string"],"description_kind":"plain","optional":true},"local_storage":{"type":"string","description_kind":"plain","optional":true},"local_storage_types":{"type":["set","string"],"description_kind":"plain","optional":true},"on_demand_max_price_percentage_over_lowest_price":{"type":"number","description_kind":"plain","optional":true},"require_hibernate_support":{"type":"bool","description_kind":"plain","optional":true},"spot_max_price_percentage_over_lowest_price":{"type":"number","description_kind":"plain","optional":true}},"block_types":{"accelerator_count":{"nesting_mode":"list","block":{"attributes":{"max":{"type":"number","description_kind":"plain","optional":true},"min":{"type":"number","description_kind":"plain","optional":true}},"description_kind":"plain"},"max_items":1},"accelerator_total_memory_mib":{"nesting_mode":"list","block":{"attributes":{"max":{"type":"number","description_kind":"plain","optional":true},"min":{"type":"number","description_kind":"plain","optional":true}},"description_kind":"plain"},"max_items":1},"baseline_ebs_bandwidth_mbps":{"nesting_mode":"list","block":{"attributes":{"max":{"type":"number","description_kind":"plain","optional":true},"min":{"type":"number","description_kind":"plain","optional":true}},"description_kind":"plain"},"max_items":1},"memory_gib_per_vcpu":{"nesting_mode":"list","block":{"attributes":{"max":{"type":"number","description_kind":"plain","optional":true},"min":{"type":"number","description_kind":"plain","optional":true}},"description_kind":"plain"},"max_items":1},"memory_mib":{"nesting_mode":"list","block":{"attributes":{"max":{"type":"number","description_kind":"plain","optional":true},"min":{"type":"number","description_kind":"plain","required":true}},"description_kind":"plain"},"min_items":1,"max_items":1},"network_interface_count":{"nesting_mode":"list","block":{"attributes":{"max":{"type":"number","description_kind":"plain","optional":true},"min":{"type":"number","description_kind":"plain","optional":true}},"description_kind":"plain"},"max_items":1},"total_local_storage_gb":{"nesting_mode":"list","block":{"attributes":{"max":{"type":"number","description_kind":"plain","optional":true},"min":{"type":"number","description_kind":"plain","optional":true}},"description_kind":"plain"},"max_items":1},"vcpu_count":{"nesting_mode":"list","block":{"attributes":{"max":{"type":"number","description_kind":"plain","optional":true},"min":{"type":"number","description_kind":"plain","required":true}},"description_kind":"plain"},"min_items":1,"max_items":1}},"description_kind":"plain"},"max_items":1},"license_specification":{"nesting_mode":"set","block":{"attributes":{"license_configuration_arn":{"type":"string","description_kind":"plain","required":true}},"description_kind":"plain"}},"maintenance_options":{"nesting_mode":"list","block":{"attributes":{"auto_recovery":{"type":"string","description_kind":"plain","optional":true}},"description_kind":"plain"},"max_items":1},"metadata_options":{"nesting_mode":"list","block":{"attributes":{"http_endpoint":{"type":"string","description_kind":"plain","optional":true,"computed":true},"http_protocol_ipv6":{"type":"string","description_kind":"plain","optional":true},"http_put_response_hop_limit":{"type":"number","description_kind":"plain","optional":true,"computed":true},"http_tokens":{"type":"string","description_kind":"plain","optional":true,"computed":true},"instance_metadata_tags":{"type":"string","description_kind":"plain","optional":true}},"description_kind":"plain"},"max_items":1},"monitoring":{"nesting_mode":"list","block":{"attributes":{"enabled":{"type":"bool","description_kind":"plain","optional":true}},"description_kind":"plain"},"max_items":1},"network_interfaces":{"nesting_mode":"list","block":{"attributes":{"associate_carrier_ip_address":{"type":"string","description_kind":"plain","optional":true},"associate_public_ip_address":{"type":"string","description_kind":"plain","optional":true},"delete_on_termination":{"type":"string","description_kind":"plain","optional":true},"description":{"type":"string","description_kind":"plain","optional":true},"device_index":{"type":"number","description_kind":"plain","optional":true},"interface_type":{"type":"string","description_kind":"plain","optional":true},"ipv4_address_count":{"type":"number","description_kind":"plain","optional":true},"ipv4_addresses":{"type":["set","string"],"description_kind":"plain","optional":true},"ipv4_prefix_count":{"type":"number","description_kind":"plain","optional":true},"ipv4_prefixes":{"type":["set","string"],"description_kind":"plain","optional":true},"ipv6_address_count":{"type":"number","description_kind":"plain","optional":true},"ipv6_addresses":{"type":["set","string"],"description_kind":"plain","optional":true},"ipv6_prefix_count":{"type":"number","description_kind":"plain","optional":true},"ipv6_prefixes":{"type":["set","string"],"description_kind":"plain","optional":true},"network_card_index":{"type":"number","description_kind":"plain","optional":true},"network_interface_id":{"type":"string","description_kind":"plain","optional":true},"private_ip_address":{"type":"string","description_kind":"plain","optional":true},"security_groups":{"type":["set","string"],"description_kind":"plain","optional":true},"subnet_id":{"type":"string","description_kind":"plain","optional":true}},"description_kind":"plain"}},"placement":{"nesting_mode":"list","block":{"attributes":{"affinity":{"type":"string","description_kind":"plain","optional":true},"availability_zone":{"type":"string","description_kind":"plain","optional":true},"group_name":{"type":"string","description_kind":"plain","optional":true},"host_id":{"type":"string","description_kind":"plain","optional":true},"host_resource_group_arn":{"type":"string","description_kind":"plain","optional":true},"partition_number":{"type":"number","description_kind":"plain","optional":true},"spread_domain":{"type":"string","description_kind":"plain","optional":true},"tenancy":{"type":"string","description_kind":"plain","optional":true}},"description_kind":"plain"},"max_items":1},"private_dns_name_options":{"nesting_mode":"list","block":{"attributes":{"enable_resource_name_dns_a_record":{"type":"bool","description_kind":"plain","optional":true},"enable_resource_name_dns_aaaa_record":{"type":"bool","description_kind":"plain","optional":true},"hostname_type":{"type":"string","description_kind":"plain","optional":true}},"description_kind":"plain"},"max_items":1},"tag_specifications":{"nesting_mode":"list","block":{"attributes":{"resource_type":{"type":"string","description_kind":"plain","optional":true},"tags":{"type":["map","string"],"description_kind":"plain","optional":true}},"description_kind":"plain"}}},"description_kind":"plain"}},"aws_lb":{"version":0,"block":{"attributes":{"arn":{"type":"string","description_kind":"plain","computed":true},"arn_suffix":{"type":"string","description_kind":"plain","computed":true},"customer_owned_ipv4_pool":{"type":"string","description_kind":"plain","optional":true},"desync_mitigation_mode":{"type":"string","description_kind":"plain","optional":true},"dns_name":{"type":"string","description_kind":"plain","computed":true},"drop_invalid_header_fields":{"type":"bool","description_kind":"plain","optional":true},"enable_cross_zone_load_balancing":{"type":"bool","description_kind":"plain","optional":true},"enable_deletion_protection":{"type":"bool","description_kind":"plain","optional":true},"enable_http2":{"type":"bool","description_kind":"plain","optional":true},"enable_waf_fail_open":{"type":"bool","description_kind":"plain","optional":true},"id":{"type":"string","description_kind":"plain","optional":true,"computed":true},"idle_timeout":{"type":"number","description_kind":"plain","optional":true},"internal":{"type":"bool","description_kind":"plain","optional":true,"computed":true},"ip_address_type":{"type":"string","description_kind":"plain","optional":true,"computed":true},"load_balancer_type":{"type":"string","description_kind":"plain","optional":true},"name":{"type":"string","description_kind":"plain","optional":true,"computed":true},"name_prefix":{"type":"string","description_kind":"plain","optional":true},"security_groups":{"type":["set","string"],"description_kind":"plain","optional":true,"computed":true},"subnets":{"type":["set","string"],"description_kind":"plain","optional":true,"computed":true},"tags":{"type":["map","string"],"description_kind":"plain","optional":true},"tags_all":{"type":["map","string"],"description_kind":"plain","optional":true,"computed":true},"vpc_id":{"type":"string","description_kind":"plain","computed":true},"zone_id":{"type":"string","description_kind":"plain","computed":true}},"block_types":{"access_logs":{"nesting_mode":"list","block":{"attributes":{"bucket":{"type":"string","description_kind":"plain","required":true},"enabled":{"type":"bool","description_kind":"plain","optional":true},"prefix":{"type":"string","description_kind":"plain","optional":true}},"description_kind":"plain"},"max_items":1},"subnet_mapping":{"nesting_mode":"set","block":{"attributes":{"allocation_id":{"type":"string","description_kind":"plain","optional":true},"ipv6_address":{"type":"string","description_kind":"plain","optional":true},"outpost_id":{"type":"string","description_kind":"plain","computed":true},"private_ipv4_address":{"type":"string","description_kind":"plain","optional":true},"subnet_id":{"type":"string","description_kind":"plain","required":true}},"description_kind":"plain"}},"timeouts":{"nesting_mode":"single","block":{"attributes":{"create":{"type":"string","description_kind":"plain","optional":true},"delete":{"type":"string","description_kind":"plain","optional":true},"update":{"type":"string","description_kind":"plain","optional":true}},"description_kind":"plain"}}},"description_kind":"plain"}},"aws_lb_listener":{"version":0,"block":{"attributes":{"alpn_policy":{"type":"string","description_kind":"plain","optional":true},"arn":{"type":"string","description_kind":"plain","computed":true},"certificate_arn":{"type":"string","description_kind":"plain","optional":true},"id":{"type":"string","description_kind":"plain","optional":true,"computed":true},"load_balancer_arn":{"type":"string","description_kind":"plain","required":true},"port":{"type":"number","description_kind":"plain","optional":true},"protocol":{"type":"string","description_kind":"plain","optional":true,"computed":true},"ssl_policy":{"type":"string","description_kind":"plain","optional":true,"computed":true},"tags":{"type":["map","string"],"description_kind":"plain","optional":true},"tags_all":{"type":["map","string"],"description_kind":"plain","optional":true,"computed":true}},"block_types":{"default_action":{"nesting_mode":"list","block":{"attributes":{"order":{"type":"number","description_kind":"plain","optional":true,"computed":true},"target_group_arn":{"type":"string","description_kind":"plain","optional":true},"type":{"type":"string","description_kind":"plain","required":true}},"block_types":{"authenticate_cognito":{"nesting_mode":"list","block":{"attributes":{"authentication_request_extra_params":{"type":["map","string"],"description_kind":"plain","optional":true},"on_unauthenticated_request":{"type":"string","description_kind":"plain","optional":true,"computed":true},"scope":{"type":"string","description_kind":"plain","optional":true,"computed":true},"session_cookie_name":{"type":"string","description_kind":"plain","optional":true,"computed":true},"session_timeout":{"type":"number","description_kind":"plain","optional":true,"computed":true},"user_pool_arn":{"type":"string","description_kind":"plain","required":true},"user_pool_client_id":{"type":"string","description_kind":"plain","required":true},"user_pool_domain":{"type":"string","description_kind":"plain","required":true}},"description_kind":"plain"},"max_items":1},"authenticate_oidc":{"nesting_mode":"list","block":{"attributes":{"authentication_request_extra_params":{"type":["map","string"],"description_kind":"plain","optional":true},"authorization_endpoint":{"type":"string","description_kind":"plain","required":true},"client_id":{"type":"string","description_kind":"plain","required":true},"client_secret":{"type":"string","description_kind":"plain","required":true,"sensitive":true},"issuer":{"type":"string","description_kind":"plain","required":true},"on_unauthenticated_request":{"type":"string","description_kind":"plain","optional":true,"computed":true},"scope":{"type":"string","description_kind":"plain","optional":true,"computed":true},"session_cookie_name":{"type":"string","description_kind":"plain","optional":true,"computed":true},"session_timeout":{"type":"number","description_kind":"plain","optional":true,"computed":true},"token_endpoint":{"type":"string","description_kind":"plain","required":true},"user_info_endpoint":{"type":"string","description_kind":"plain","required":true}},"description_kind":"plain"},"max_items":1},"fixed_response":{"nesting_mode":"list","block":{"attributes":{"content_type":{"type":"string","description_kind":"plain","required":true},"message_body":{"type":"string","description_kind":"plain","optional":true},"status_code":{"type":"string","description_kind":"plain","optional":true,"computed":true}},"description_kind":"plain"},"max_items":1},"forward":{"nesting_mode":"list","block":{"block_types":{"stickiness":{"nesting_mode":"list","block":{"attributes":{"duration":{"type":"number","description_kind":"plain","required":true},"enabled":{"type":"bool","description_kind":"plain","optional":true}},"description_kind":"plain"},"max_items":1},"target_group":{"nesting_mode":"set","block":{"attributes":{"arn":{"type":"string","description_kind":"plain","required":true},"weight":{"type":"number","description_kind":"plain","optional":true}},"description_kind":"plain"},"min_items":1,"max_items":5}},"description_kind":"plain"},"max_items":1},"redirect":{"nesting_mode":"list","block":{"attributes":{"host":{"type":"string","description_kind":"plain","optional":true},"path":{"type":"string","description_kind":"plain","optional":true},"port":{"type":"string","description_kind":"plain","optional":true},"protocol":{"type":"string","description_kind":"plain","optional":true},"query":{"type":"string","description_kind":"plain","optional":true},"status_code":{"type":"string","description_kind":"plain","required":true}},"description_kind":"plain"},"max_items":1}},"description_kind":"plain"},"min_items":1},"timeouts":{"nesting_mode":"single","block":{"attributes":{"read":{"type":"string","description_kind":"plain","optional":true}},"description_kind":"plain"}}},"description_kind":"plain"}},"aws_lb_target_group":{"version":0,"block":{"attributes":{"arn":{"type":"string","description_kind":"plain","computed":true},"arn_suffix":{"type":"string","description_kind":"plain","computed":true},"connection_termination":{"type":"bool","description_kind":"plain","optional":true},"deregistration_delay":{"type":"string","description_kind":"plain","optional":true},"id":{"type":"string","description_kind":"plain","optional":true,"computed":true},"lambda_multi_value_headers_enabled":{"type":"bool","description_kind":"plain","optional":true},"load_balancing_algorithm_type":{"type":"string","description_kind":"plain","optional":true,"computed":true},"name":{"type":"string","description_kind":"plain","optional":true,"computed":true},"name_prefix":{"type":"string","description_kind":"plain","optional":true},"port":{"type":"number","description_kind":"plain","optional":true},"preserve_client_ip":{"type":"string","description_kind":"plain","optional":true,"computed":true},"protocol":{"type":"string","description_kind":"plain","optional":true},"protocol_version":{"type":"string","description_kind":"plain","optional":true,"computed":true},"proxy_protocol_v2":{"type":"bool","description_kind":"plain","optional":true},"slow_start":{"type":"number","description_kind":"plain","optional":true},"tags":{"type":["map","string"],"description_kind":"plain","optional":true},"tags_all":{"type":["map","string"],"description_kind":"plain","optional":true,"computed":true},"target_type":{"type":"string","description_kind":"plain","optional":true},"vpc_id":{"type":"string","description_kind":"plain","optional":true}},"block_types":{"health_check":{"nesting_mode":"list","block":{"attributes":{"enabled":{"type":"bool","description_kind":"plain","optional":true},"healthy_threshold":{"type":"number","description_kind":"plain","optional":true},"interval":{"type":"number","description_kind":"plain","optional":true},"matcher":{"type":"string","description_kind":"plain","optional":true,"computed":true},"path":{"type":"string","description_kind":"plain","optional":true,"computed":true},"port":{"type":"string","description_kind":"plain","optional":true},"protocol":{"type":"string","description_kind":"plain","optional":true},"timeout":{"type":"number","description_kind":"plain","optional":true,"computed":true},"unhealthy_threshold":{"type":"number","description_kind":"plain","optional":true}},"description_kind":"plain"},"max_items":1},"stickiness":{"nesting_mode":"list","block":{"attributes":{"cookie_duration":{"type":"number","description_kind":"plain","optional":true},"cookie_name":{"type":"string","description_kind":"plain","optional":true},"enabled":{"type":"bool","description_kind":"plain","optional":true},"type":{"type":"string","description_kind":"plain","required":true}},"description_kind":"plain"},"max_items":1}},"description_kind":"plain"}},"aws_lb_target_group_attachment":{"version":0,"block":{"attributes":{"availability_zone":{"type":"string","description_kind":"plain","optional":true},"id":{"type":"string","description_kind":"plain","optional":true,"computed":true},"port":{"type":"number","description_kind":"plain","optional":true},"target_group_arn":{"type":"string","description_kind":"plain","required":true},"target_id":{"type":"string","description_kind":"plain","required":true}},"description_kind":"plain"}},"aws_main_route_table_association":{"version":0,"block":{"attributes":{"id":{"type":"string","description_kind":"plain","optional":true,"computed":true},"original_route_table_id":{"type":"string","description_kind":"plain","computed":true},"route_table_id":{"type":"string","description_kind":"plain","required":true},"vpc_id":{"type":"string","description_kind":"plain","required":true}},"description_kind":"plain"}},"aws_network_acl":{"version":0,"block":{"attributes":{"arn":{"type":"string","description_kind":"plain","computed":true},"egress":{"type":["set",["object",{"action":"string","cidr_block":"string","from_port":"number","icmp_code":"number","icmp_type":"number","ipv6_cidr_block":"string","protocol":"string","rule_no":"number","to_port":"number"}]],"description_kind":"plain","optional":true,"computed":true},"id":{"type":"string","description_kind":"plain","optional":true,"computed":true},"ingress":{"type":["set",["object",{"action":"string","cidr_block":"string","from_port":"number","icmp_code":"number","icmp_type":"number","ipv6_cidr_block":"string","protocol":"string","rule_no":"number","to_port":"number"}]],"description_kind":"plain","optional":true,"computed":true},"owner_id":{"type":"string","description_kind":"plain","computed":true},"subnet_ids":{"type":["set","string"],"description_kind":"plain","optional":true,"computed":true},"tags":{"type":["map","string"],"description_kind":"plain","optional":true},"tags_all":{"type":["map","string"],"description_kind":"plain","optional":true,"computed":true},"vpc_id":{"type":"string","description_kind":"plain","required":true}},"description_kind":"plain"}},"aws_network_acl_association":{"version":0,"block":{"attributes":{"id":{"type":"string","description_kind":"plain","optional":true,"computed":true},"network_acl_id":{"type":"string","description_kind":"plain","required":true},"subnet_id":{"type":"string","description_kind":"plain","required":true}},"description_kind":"plain"}},"aws_network_acl_rule":{"version":0,"block":{"attributes":{"cidr_block":{"type":"string","description_kind":"plain","optional":true},"egress":{"type":"bool","description_kind":"plain","optional":true},"from_port":{"type":"number","description_kind":"plain","optional":true},"icmp_code":{"type":"number","description_kind":"plain","optional":true},"icmp_type":{"type":"number","description_kind":"plain","optional":true},"id":{"type":"string","description_kind":"plain","optional":true,"computed":true},"ipv6_cidr_block":{"type":"string","description_kind":"plain","optional":true},"network_acl_id":{"type":"string","description_kind":"plain","required":true},"protocol":{"type":"string","description_kind":"plain","required":true},"rule_action":{"type":"string","description_kind":"plain","required":true},"rule_number":{"type":"number","description_kind":"plain","required":true},"to_port":{"type":"number","description_kind":"plain","optional":true}},"description_kind":"plain"}},"aws_network_interface":{"version":0,"block":{"attributes":{"arn":{"type":"string","description_kind":"plain","computed":true},"description":{"type":"string","description_kind":"plain","optional":true},"id":{"type":"string","description_kind":"plain","optional":true,"computed":true},"interface_type":{"type":"string","description_kind":"plain","optional":true,"computed":true},"ipv4_prefix_count":{"type":"number","description_kind":"plain","optional":true,"computed":true},"ipv4_prefixes":{"type":["set","string"],"description_kind":"plain","optional":true,"computed":true},"ipv6_address_count":{"type":"number","description_kind":"plain","optional":true,"computed":true},"ipv6_address_list":{"type":["list","string"],"description_kind":"plain","optional":true,"computed":true},"ipv6_address_list_enabled":{"type":"bool","description_kind":"plain","optional":true},"ipv6_addresses":{"type":["set","string"],"description_kind":"plain","optional":true,"computed":true},"ipv6_prefix_count":{"type":"number","description_kind":"plain","optional":true,"computed":true},"ipv6_prefixes":{"type":["set","string"],"description_kind":"plain","optional":true,"computed":true},"mac_address":{"type":"string","description_kind":"plain","computed":true},"outpost_arn":{"type":"string","description_kind":"plain","computed":true},"owner_id":{"type":"string","description_kind":"plain","computed":true},"private_dns_name":{"type":"string","description_kind":"plain","computed":true},"private_ip":{"type":"string","description_kind":"plain","optional":true,"computed":true},"private_ip_list":{"type":["list","string"],"description_kind":"plain","optional":true,"computed":true},"private_ip_list_enabled":{"type":"bool","description_kind":"plain","optional":true},"private_ips":{"type":["set","string"],"description_kind":"plain","optional":true,"computed":true},"private_ips_count":{"type":"number","description_kind":"plain","optional":true,"computed":true},"security_groups":{"type":["set","string"],"description_kind":"plain","optional":true,"computed":true},"source_dest_check":{"type":"bool","description_kind":"plain","optional":true},"subnet_id":{"type":"string","description_kind":"plain","required":true},"tags":{"type":["map","string"],"description_kind":"plain","optional":true},"tags_all":{"type":["map","string"],"description_kind":"plain","optional":true,"computed":true}},"block_types":{"attachment":{"nesting_mode":"set","block":{"attributes":{"attachment_id":{"type":"string","description_kind":"plain","computed":true},"device_index":{"type":"number","description_kind":"plain","required":true},"instance":{"type":"string","description_kind":"plain","required":true}},"description_kind":"plain"}}},"description_kind":"plain"}},"aws_network_interface_attachment":{"version":0,"block":{"attributes":{"attachment_id":{"type":"string","description_kind":"plain","computed":true},"device_index":{"type":"number","description_kind":"plain","required":true},"id":{"type":"string","description_kind":"plain","optional":true,"computed":true},"instance_id":{"type":"string","description_kind":"plain","required":true},"network_interface_id":{"type":"string","description_kind":"plain","required":true},"status":{"type":"string","description_kind":"plain","computed":true}},"description_kind":"plain"}},"aws_network_interface_sg_attachment":{"version":0,"block":{"attributes":{"id":{"type":"string","description_kind":"plain","optional":true,"computed":true},"network_interface_id":{"type":"string","description_kind":"plain","required":true},"security_group_id":{"type":"string","description_kind":"plain","required":true}},"description_kind":"plain"}},"aws_paas_backup":{"version":0,"block":{"attributes":{"backup_id":{"type":"string","description_kind":"plain","required":true},"databases":{"type":["list",["object",{"backup_enabled":"bool","id":"string","location":"string","logfile":"string","name":"string","size":"number","status":"string"}]],"description_kind":"plain","computed":true},"enable_deletion_protection":{"type":"string","description_kind":"plain","optional":true},"id":{"type":"string","description_kind":"plain","optional":true,"computed":true},"protected":{"type":"bool","description_kind":"plain","computed":true},"service_class":{"type":"string","description_kind":"plain","computed":true},"service_deleted":{"type":"bool","description_kind":"plain","computed":true},"service_id":{"type":"string","description_kind":"plain","computed":true},"service_name":{"type":"string","description_kind":"plain","computed":true},"service_type":{"type":"string","description_kind":"plain","computed":true},"status":{"type":"string","description_kind":"plain","computed":true},"time":{"type":"string","description_kind":"plain","computed":true}},"description_kind":"plain"}},"aws_paas_service":{"version":0,"block":{"attributes":{"arbitrator_required":{"type":"bool","description_kind":"plain","optional":true},"auto_created_security_group_ids":{"type":["set","string"],"description_kind":"plain","computed":true},"available_environment_versions":{"type":["set","string"],"description_kind":"plain","computed":true},"delete_interfaces_on_destroy":{"type":"bool","description_kind":"plain","optional":true},"endpoints":{"type":["set",["object",{"addresses":["set","string"],"name":"string"}]],"description_kind":"plain","computed":true},"environment_version":{"type":"string","description_kind":"plain","computed":true},"error_code":{"type":"string","description_kind":"plain","computed":true},"error_description":{"type":"string","description_kind":"plain","computed":true},"high_availability":{"type":"bool","description_kind":"plain","optional":true},"id":{"type":"string","description_kind":"plain","optional":true,"computed":true},"instance_type":{"type":"string","description_kind":"plain","required":true},"instances":{"type":["set",["object",{"endpoints":["set",["object",{"address":"string","name":"string"}]],"index":"number","instance_id":"string","interface_id":"string","name":"string","private_ip":"string","role":"string","status":"string"}]],"description_kind":"plain","computed":true},"name":{"type":"string","description_kind":"plain","required":true},"network_interface_ids":{"type":["set","string"],"description_kind":"plain","optional":true,"computed":true},"security_group_ids":{"type":["set","string"],"description_kind":"plain","required":true},"service_class":{"type":"string","description_kind":"plain","computed":true},"service_type":{"type":"string","description_kind":"plain","computed":true},"ssh_key_name":{"type":"string","description_kind":"plain","required":true},"status":{"type":"string","description_kind":"plain","computed":true},"subnet_ids":{"type":["set","string"],"description_kind":"plain","optional":true,"computed":true},"supported_features":{"type":["set","string"],"description_kind":"plain","computed":true},"total_cpu_count":{"type":"number","description_kind":"plain","computed":true},"total_memory":{"type":"number","description_kind":"plain","computed":true},"user_data":{"type":"string","description_kind":"plain","optional":true},"user_data_content_type":{"type":"string","description_kind":"plain","optional":true},"vpc_id":{"type":"string","description_kind":"plain","computed":true}},"block_types":{"backup_settings":{"nesting_mode":"list","block":{"attributes":{"bucket_name":{"type":"string","description_kind":"plain","optional":true},"enabled":{"type":"bool","description_kind":"plain","optional":true},"expiration_days":{"type":"number","description_kind":"plain","optional":true},"notification_email":{"type":"string","description_kind":"plain","optional":true},"start_time":{"type":"string","description_kind":"plain","optional":true},"user_id":{"type":"string","description_kind":"plain","computed":true},"user_login":{"type":"string","description_kind":"plain","optional":true}},"description_kind":"plain"},"max_items":1},"data_volume":{"nesting_mode":"list","block":{"attributes":{"iops":{"type":"number","description_kind":"plain","optional":true,"computed":true},"size":{"type":"number","description_kind":"plain","optional":true},"type":{"type":"string","description_kind":"plain","optional":true}},"description_kind":"plain"},"max_items":1},"elasticsearch":{"nesting_mode":"list","block":{"attributes":{"allow_anonymous":{"type":"string","description_kind":"plain","optional":true,"computed":true},"anonymous_role":{"type":"string","description_kind":"plain","optional":true,"computed":true},"class":{"type":"string","description_kind":"plain","optional":true},"kibana":{"type":"bool","description_kind":"plain","optional":true},"options":{"type":["map","string"],"description_kind":"plain","optional":true},"password":{"type":"string","description_kind":"plain","optional":true,"sensitive":true},"version":{"type":"string","description_kind":"plain","required":true}},"block_types":{"logging":{"nesting_mode":"list","block":{"attributes":{"log_to":{"type":"string","description_kind":"plain","required":true},"logging_tags":{"type":["set","string"],"description_kind":"plain","optional":true}},"description_kind":"plain"},"max_items":1},"monitoring":{"nesting_mode":"list","block":{"attributes":{"monitor_by":{"type":"string","description_kind":"plain","required":true},"monitoring_labels":{"type":["map","string"],"description_kind":"plain","optional":true}},"description_kind":"plain"},"max_items":1}},"description_kind":"plain"},"max_items":1},"memcached":{"nesting_mode":"list","block":{"attributes":{"class":{"type":"string","description_kind":"plain","optional":true}},"block_types":{"logging":{"nesting_mode":"list","block":{"attributes":{"log_to":{"type":"string","description_kind":"plain","required":true},"logging_tags":{"type":["set","string"],"description_kind":"plain","optional":true}},"description_kind":"plain"},"max_items":1},"monitoring":{"nesting_mode":"list","block":{"attributes":{"monitor_by":{"type":"string","description_kind":"plain","required":true},"monitoring_labels":{"type":["map","string"],"description_kind":"plain","optional":true}},"description_kind":"plain"},"max_items":1}},"description_kind":"plain"},"max_items":1},"mongodb":{"nesting_mode":"list","block":{"attributes":{"class":{"type":"string","description_kind":"plain","optional":true},"journal_commit_interval":{"type":"number","description_kind":"plain","optional":true},"maxconns":{"type":"number","description_kind":"plain","optional":true},"options":{"type":["map","string"],"description_kind":"plain","optional":true},"profile":{"type":"string","description_kind":"plain","optional":true},"quiet":{"type":"bool","description_kind":"plain","optional":true},"slowms":{"type":"number","description_kind":"plain","optional":true},"storage_engine_cache_size":{"type":"number","description_kind":"plain","optional":true},"verbositylevel":{"type":"string","description_kind":"plain","optional":true},"version":{"type":"string","description_kind":"plain","required":true}},"block_types":{"database":{"nesting_mode":"list","block":{"attributes":{"id":{"type":"string","description_kind":"plain","computed":true},"name":{"type":"string","description_kind":"plain","required":true}},"block_types":{"user":{"nesting_mode":"list","block":{"attributes":{"id":{"type":"string","description_kind":"plain","computed":true},"name":{"type":"string","description_kind":"plain","required":true},"roles":{"type":["set","string"],"description_kind":"plain","optional":true}},"description_kind":"plain"},"max_items":1000}},"description_kind":"plain"},"max_items":1000},"logging":{"nesting_mode":"list","block":{"attributes":{"log_to":{"type":"string","description_kind":"plain","required":true},"logging_tags":{"type":["set","string"],"description_kind":"plain","optional":true}},"description_kind":"plain"},"max_items":1},"monitoring":{"nesting_mode":"list","block":{"attributes":{"monitor_by":{"type":"string","description_kind":"plain","required":true},"monitoring_labels":{"type":["map","string"],"description_kind":"plain","optional":true}},"description_kind":"plain"},"max_items":1},"user":{"nesting_mode":"list","block":{"attributes":{"id":{"type":"string","description_kind":"plain","computed":true},"name":{"type":"string","description_kind":"plain","required":true},"password":{"type":"string","description_kind":"plain","required":true,"sensitive":true}},"description_kind":"plain"},"max_items":1000}},"description_kind":"plain"},"max_items":1},"mysql":{"nesting_mode":"list","block":{"attributes":{"class":{"type":"string","description_kind":"plain","optional":true},"connect_timeout":{"type":"number","description_kind":"plain","optional":true},"galera_options":{"type":["map","string"],"description_kind":"plain","optional":true},"gcache_size":{"type":"number","description_kind":"plain","optional":true},"gcs_fc_factor":{"type":"number","description_kind":"plain","optional":true},"gcs_fc_limit":{"type":"number","description_kind":"plain","optional":true},"gcs_fc_master_slave":{"type":"string","description_kind":"plain","optional":true},"gcs_fc_single_primary":{"type":"string","description_kind":"plain","optional":true},"innodb_buffer_pool_instances":{"type":"number","description_kind":"plain","optional":true},"innodb_buffer_pool_size":{"type":"string","description_kind":"plain","optional":true},"innodb_change_buffering":{"type":"string","description_kind":"plain","optional":true},"innodb_flush_log_at_trx_commit":{"type":"number","description_kind":"plain","optional":true},"innodb_io_capacity":{"type":"string","description_kind":"plain","optional":true},"innodb_io_capacity_max":{"type":"string","description_kind":"plain","optional":true},"innodb_log_file_size":{"type":"string","description_kind":"plain","optional":true},"innodb_log_files_in_group":{"type":"number","description_kind":"plain","optional":true},"innodb_purge_threads":{"type":"number","description_kind":"plain","optional":true},"innodb_strict_mode":{"type":"string","description_kind":"plain","optional":true},"innodb_sync_array_size":{"type":"number","description_kind":"plain","optional":true},"innodb_thread_concurrency":{"type":"number","description_kind":"plain","optional":true},"max_allowed_packet":{"type":"number","description_kind":"plain","optional":true},"max_connect_errors":{"type":"string","description_kind":"plain","optional":true},"max_connections":{"type":"number","description_kind":"plain","optional":true},"max_heap_table_size":{"type":"string","description_kind":"plain","optional":true},"options":{"type":["map","string"],"description_kind":"plain","optional":true},"pxc_strict_mode":{"type":"string","description_kind":"plain","optional":true},"table_open_cache":{"type":"number","description_kind":"plain","optional":true},"thread_cache_size":{"type":"number","description_kind":"plain","optional":true},"tmp_table_size":{"type":"string","description_kind":"plain","optional":true},"transaction_isolation":{"type":"string","description_kind":"plain","optional":true},"vendor":{"type":"string","description_kind":"plain","required":true},"version":{"type":"string","description_kind":"plain","required":true},"wait_timeout":{"type":"number","description_kind":"plain","optional":true}},"block_types":{"database":{"nesting_mode":"list","block":{"attributes":{"backup_db_name":{"type":"string","description_kind":"plain","optional":true},"backup_enabled":{"type":"bool","description_kind":"plain","optional":true},"backup_id":{"type":"string","description_kind":"plain","optional":true},"charset":{"type":"string","description_kind":"plain","optional":true},"collate":{"type":"string","description_kind":"plain","optional":true},"id":{"type":"string","description_kind":"plain","computed":true},"name":{"type":"string","description_kind":"plain","required":true}},"block_types":{"user":{"nesting_mode":"list","block":{"attributes":{"id":{"type":"string","description_kind":"plain","computed":true},"name":{"type":"string","description_kind":"plain","required":true},"options":{"type":["set","string"],"description_kind":"plain","optional":true},"privileges":{"type":["set","string"],"description_kind":"plain","optional":true}},"description_kind":"plain"},"max_items":1000}},"description_kind":"plain"},"max_items":1000},"logging":{"nesting_mode":"list","block":{"attributes":{"log_to":{"type":"string","description_kind":"plain","required":true},"logging_tags":{"type":["set","string"],"description_kind":"plain","optional":true}},"description_kind":"plain"},"max_items":1},"monitoring":{"nesting_mode":"list","block":{"attributes":{"monitor_by":{"type":"string","description_kind":"plain","required":true},"monitoring_labels":{"type":["map","string"],"description_kind":"plain","optional":true}},"description_kind":"plain"},"max_items":1},"user":{"nesting_mode":"list","block":{"attributes":{"host":{"type":"string","description_kind":"plain","optional":true},"id":{"type":"string","description_kind":"plain","computed":true},"name":{"type":"string","description_kind":"plain","required":true},"password":{"type":"string","description_kind":"plain","required":true,"sensitive":true}},"description_kind":"plain"},"max_items":1000}},"description_kind":"plain"},"max_items":1},"pgsql":{"nesting_mode":"list","block":{"attributes":{"autovacuum":{"type":"string","description_kind":"plain","optional":true},"autovacuum_analyze_scale_factor":{"type":"number","description_kind":"plain","optional":true},"autovacuum_max_workers":{"type":"number","description_kind":"plain","optional":true},"autovacuum_vacuum_cost_delay":{"type":"number","description_kind":"plain","optional":true},"autovacuum_vacuum_cost_limit":{"type":"number","description_kind":"plain","optional":true},"autovacuum_vacuum_scale_factor":{"type":"number","description_kind":"plain","optional":true},"class":{"type":"string","description_kind":"plain","optional":true},"effective_cache_size":{"type":"string","description_kind":"plain","optional":true},"effective_io_concurrency":{"type":"number","description_kind":"plain","optional":true},"maintenance_work_mem":{"type":"string","description_kind":"plain","optional":true},"max_connections":{"type":"number","description_kind":"plain","optional":true},"max_parallel_maintenance_workers":{"type":"number","description_kind":"plain","optional":true},"max_parallel_workers":{"type":"number","description_kind":"plain","optional":true},"max_parallel_workers_per_gather":{"type":"number","description_kind":"plain","optional":true},"max_wal_size":{"type":"string","description_kind":"plain","deprecated":true,"optional":true},"max_worker_processes":{"type":"number","description_kind":"plain","optional":true},"min_wal_size":{"type":"string","description_kind":"plain","deprecated":true,"optional":true},"options":{"type":["map","string"],"description_kind":"plain","optional":true},"replication_mode":{"type":"string","description_kind":"plain","optional":true},"shared_buffers":{"type":"string","description_kind":"plain","optional":true},"version":{"type":"string","description_kind":"plain","required":true},"wal_buffers":{"type":"number","description_kind":"plain","optional":true},"wal_keep_segments":{"type":"number","description_kind":"plain","optional":true},"work_mem":{"type":"string","description_kind":"plain","optional":true}},"block_types":{"database":{"nesting_mode":"list","block":{"attributes":{"backup_db_name":{"type":"string","description_kind":"plain","optional":true},"backup_enabled":{"type":"bool","description_kind":"plain","optional":true},"backup_id":{"type":"string","description_kind":"plain","optional":true},"encoding":{"type":"string","description_kind":"plain","optional":true},"extensions":{"type":["set","string"],"description_kind":"plain","optional":true},"id":{"type":"string","description_kind":"plain","computed":true},"locale":{"type":"string","description_kind":"plain","optional":true},"name":{"type":"string","description_kind":"plain","required":true},"owner":{"type":"string","description_kind":"plain","required":true}},"block_types":{"user":{"nesting_mode":"list","block":{"attributes":{"id":{"type":"string","description_kind":"plain","computed":true},"name":{"type":"string","description_kind":"plain","required":true}},"description_kind":"plain"},"max_items":1000}},"description_kind":"plain"},"max_items":1000},"logging":{"nesting_mode":"list","block":{"attributes":{"log_to":{"type":"string","description_kind":"plain","required":true},"logging_tags":{"type":["set","string"],"description_kind":"plain","optional":true}},"description_kind":"plain"},"max_items":1},"monitoring":{"nesting_mode":"list","block":{"attributes":{"monitor_by":{"type":"string","description_kind":"plain","required":true},"monitoring_labels":{"type":["map","string"],"description_kind":"plain","optional":true}},"description_kind":"plain"},"max_items":1},"user":{"nesting_mode":"list","block":{"attributes":{"id":{"type":"string","description_kind":"plain","computed":true},"name":{"type":"string","description_kind":"plain","required":true},"password":{"type":"string","description_kind":"plain","required":true,"sensitive":true}},"description_kind":"plain"},"max_items":1000}},"description_kind":"plain"},"max_items":1},"rabbitmq":{"nesting_mode":"list","block":{"attributes":{"class":{"type":"string","description_kind":"plain","optional":true},"options":{"type":["map","string"],"description_kind":"plain","optional":true},"password":{"type":"string","description_kind":"plain","required":true,"sensitive":true},"version":{"type":"string","description_kind":"plain","required":true}},"block_types":{"logging":{"nesting_mode":"list","block":{"attributes":{"log_to":{"type":"string","description_kind":"plain","required":true},"logging_tags":{"type":["set","string"],"description_kind":"plain","optional":true}},"description_kind":"plain"},"max_items":1},"monitoring":{"nesting_mode":"list","block":{"attributes":{"monitor_by":{"type":"string","description_kind":"plain","required":true},"monitoring_labels":{"type":["map","string"],"description_kind":"plain","optional":true}},"description_kind":"plain"},"max_items":1}},"description_kind":"plain"},"max_items":1},"redis":{"nesting_mode":"list","block":{"attributes":{"class":{"type":"string","description_kind":"plain","optional":true},"cluster_type":{"type":"string","description_kind":"plain","optional":true},"databases":{"type":"number","description_kind":"plain","optional":true},"maxmemory_policy":{"type":"string","description_kind":"plain","optional":true},"options":{"type":["map","string"],"description_kind":"plain","optional":true},"password":{"type":"string","description_kind":"plain","optional":true,"sensitive":true},"persistence_aof":{"type":"bool","description_kind":"plain","optional":true},"persistence_rdb":{"type":"bool","description_kind":"plain","optional":true},"tcp_backlog":{"type":"number","description_kind":"plain","optional":true},"tcp_keepalive":{"type":"number","description_kind":"plain","optional":true},"timeout":{"type":"number","description_kind":"plain","optional":true},"version":{"type":"string","description_kind":"plain","required":true}},"block_types":{"logging":{"nesting_mode":"list","block":{"attributes":{"log_to":{"type":"string","description_kind":"plain","required":true},"logging_tags":{"type":["set","string"],"description_kind":"plain","optional":true}},"description_kind":"plain"},"max_items":1},"monitoring":{"nesting_mode":"list","block":{"attributes":{"monitor_by":{"type":"string","description_kind":"plain","required":true},"monitoring_labels":{"type":["map","string"],"description_kind":"plain","optional":true}},"description_kind":"plain"},"max_items":1}},"description_kind":"plain"},"max_items":1},"root_volume":{"nesting_mode":"list","block":{"attributes":{"iops":{"type":"number","description_kind":"plain","optional":true,"computed":true},"size":{"type":"number","description_kind":"plain","optional":true},"type":{"type":"string","description_kind":"plain","optional":true}},"description_kind":"plain"},"min_items":1,"max_items":1},"timeouts":{"nesting_mode":"single","block":{"attributes":{"create":{"type":"string","description_kind":"plain","optional":true},"delete":{"type":"string","description_kind":"plain","optional":true},"update":{"type":"string","description_kind":"plain","optional":true}},"description_kind":"plain"}}},"description_kind":"plain"}},"aws_placement_group":{"version":0,"block":{"attributes":{"arn":{"type":"string","description_kind":"plain","computed":true},"id":{"type":"string","description_kind":"plain","optional":true,"computed":true},"name":{"type":"string","description_kind":"plain","required":true},"partition_count":{"type":"number","description_kind":"plain","optional":true,"computed":true},"placement_group_id":{"type":"string","description_kind":"plain","computed":true},"strategy":{"type":"string","description_kind":"plain","required":true},"tags":{"type":["map","string"],"description_kind":"plain","optional":true},"tags_all":{"type":["map","string"],"description_kind":"plain","optional":true,"computed":true}},"description_kind":"plain"}},"aws_route":{"version":0,"block":{"attributes":{"carrier_gateway_id":{"type":"string","description_kind":"plain","optional":true},"core_network_arn":{"type":"string","description_kind":"plain","optional":true},"destination_cidr_block":{"type":"string","description_kind":"plain","optional":true},"destination_ipv6_cidr_block":{"type":"string","description_kind":"plain","optional":true},"destination_prefix_list_id":{"type":"string","description_kind":"plain","optional":true},"egress_only_gateway_id":{"type":"string","description_kind":"plain","optional":true},"gateway_id":{"type":"string","description_kind":"plain","optional":true},"id":{"type":"string","description_kind":"plain","optional":true,"computed":true},"instance_id":{"type":"string","description_kind":"plain","deprecated":true,"optional":true,"computed":true},"instance_owner_id":{"type":"string","description_kind":"plain","computed":true},"local_gateway_id":{"type":"string","description_kind":"plain","optional":true},"nat_gateway_id":{"type":"string","description_kind":"plain","optional":true},"network_interface_id":{"type":"string","description_kind":"plain","optional":true,"computed":true},"origin":{"type":"string","description_kind":"plain","computed":true},"route_table_id":{"type":"string","description_kind":"plain","required":true},"state":{"type":"string","description_kind":"plain","computed":true},"transit_gateway_id":{"type":"string","description_kind":"plain","optional":true},"vpc_endpoint_id":{"type":"string","description_kind":"plain","optional":true},"vpc_peering_connection_id":{"type":"string","description_kind":"plain","optional":true}},"block_types":{"timeouts":{"nesting_mode":"single","block":{"attributes":{"create":{"type":"string","description_kind":"plain","optional":true},"delete":{"type":"string","description_kind":"plain","optional":true},"update":{"type":"string","description_kind":"plain","optional":true}},"description_kind":"plain"}}},"description_kind":"plain"}},"aws_route53_record":{"version":2,"block":{"attributes":{"allow_overwrite":{"type":"bool","description_kind":"plain","optional":true,"computed":true},"fqdn":{"type":"string","description_kind":"plain","computed":true},"health_check_id":{"type":"string","description_kind":"plain","optional":true},"id":{"type":"string","description_kind":"plain","optional":true,"computed":true},"multivalue_answer_routing_policy":{"type":"bool","description_kind":"plain","optional":true},"name":{"type":"string","description_kind":"plain","required":true},"records":{"type":["set","string"],"description_kind":"plain","optional":true},"set_identifier":{"type":"string","description_kind":"plain","optional":true},"ttl":{"type":"number","description_kind":"plain","optional":true},"type":{"type":"string","description_kind":"plain","required":true},"zone_id":{"type":"string","description_kind":"plain","required":true}},"block_types":{"alias":{"nesting_mode":"set","block":{"attributes":{"evaluate_target_health":{"type":"bool","description_kind":"plain","required":true},"name":{"type":"string","description_kind":"plain","required":true},"zone_id":{"type":"string","description_kind":"plain","required":true}},"description_kind":"plain"}},"failover_routing_policy":{"nesting_mode":"list","block":{"attributes":{"type":{"type":"string","description_kind":"plain","required":true}},"description_kind":"plain"}},"geolocation_routing_policy":{"nesting_mode":"list","block":{"attributes":{"continent":{"type":"string","description_kind":"plain","optional":true},"country":{"type":"string","description_kind":"plain","optional":true},"subdivision":{"type":"string","description_kind":"plain","optional":true}},"description_kind":"plain"}},"latency_routing_policy":{"nesting_mode":"list","block":{"attributes":{"region":{"type":"string","description_kind":"plain","required":true}},"description_kind":"plain"}},"weighted_routing_policy":{"nesting_mode":"list","block":{"attributes":{"weight":{"type":"number","description_kind":"plain","required":true}},"description_kind":"plain"}}},"description_kind":"plain"}},"aws_route53_zone":{"version":0,"block":{"attributes":{"arn":{"type":"string","description_kind":"plain","computed":true},"comment":{"type":"string","description_kind":"plain","optional":true},"delegation_set_id":{"type":"string","description_kind":"plain","optional":true},"force_destroy":{"type":"bool","description_kind":"plain","optional":true},"id":{"type":"string","description_kind":"plain","optional":true,"computed":true},"name":{"type":"string","description_kind":"plain","required":true},"name_servers":{"type":["list","string"],"description_kind":"plain","computed":true},"tags":{"type":["map","string"],"description_kind":"plain","optional":true},"tags_all":{"type":["map","string"],"description_kind":"plain","optional":true,"computed":true},"zone_id":{"type":"string","description_kind":"plain","computed":true}},"block_types":{"vpc":{"nesting_mode":"set","block":{"attributes":{"vpc_id":{"type":"string","description_kind":"plain","required":true},"vpc_region":{"type":"string","description_kind":"plain","optional":true,"computed":true}},"description_kind":"plain"}}},"description_kind":"plain"}},"aws_route_table":{"version":0,"block":{"attributes":{"arn":{"type":"string","description_kind":"plain","computed":true},"id":{"type":"string","description_kind":"plain","optional":true,"computed":true},"owner_id":{"type":"string","description_kind":"plain","computed":true},"propagating_vgws":{"type":["set","string"],"description_kind":"plain","optional":true,"computed":true},"route":{"type":["set",["object",{"carrier_gateway_id":"string","cidr_block":"string","core_network_arn":"string","destination_prefix_list_id":"string","egress_only_gateway_id":"string","gateway_id":"string","instance_id":"string","ipv6_cidr_block":"string","local_gateway_id":"string","nat_gateway_id":"string","network_interface_id":"string","transit_gateway_id":"string","vpc_endpoint_id":"string","vpc_peering_connection_id":"string"}]],"description_kind":"plain","optional":true,"computed":true},"tags":{"type":["map","string"],"description_kind":"plain","optional":true},"tags_all":{"type":["map","string"],"description_kind":"plain","optional":true,"computed":true},"vpc_id":{"type":"string","description_kind":"plain","required":true}},"block_types":{"timeouts":{"nesting_mode":"single","block":{"attributes":{"create":{"type":"string","description_kind":"plain","optional":true},"delete":{"type":"string","description_kind":"plain","optional":true},"update":{"type":"string","description_kind":"plain","optional":true}},"description_kind":"plain"}}},"description_kind":"plain"}},"aws_route_table_association":{"version":0,"block":{"attributes":{"gateway_id":{"type":"string","description_kind":"plain","optional":true},"id":{"type":"string","description_kind":"plain","optional":true,"computed":true},"route_table_id":{"type":"string","description_kind":"plain","required":true},"subnet_id":{"type":"string","description_kind":"plain","optional":true}},"description_kind":"plain"}},"aws_s3_bucket":{"version":0,"block":{"attributes":{"acceleration_status":{"type":"string","description_kind":"plain","deprecated":true,"optional":true,"computed":true},"acl":{"type":"string","description_kind":"plain","deprecated":true,"optional":true,"computed":true},"arn":{"type":"string","description_kind":"plain","optional":true,"computed":true},"bucket":{"type":"string","description_kind":"plain","optional":true,"computed":true},"bucket_domain_name":{"type":"string","description_kind":"plain","computed":true},"bucket_prefix":{"type":"string","description_kind":"plain","optional":true},"bucket_regional_domain_name":{"type":"string","description_kind":"plain","computed":true},"force_destroy":{"type":"bool","description_kind":"plain","optional":true},"hosted_zone_id":{"type":"string","description_kind":"plain","optional":true,"computed":true},"id":{"type":"string","description_kind":"plain","optional":true,"computed":true},"object_lock_enabled":{"type":"bool","description_kind":"plain","optional":true,"computed":true},"policy":{"type":"string","description_kind":"plain","deprecated":true,"optional":true,"computed":true},"region":{"type":"string","description_kind":"plain","computed":true},"request_payer":{"type":"string","description_kind":"plain","deprecated":true,"optional":true,"computed":true},"tags":{"type":["map","string"],"description_kind":"plain","optional":true},"tags_all":{"type":["map","string"],"description_kind":"plain","optional":true,"computed":true},"website_domain":{"type":"string","description_kind":"plain","deprecated":true,"computed":true},"website_endpoint":{"type":"string","description_kind":"plain","deprecated":true,"computed":true}},"block_types":{"cors_rule":{"nesting_mode":"list","block":{"attributes":{"allowed_headers":{"type":["list","string"],"description_kind":"plain","optional":true},"allowed_methods":{"type":["list","string"],"description_kind":"plain","required":true},"allowed_origins":{"type":["list","string"],"description_kind":"plain","required":true},"expose_headers":{"type":["list","string"],"description_kind":"plain","optional":true},"max_age_seconds":{"type":"number","description_kind":"plain","optional":true}},"description_kind":"plain","deprecated":true}},"grant":{"nesting_mode":"set","block":{"attributes":{"id":{"type":"string","description_kind":"plain","optional":true},"permissions":{"type":["set","string"],"description_kind":"plain","required":true},"type":{"type":"string","description_kind":"plain","required":true},"uri":{"type":"string","description_kind":"plain","optional":true}},"description_kind":"plain","deprecated":true}},"lifecycle_rule":{"nesting_mode":"list","block":{"attributes":{"abort_incomplete_multipart_upload_days":{"type":"number","description_kind":"plain","optional":true},"enabled":{"type":"bool","description_kind":"plain","required":true},"id":{"type":"string","description_kind":"plain","optional":true,"computed":true},"prefix":{"type":"string","description_kind":"plain","optional":true},"tags":{"type":["map","string"],"description_kind":"plain","optional":true}},"block_types":{"expiration":{"nesting_mode":"list","block":{"attributes":{"date":{"type":"string","description_kind":"plain","optional":true},"days":{"type":"number","description_kind":"plain","optional":true},"expired_object_delete_marker":{"type":"bool","description_kind":"plain","optional":true}},"description_kind":"plain"},"max_items":1},"noncurrent_version_expiration":{"nesting_mode":"list","block":{"attributes":{"days":{"type":"number","description_kind":"plain","optional":true}},"description_kind":"plain"},"max_items":1},"noncurrent_version_transition":{"nesting_mode":"set","block":{"attributes":{"days":{"type":"number","description_kind":"plain","optional":true},"storage_class":{"type":"string","description_kind":"plain","required":true}},"description_kind":"plain"}},"transition":{"nesting_mode":"set","block":{"attributes":{"date":{"type":"string","description_kind":"plain","optional":true},"days":{"type":"number","description_kind":"plain","optional":true},"storage_class":{"type":"string","description_kind":"plain","required":true}},"description_kind":"plain"}}},"description_kind":"plain","deprecated":true}},"logging":{"nesting_mode":"list","block":{"attributes":{"target_bucket":{"type":"string","description_kind":"plain","required":true},"target_prefix":{"type":"string","description_kind":"plain","optional":true}},"description_kind":"plain","deprecated":true},"max_items":1},"object_lock_configuration":{"nesting_mode":"list","block":{"attributes":{"object_lock_enabled":{"type":"string","description_kind":"plain","deprecated":true,"optional":true}},"block_types":{"rule":{"nesting_mode":"list","block":{"block_types":{"default_retention":{"nesting_mode":"list","block":{"attributes":{"days":{"type":"number","description_kind":"plain","optional":true},"mode":{"type":"string","description_kind":"plain","required":true},"years":{"type":"number","description_kind":"plain","optional":true}},"description_kind":"plain"},"min_items":1,"max_items":1}},"description_kind":"plain","deprecated":true},"max_items":1}},"description_kind":"plain","deprecated":true},"max_items":1},"replication_configuration":{"nesting_mode":"list","block":{"attributes":{"role":{"type":"string","description_kind":"plain","required":true}},"block_types":{"rules":{"nesting_mode":"set","block":{"attributes":{"delete_marker_replication_status":{"type":"string","description_kind":"plain","optional":true},"id":{"type":"string","description_kind":"plain","optional":true},"prefix":{"type":"string","description_kind":"plain","optional":true},"priority":{"type":"number","description_kind":"plain","optional":true},"status":{"type":"string","description_kind":"plain","required":true}},"block_types":{"destination":{"nesting_mode":"list","block":{"attributes":{"account_id":{"type":"string","description_kind":"plain","optional":true},"bucket":{"type":"string","description_kind":"plain","required":true},"replica_kms_key_id":{"type":"string","description_kind":"plain","optional":true},"storage_class":{"type":"string","description_kind":"plain","optional":true}},"block_types":{"access_control_translation":{"nesting_mode":"list","block":{"attributes":{"owner":{"type":"string","description_kind":"plain","required":true}},"description_kind":"plain"},"max_items":1},"metrics":{"nesting_mode":"list","block":{"attributes":{"minutes":{"type":"number","description_kind":"plain","optional":true},"status":{"type":"string","description_kind":"plain","optional":true}},"description_kind":"plain"},"max_items":1},"replication_time":{"nesting_mode":"list","block":{"attributes":{"minutes":{"type":"number","description_kind":"plain","optional":true},"status":{"type":"string","description_kind":"plain","optional":true}},"description_kind":"plain"},"max_items":1}},"description_kind":"plain"},"min_items":1,"max_items":1},"filter":{"nesting_mode":"list","block":{"attributes":{"prefix":{"type":"string","description_kind":"plain","optional":true},"tags":{"type":["map","string"],"description_kind":"plain","optional":true}},"description_kind":"plain"},"max_items":1},"source_selection_criteria":{"nesting_mode":"list","block":{"block_types":{"sse_kms_encrypted_objects":{"nesting_mode":"list","block":{"attributes":{"enabled":{"type":"bool","description_kind":"plain","required":true}},"description_kind":"plain"},"max_items":1}},"description_kind":"plain"},"max_items":1}},"description_kind":"plain"},"min_items":1}},"description_kind":"plain","deprecated":true},"max_items":1},"server_side_encryption_configuration":{"nesting_mode":"list","block":{"block_types":{"rule":{"nesting_mode":"list","block":{"attributes":{"bucket_key_enabled":{"type":"bool","description_kind":"plain","optional":true}},"block_types":{"apply_server_side_encryption_by_default":{"nesting_mode":"list","block":{"attributes":{"kms_master_key_id":{"type":"string","description_kind":"plain","optional":true},"sse_algorithm":{"type":"string","description_kind":"plain","required":true}},"description_kind":"plain"},"min_items":1,"max_items":1}},"description_kind":"plain"},"min_items":1,"max_items":1}},"description_kind":"plain","deprecated":true},"max_items":1},"versioning":{"nesting_mode":"list","block":{"attributes":{"enabled":{"type":"bool","description_kind":"plain","optional":true},"mfa_delete":{"type":"bool","description_kind":"plain","optional":true}},"description_kind":"plain","deprecated":true},"max_items":1},"website":{"nesting_mode":"list","block":{"attributes":{"error_document":{"type":"string","description_kind":"plain","optional":true},"index_document":{"type":"string","description_kind":"plain","optional":true},"redirect_all_requests_to":{"type":"string","description_kind":"plain","optional":true},"routing_rules":{"type":"string","description_kind":"plain","optional":true}},"description_kind":"plain","deprecated":true},"max_items":1}},"description_kind":"plain"}},"aws_s3_bucket_acl":{"version":0,"block":{"attributes":{"acl":{"type":"string","description_kind":"plain","optional":true},"bucket":{"type":"string","description_kind":"plain","required":true},"expected_bucket_owner":{"type":"string","description_kind":"plain","optional":true},"id":{"type":"string","description_kind":"plain","optional":true,"computed":true}},"block_types":{"access_control_policy":{"nesting_mode":"list","block":{"block_types":{"grant":{"nesting_mode":"set","block":{"attributes":{"permission":{"type":"string","description_kind":"plain","required":true}},"block_types":{"grantee":{"nesting_mode":"list","block":{"attributes":{"display_name":{"type":"string","description_kind":"plain","computed":true},"email_address":{"type":"string","description_kind":"plain","optional":true},"id":{"type":"string","description_kind":"plain","optional":true},"type":{"type":"string","description_kind":"plain","required":true},"uri":{"type":"string","description_kind":"plain","optional":true}},"description_kind":"plain"},"max_items":1}},"description_kind":"plain"}},"owner":{"nesting_mode":"list","block":{"attributes":{"display_name":{"type":"string","description_kind":"plain","optional":true,"computed":true},"id":{"type":"string","description_kind":"plain","required":true}},"description_kind":"plain"},"min_items":1,"max_items":1}},"description_kind":"plain"},"max_items":1}},"description_kind":"plain"}},"aws_s3_bucket_cors_configuration":{"version":0,"block":{"attributes":{"bucket":{"type":"string","description_kind":"plain","required":true},"expected_bucket_owner":{"type":"string","description_kind":"plain","optional":true},"id":{"type":"string","description_kind":"plain","optional":true,"computed":true}},"block_types":{"cors_rule":{"nesting_mode":"set","block":{"attributes":{"allowed_headers":{"type":["set","string"],"description_kind":"plain","optional":true},"allowed_methods":{"type":["set","string"],"description_kind":"plain","required":true},"allowed_origins":{"type":["set","string"],"description_kind":"plain","required":true},"expose_headers":{"type":["set","string"],"description_kind":"plain","optional":true},"id":{"type":"string","description_kind":"plain","optional":true},"max_age_seconds":{"type":"number","description_kind":"plain","optional":true}},"description_kind":"plain"},"min_items":1,"max_items":100}},"description_kind":"plain"}},"aws_s3_bucket_lifecycle_configuration":{"version":0,"block":{"attributes":{"bucket":{"type":"string","description_kind":"plain","required":true},"expected_bucket_owner":{"type":"string","description_kind":"plain","optional":true},"id":{"type":"string","description_kind":"plain","optional":true,"computed":true}},"block_types":{"rule":{"nesting_mode":"list","block":{"attributes":{"id":{"type":"string","description_kind":"plain","required":true},"prefix":{"type":"string","description_kind":"plain","deprecated":true,"optional":true},"status":{"type":"string","description_kind":"plain","required":true}},"block_types":{"abort_incomplete_multipart_upload":{"nesting_mode":"list","block":{"attributes":{"days_after_initiation":{"type":"number","description_kind":"plain","optional":true}},"description_kind":"plain"},"max_items":1},"expiration":{"nesting_mode":"list","block":{"attributes":{"date":{"type":"string","description_kind":"plain","optional":true},"days":{"type":"number","description_kind":"plain","optional":true},"expired_object_delete_marker":{"type":"bool","description_kind":"plain","optional":true,"computed":true}},"description_kind":"plain"},"max_items":1},"filter":{"nesting_mode":"list","block":{"attributes":{"object_size_greater_than":{"type":"string","description_kind":"plain","optional":true},"object_size_less_than":{"type":"string","description_kind":"plain","optional":true},"prefix":{"type":"string","description_kind":"plain","optional":true}},"block_types":{"and":{"nesting_mode":"list","block":{"attributes":{"object_size_greater_than":{"type":"number","description_kind":"plain","optional":true},"object_size_less_than":{"type":"number","description_kind":"plain","optional":true},"prefix":{"type":"string","description_kind":"plain","optional":true},"tags":{"type":["map","string"],"description_kind":"plain","optional":true}},"description_kind":"plain"},"max_items":1},"tag":{"nesting_mode":"list","block":{"attributes":{"key":{"type":"string","description_kind":"plain","required":true},"value":{"type":"string","description_kind":"plain","required":true}},"description_kind":"plain"},"max_items":1}},"description_kind":"plain"},"max_items":1},"noncurrent_version_expiration":{"nesting_mode":"list","block":{"attributes":{"newer_noncurrent_versions":{"type":"string","description_kind":"plain","optional":true},"noncurrent_days":{"type":"number","description_kind":"plain","optional":true}},"description_kind":"plain"},"max_items":1},"noncurrent_version_transition":{"nesting_mode":"set","block":{"attributes":{"newer_noncurrent_versions":{"type":"string","description_kind":"plain","optional":true},"noncurrent_days":{"type":"number","description_kind":"plain","optional":true},"storage_class":{"type":"string","description_kind":"plain","required":true}},"description_kind":"plain"}},"transition":{"nesting_mode":"set","block":{"attributes":{"date":{"type":"string","description_kind":"plain","optional":true},"days":{"type":"number","description_kind":"plain","optional":true},"storage_class":{"type":"string","description_kind":"plain","required":true}},"description_kind":"plain"}}},"description_kind":"plain"},"min_items":1}},"description_kind":"plain"}},"aws_s3_bucket_object":{"version":0,"block":{"attributes":{"acl":{"type":"string","description_kind":"plain","optional":true},"bucket":{"type":"string","description_kind":"plain","deprecated":true,"required":true},"bucket_key_enabled":{"type":"bool","description_kind":"plain","optional":true,"computed":true},"cache_control":{"type":"string","description_kind":"plain","optional":true},"content":{"type":"string","description_kind":"plain","optional":true},"content_base64":{"type":"string","description_kind":"plain","optional":true},"content_disposition":{"type":"string","description_kind":"plain","optional":true},"content_encoding":{"type":"string","description_kind":"plain","optional":true},"content_language":{"type":"string","description_kind":"plain","optional":true},"content_type":{"type":"string","description_kind":"plain","optional":true,"computed":true},"etag":{"type":"string","description_kind":"plain","optional":true,"computed":true},"force_destroy":{"type":"bool","description_kind":"plain","optional":true},"id":{"type":"string","description_kind":"plain","optional":true,"computed":true},"key":{"type":"string","description_kind":"plain","deprecated":true,"required":true},"kms_key_id":{"type":"string","description_kind":"plain","optional":true,"computed":true},"metadata":{"type":["map","string"],"description_kind":"plain","optional":true},"object_lock_legal_hold_status":{"type":"string","description_kind":"plain","optional":true},"object_lock_mode":{"type":"string","description_kind":"plain","optional":true},"object_lock_retain_until_date":{"type":"string","description_kind":"plain","optional":true},"server_side_encryption":{"type":"string","description_kind":"plain","optional":true,"computed":true},"source":{"type":"string","description_kind":"plain","optional":true},"source_hash":{"type":"string","description_kind":"plain","optional":true},"storage_class":{"type":"string","description_kind":"plain","optional":true,"computed":true},"tags":{"type":["map","string"],"description_kind":"plain","optional":true},"tags_all":{"type":["map","string"],"description_kind":"plain","optional":true,"computed":true},"version_id":{"type":"string","description_kind":"plain","computed":true},"website_redirect":{"type":"string","description_kind":"plain","optional":true}},"description_kind":"plain"}},"aws_s3_bucket_policy":{"version":0,"block":{"attributes":{"bucket":{"type":"string","description_kind":"plain","required":true},"id":{"type":"string","description_kind":"plain","optional":true,"computed":true},"policy":{"type":"string","description_kind":"plain","required":true}},"description_kind":"plain"}},"aws_s3_bucket_request_payment_configuration":{"version":0,"block":{"attributes":{"bucket":{"type":"string","description_kind":"plain","required":true},"expected_bucket_owner":{"type":"string","description_kind":"plain","optional":true},"id":{"type":"string","description_kind":"plain","optional":true,"computed":true},"payer":{"type":"string","description_kind":"plain","required":true}},"description_kind":"plain"}},"aws_s3_bucket_server_side_encryption_configuration":{"version":0,"block":{"attributes":{"bucket":{"type":"string","description_kind":"plain","required":true},"expected_bucket_owner":{"type":"string","description_kind":"plain","optional":true},"id":{"type":"string","description_kind":"plain","optional":true,"computed":true}},"block_types":{"rule":{"nesting_mode":"set","block":{"attributes":{"bucket_key_enabled":{"type":"bool","description_kind":"plain","optional":true}},"block_types":{"apply_server_side_encryption_by_default":{"nesting_mode":"list","block":{"attributes":{"kms_master_key_id":{"type":"string","description_kind":"plain","optional":true},"sse_algorithm":{"type":"string","description_kind":"plain","required":true}},"description_kind":"plain"},"max_items":1}},"description_kind":"plain"},"min_items":1}},"description_kind":"plain"}},"aws_s3_bucket_versioning":{"version":0,"block":{"attributes":{"bucket":{"type":"string","description_kind":"plain","required":true},"expected_bucket_owner":{"type":"string","description_kind":"plain","optional":true},"id":{"type":"string","description_kind":"plain","optional":true,"computed":true},"mfa":{"type":"string","description_kind":"plain","optional":true}},"block_types":{"versioning_configuration":{"nesting_mode":"list","block":{"attributes":{"mfa_delete":{"type":"string","description_kind":"plain","optional":true,"computed":true},"status":{"type":"string","description_kind":"plain","required":true}},"description_kind":"plain"},"min_items":1,"max_items":1}},"description_kind":"plain"}},"aws_s3_bucket_website_configuration":{"version":0,"block":{"attributes":{"bucket":{"type":"string","description_kind":"plain","required":true},"expected_bucket_owner":{"type":"string","description_kind":"plain","optional":true},"id":{"type":"string","description_kind":"plain","optional":true,"computed":true},"website_domain":{"type":"string","description_kind":"plain","computed":true},"website_endpoint":{"type":"string","description_kind":"plain","computed":true}},"block_types":{"error_document":{"nesting_mode":"list","block":{"attributes":{"key":{"type":"string","description_kind":"plain","required":true}},"description_kind":"plain"},"max_items":1},"index_document":{"nesting_mode":"list","block":{"attributes":{"suffix":{"type":"string","description_kind":"plain","required":true}},"description_kind":"plain"},"max_items":1},"redirect_all_requests_to":{"nesting_mode":"list","block":{"attributes":{"host_name":{"type":"string","description_kind":"plain","required":true},"protocol":{"type":"string","description_kind":"plain","optional":true}},"description_kind":"plain"},"max_items":1},"routing_rule":{"nesting_mode":"list","block":{"block_types":{"condition":{"nesting_mode":"list","block":{"attributes":{"http_error_code_returned_equals":{"type":"string","description_kind":"plain","optional":true},"key_prefix_equals":{"type":"string","description_kind":"plain","optional":true}},"description_kind":"plain"},"max_items":1},"redirect":{"nesting_mode":"list","block":{"attributes":{"host_name":{"type":"string","description_kind":"plain","optional":true},"http_redirect_code":{"type":"string","description_kind":"plain","optional":true},"protocol":{"type":"string","description_kind":"plain","optional":true},"replace_key_prefix_with":{"type":"string","description_kind":"plain","optional":true},"replace_key_with":{"type":"string","description_kind":"plain","optional":true}},"description_kind":"plain"},"min_items":1,"max_items":1}},"description_kind":"plain"}}},"description_kind":"plain"}},"aws_s3_object":{"version":0,"block":{"attributes":{"acl":{"type":"string","description_kind":"plain","optional":true},"bucket":{"type":"string","description_kind":"plain","required":true},"bucket_key_enabled":{"type":"bool","description_kind":"plain","optional":true,"computed":true},"cache_control":{"type":"string","description_kind":"plain","optional":true},"content":{"type":"string","description_kind":"plain","optional":true},"content_base64":{"type":"string","description_kind":"plain","optional":true},"content_disposition":{"type":"string","description_kind":"plain","optional":true},"content_encoding":{"type":"string","description_kind":"plain","optional":true},"content_language":{"type":"string","description_kind":"plain","optional":true},"content_type":{"type":"string","description_kind":"plain","optional":true,"computed":true},"etag":{"type":"string","description_kind":"plain","optional":true,"computed":true},"force_destroy":{"type":"bool","description_kind":"plain","optional":true},"id":{"type":"string","description_kind":"plain","optional":true,"computed":true},"key":{"type":"string","description_kind":"plain","required":true},"kms_key_id":{"type":"string","description_kind":"plain","optional":true,"computed":true},"metadata":{"type":["map","string"],"description_kind":"plain","optional":true},"object_lock_legal_hold_status":{"type":"string","description_kind":"plain","optional":true},"object_lock_mode":{"type":"string","description_kind":"plain","optional":true},"object_lock_retain_until_date":{"type":"string","description_kind":"plain","optional":true},"server_side_encryption":{"type":"string","description_kind":"plain","optional":true,"computed":true},"source":{"type":"string","description_kind":"plain","optional":true},"source_hash":{"type":"string","description_kind":"plain","optional":true},"storage_class":{"type":"string","description_kind":"plain","optional":true,"computed":true},"tags":{"type":["map","string"],"description_kind":"plain","optional":true},"tags_all":{"type":["map","string"],"description_kind":"plain","optional":true,"computed":true},"version_id":{"type":"string","description_kind":"plain","computed":true},"website_redirect":{"type":"string","description_kind":"plain","optional":true}},"description_kind":"plain"}},"aws_s3_object_copy":{"version":0,"block":{"attributes":{"acl":{"type":"string","description_kind":"plain","optional":true},"bucket":{"type":"string","description_kind":"plain","required":true},"bucket_key_enabled":{"type":"bool","description_kind":"plain","optional":true,"computed":true},"cache_control":{"type":"string","description_kind":"plain","optional":true,"computed":true},"content_disposition":{"type":"string","description_kind":"plain","optional":true,"computed":true},"content_encoding":{"type":"string","description_kind":"plain","optional":true,"computed":true},"content_language":{"type":"string","description_kind":"plain","optional":true,"computed":true},"content_type":{"type":"string","description_kind":"plain","optional":true,"computed":true},"copy_if_match":{"type":"string","description_kind":"plain","optional":true},"copy_if_modified_since":{"type":"string","description_kind":"plain","optional":true},"copy_if_none_match":{"type":"string","description_kind":"plain","optional":true},"copy_if_unmodified_since":{"type":"string","description_kind":"plain","optional":true},"customer_algorithm":{"type":"string","description_kind":"plain","optional":true,"computed":true},"customer_key":{"type":"string","description_kind":"plain","optional":true,"sensitive":true},"customer_key_md5":{"type":"string","description_kind":"plain","optional":true,"computed":true},"etag":{"type":"string","description_kind":"plain","computed":true},"expected_bucket_owner":{"type":"string","description_kind":"plain","optional":true},"expected_source_bucket_owner":{"type":"string","description_kind":"plain","optional":true},"expiration":{"type":"string","description_kind":"plain","computed":true},"expires":{"type":"string","description_kind":"plain","optional":true},"force_destroy":{"type":"bool","description_kind":"plain","optional":true},"id":{"type":"string","description_kind":"plain","optional":true,"computed":true},"key":{"type":"string","description_kind":"plain","required":true},"kms_encryption_context":{"type":"string","description_kind":"plain","optional":true,"computed":true,"sensitive":true},"kms_key_id":{"type":"string","description_kind":"plain","optional":true,"computed":true,"sensitive":true},"last_modified":{"type":"string","description_kind":"plain","computed":true},"metadata":{"type":["map","string"],"description_kind":"plain","optional":true,"computed":true},"metadata_directive":{"type":"string","description_kind":"plain","optional":true},"object_lock_legal_hold_status":{"type":"string","description_kind":"plain","optional":true,"computed":true},"object_lock_mode":{"type":"string","description_kind":"plain","optional":true,"computed":true},"object_lock_retain_until_date":{"type":"string","description_kind":"plain","optional":true,"computed":true},"request_charged":{"type":"bool","description_kind":"plain","computed":true},"request_payer":{"type":"string","description_kind":"plain","optional":true},"server_side_encryption":{"type":"string","description_kind":"plain","optional":true,"computed":true},"source":{"type":"string","description_kind":"plain","required":true},"source_customer_algorithm":{"type":"string","description_kind":"plain","optional":true},"source_customer_key":{"type":"string","description_kind":"plain","optional":true,"sensitive":true},"source_customer_key_md5":{"type":"string","description_kind":"plain","optional":true},"source_version_id":{"type":"string","description_kind":"plain","computed":true},"storage_class":{"type":"string","description_kind":"plain","optional":true,"computed":true},"tagging_directive":{"type":"string","description_kind":"plain","optional":true},"tags":{"type":["map","string"],"description_kind":"plain","optional":true},"tags_all":{"type":["map","string"],"description_kind":"plain","optional":true,"computed":true},"version_id":{"type":"string","description_kind":"plain","computed":true},"website_redirect":{"type":"string","description_kind":"plain","optional":true,"computed":true}},"block_types":{"grant":{"nesting_mode":"set","block":{"attributes":{"email":{"type":"string","description_kind":"plain","optional":true},"id":{"type":"string","description_kind":"plain","optional":true},"permissions":{"type":["set","string"],"description_kind":"plain","required":true},"type":{"type":"string","description_kind":"plain","required":true},"uri":{"type":"string","description_kind":"plain","optional":true}},"description_kind":"plain"}}},"description_kind":"plain"}},"aws_security_group":{"version":1,"block":{"attributes":{"arn":{"type":"string","description_kind":"plain","computed":true},"description":{"type":"string","description_kind":"plain","optional":true},"egress":{"type":["set",["object",{"cidr_blocks":["list","string"],"description":"string","from_port":"number","ipv6_cidr_blocks":["list","string"],"prefix_list_ids":["list","string"],"protocol":"string","security_groups":["set","string"],"self":"bool","to_port":"number"}]],"description_kind":"plain","optional":true,"computed":true},"id":{"type":"string","description_kind":"plain","optional":true,"computed":true},"ingress":{"type":["set",["object",{"cidr_blocks":["list","string"],"description":"string","from_port":"number","ipv6_cidr_blocks":["list","string"],"prefix_list_ids":["list","string"],"protocol":"string","security_groups":["set","string"],"self":"bool","to_port":"number"}]],"description_kind":"plain","optional":true,"computed":true},"name":{"type":"string","description_kind":"plain","optional":true,"computed":true},"name_prefix":{"type":"string","description_kind":"plain","optional":true,"computed":true},"owner_id":{"type":"string","description_kind":"plain","computed":true},"revoke_rules_on_delete":{"type":"bool","description_kind":"plain","optional":true},"tags":{"type":["map","string"],"description_kind":"plain","optional":true},"tags_all":{"type":["map","string"],"description_kind":"plain","optional":true,"computed":true},"vpc_id":{"type":"string","description_kind":"plain","optional":true,"computed":true}},"block_types":{"timeouts":{"nesting_mode":"single","block":{"attributes":{"create":{"type":"string","description_kind":"plain","optional":true},"delete":{"type":"string","description_kind":"plain","optional":true}},"description_kind":"plain"}}},"description_kind":"plain"}},"aws_security_group_rule":{"version":2,"block":{"attributes":{"cidr_blocks":{"type":["list","string"],"description_kind":"plain","optional":true},"description":{"type":"string","description_kind":"plain","optional":true},"from_port":{"type":"number","description_kind":"plain","required":true},"id":{"type":"string","description_kind":"plain","optional":true,"computed":true},"ipv6_cidr_blocks":{"type":["list","string"],"description_kind":"plain","optional":true},"prefix_list_ids":{"type":["list","string"],"description_kind":"plain","optional":true},"protocol":{"type":"string","description_kind":"plain","required":true},"security_group_id":{"type":"string","description_kind":"plain","required":true},"self":{"type":"bool","description_kind":"plain","optional":true},"source_security_group_id":{"type":"string","description_kind":"plain","optional":true,"computed":true},"to_port":{"type":"number","description_kind":"plain","required":true},"type":{"type":"string","description":"Type of rule, ingress (inbound) or egress (outbound).","description_kind":"plain","required":true}},"description_kind":"plain"}},"aws_snapshot_create_volume_permission":{"version":0,"block":{"attributes":{"account_id":{"type":"string","description_kind":"plain","required":true},"id":{"type":"string","description_kind":"plain","optional":true,"computed":true},"snapshot_id":{"type":"string","description_kind":"plain","required":true}},"description_kind":"plain"}},"aws_subnet":{"version":1,"block":{"attributes":{"arn":{"type":"string","description_kind":"plain","computed":true},"assign_ipv6_address_on_creation":{"type":"bool","description_kind":"plain","optional":true},"availability_zone":{"type":"string","description_kind":"plain","optional":true,"computed":true},"availability_zone_id":{"type":"string","description_kind":"plain","optional":true,"computed":true},"cidr_block":{"type":"string","description_kind":"plain","optional":true},"customer_owned_ipv4_pool":{"type":"string","description_kind":"plain","optional":true},"enable_dns64":{"type":"bool","description_kind":"plain","optional":true},"enable_resource_name_dns_a_record_on_launch":{"type":"bool","description_kind":"plain","optional":true},"enable_resource_name_dns_aaaa_record_on_launch":{"type":"bool","description_kind":"plain","optional":true},"id":{"type":"string","description_kind":"plain","optional":true,"computed":true},"ipv6_cidr_block":{"type":"string","description_kind":"plain","optional":true},"ipv6_cidr_block_association_id":{"type":"string","description_kind":"plain","computed":true},"ipv6_native":{"type":"bool","description_kind":"plain","optional":true},"map_customer_owned_ip_on_launch":{"type":"bool","description_kind":"plain","optional":true},"map_public_ip_on_launch":{"type":"bool","description_kind":"plain","optional":true},"outpost_arn":{"type":"string","description_kind":"plain","optional":true},"owner_id":{"type":"string","description_kind":"plain","computed":true},"private_dns_hostname_type_on_launch":{"type":"string","description_kind":"plain","optional":true,"computed":true},"tags":{"type":["map","string"],"description_kind":"plain","optional":true},"tags_all":{"type":["map","string"],"description_kind":"plain","optional":true,"computed":true},"vpc_id":{"type":"string","description_kind":"plain","required":true}},"block_types":{"timeouts":{"nesting_mode":"single","block":{"attributes":{"create":{"type":"string","description_kind":"plain","optional":true},"delete":{"type":"string","description_kind":"plain","optional":true}},"description_kind":"plain"}}},"description_kind":"plain"}},"aws_volume_attachment":{"version":0,"block":{"attributes":{"device_name":{"type":"string","description_kind":"plain","deprecated":true,"optional":true},"force_detach":{"type":"bool","description_kind":"plain","optional":true},"generated_device_name":{"type":"string","description_kind":"plain","computed":true},"id":{"type":"string","description_kind":"plain","optional":true,"computed":true},"instance_id":{"type":"string","description_kind":"plain","required":true},"skip_destroy":{"type":"bool","description_kind":"plain","optional":true},"stop_instance_before_detaching":{"type":"bool","description_kind":"plain","optional":true},"volume_id":{"type":"string","description_kind":"plain","required":true}},"block_types":{"timeouts":{"nesting_mode":"single","block":{"attributes":{"create":{"type":"string","description_kind":"plain","optional":true},"delete":{"type":"string","description_kind":"plain","optional":true}},"description_kind":"plain"}}},"description_kind":"plain"}},"aws_vpc":{"version":1,"block":{"attributes":{"arn":{"type":"string","description_kind":"plain","computed":true},"assign_generated_ipv6_cidr_block":{"type":"bool","description_kind":"plain","optional":true},"cidr_block":{"type":"string","description_kind":"plain","optional":true,"computed":true},"default_network_acl_id":{"type":"string","description_kind":"plain","computed":true},"default_route_table_id":{"type":"string","description_kind":"plain","computed":true},"default_security_group_id":{"type":"string","description_kind":"plain","computed":true},"dhcp_options_id":{"type":"string","description_kind":"plain","computed":true},"enable_classiclink":{"type":"bool","description_kind":"plain","optional":true,"computed":true},"enable_classiclink_dns_support":{"type":"bool","description_kind":"plain","optional":true,"computed":true},"enable_dns_hostnames":{"type":"bool","description_kind":"plain","optional":true,"computed":true},"enable_dns_support":{"type":"bool","description_kind":"plain","optional":true},"id":{"type":"string","description_kind":"plain","optional":true,"computed":true},"instance_tenancy":{"type":"string","description_kind":"plain","optional":true},"ipv4_ipam_pool_id":{"type":"string","description_kind":"plain","optional":true},"ipv4_netmask_length":{"type":"number","description_kind":"plain","optional":true},"ipv6_association_id":{"type":"string","description_kind":"plain","computed":true},"ipv6_cidr_block":{"type":"string","description_kind":"plain","optional":true,"computed":true},"ipv6_cidr_block_network_border_group":{"type":"string","description_kind":"plain","optional":true,"computed":true},"ipv6_ipam_pool_id":{"type":"string","description_kind":"plain","optional":true},"ipv6_netmask_length":{"type":"number","description_kind":"plain","optional":true},"main_route_table_id":{"type":"string","description_kind":"plain","computed":true},"owner_id":{"type":"string","description_kind":"plain","computed":true},"tags":{"type":["map","string"],"description_kind":"plain","optional":true},"tags_all":{"type":["map","string"],"description_kind":"plain","optional":true,"computed":true}},"description_kind":"plain"}},"aws_vpc_dhcp_options":{"version":0,"block":{"attributes":{"arn":{"type":"string","description_kind":"plain","computed":true},"domain_name":{"type":"string","description_kind":"plain","optional":true},"domain_name_servers":{"type":["list","string"],"description_kind":"plain","optional":true},"id":{"type":"string","description_kind":"plain","optional":true,"computed":true},"netbios_name_servers":{"type":["list","string"],"description_kind":"plain","optional":true},"netbios_node_type":{"type":"string","description_kind":"plain","optional":true},"ntp_servers":{"type":["list","string"],"description_kind":"plain","optional":true},"owner_id":{"type":"string","description_kind":"plain","computed":true},"tags":{"type":["map","string"],"description_kind":"plain","optional":true},"tags_all":{"type":["map","string"],"description_kind":"plain","optional":true,"computed":true}},"description_kind":"plain"}},"aws_vpc_dhcp_options_association":{"version":0,"block":{"attributes":{"dhcp_options_id":{"type":"string","description_kind":"plain","required":true},"id":{"type":"string","description_kind":"plain","optional":true,"computed":true},"vpc_id":{"type":"string","description_kind":"plain","required":true}},"description_kind":"plain"}},"aws_vpn_connection":{"version":0,"block":{"attributes":{"arn":{"type":"string","description_kind":"plain","computed":true},"core_network_arn":{"type":"string","description_kind":"plain","computed":true},"core_network_attachment_arn":{"type":"string","description_kind":"plain","computed":true},"customer_gateway_configuration":{"type":"string","description_kind":"plain","computed":true,"sensitive":true},"customer_gateway_id":{"type":"string","description_kind":"plain","required":true},"enable_acceleration":{"type":"bool","description_kind":"plain","optional":true,"computed":true},"id":{"type":"string","description_kind":"plain","optional":true,"computed":true},"local_ipv4_network_cidr":{"type":"string","description_kind":"plain","optional":true,"computed":true},"local_ipv6_network_cidr":{"type":"string","description_kind":"plain","optional":true,"computed":true},"remote_ipv4_network_cidr":{"type":"string","description_kind":"plain","optional":true,"computed":true},"remote_ipv6_network_cidr":{"type":"string","description_kind":"plain","optional":true,"computed":true},"routes":{"type":["set",["object",{"destination_cidr_block":"string","source":"string","state":"string"}]],"description_kind":"plain","computed":true},"static_routes_only":{"type":"bool","description_kind":"plain","optional":true,"computed":true},"tags":{"type":["map","string"],"description_kind":"plain","optional":true},"tags_all":{"type":["map","string"],"description_kind":"plain","optional":true,"computed":true},"transit_gateway_attachment_id":{"type":"string","description_kind":"plain","computed":true},"transit_gateway_id":{"type":"string","description_kind":"plain","optional":true},"tunnel1_address":{"type":"string","description_kind":"plain","computed":true},"tunnel1_bgp_asn":{"type":"string","description_kind":"plain","computed":true},"tunnel1_bgp_holdtime":{"type":"number","description_kind":"plain","computed":true},"tunnel1_cgw_inside_address":{"type":"string","description_kind":"plain","computed":true},"tunnel1_dpd_timeout_action":{"type":"string","description_kind":"plain","optional":true},"tunnel1_dpd_timeout_seconds":{"type":"number","description_kind":"plain","optional":true},"tunnel1_ike_versions":{"type":["set","string"],"description_kind":"plain","optional":true},"tunnel1_inside_cidr":{"type":"string","description_kind":"plain","optional":true,"computed":true},"tunnel1_inside_ipv6_cidr":{"type":"string","description_kind":"plain","optional":true,"computed":true},"tunnel1_phase1_dh_group_numbers":{"type":["set","number"],"description_kind":"plain","optional":true},"tunnel1_phase1_encryption_algorithms":{"type":["set","string"],"description_kind":"plain","optional":true},"tunnel1_phase1_integrity_algorithms":{"type":["set","string"],"description_kind":"plain","optional":true},"tunnel1_phase1_lifetime_seconds":{"type":"number","description_kind":"plain","optional":true},"tunnel1_phase2_dh_group_numbers":{"type":["set","number"],"description_kind":"plain","optional":true},"tunnel1_phase2_encryption_algorithms":{"type":["set","string"],"description_kind":"plain","optional":true},"tunnel1_phase2_integrity_algorithms":{"type":["set","string"],"description_kind":"plain","optional":true},"tunnel1_phase2_lifetime_seconds":{"type":"number","description_kind":"plain","optional":true},"tunnel1_preshared_key":{"type":"string","description_kind":"plain","optional":true,"computed":true,"sensitive":true},"tunnel1_rekey_fuzz_percentage":{"type":"number","description_kind":"plain","optional":true},"tunnel1_rekey_margin_time_seconds":{"type":"number","description_kind":"plain","optional":true},"tunnel1_replay_window_size":{"type":"number","description_kind":"plain","optional":true},"tunnel1_startup_action":{"type":"string","description_kind":"plain","optional":true},"tunnel1_vgw_inside_address":{"type":"string","description_kind":"plain","computed":true},"tunnel2_address":{"type":"string","description_kind":"plain","computed":true},"tunnel2_bgp_asn":{"type":"string","description_kind":"plain","computed":true},"tunnel2_bgp_holdtime":{"type":"number","description_kind":"plain","computed":true},"tunnel2_cgw_inside_address":{"type":"string","description_kind":"plain","computed":true},"tunnel2_dpd_timeout_action":{"type":"string","description_kind":"plain","optional":true},"tunnel2_dpd_timeout_seconds":{"type":"number","description_kind":"plain","optional":true},"tunnel2_ike_versions":{"type":["set","string"],"description_kind":"plain","optional":true},"tunnel2_inside_cidr":{"type":"string","description_kind":"plain","optional":true,"computed":true},"tunnel2_inside_ipv6_cidr":{"type":"string","description_kind":"plain","optional":true,"computed":true},"tunnel2_phase1_dh_group_numbers":{"type":["set","number"],"description_kind":"plain","optional":true},"tunnel2_phase1_encryption_algorithms":{"type":["set","string"],"description_kind":"plain","optional":true},"tunnel2_phase1_integrity_algorithms":{"type":["set","string"],"description_kind":"plain","optional":true},"tunnel2_phase1_lifetime_seconds":{"type":"number","description_kind":"plain","optional":true},"tunnel2_phase2_dh_group_numbers":{"type":["set","number"],"description_kind":"plain","optional":true},"tunnel2_phase2_encryption_algorithms":{"type":["set","string"],"description_kind":"plain","optional":true},"tunnel2_phase2_integrity_algorithms":{"type":["set","string"],"description_kind":"plain","optional":true},"tunnel2_phase2_lifetime_seconds":{"type":"number","description_kind":"plain","optional":true},"tunnel2_preshared_key":{"type":"string","description_kind":"plain","optional":true,"computed":true,"sensitive":true},"tunnel2_rekey_fuzz_percentage":{"type":"number","description_kind":"plain","optional":true},"tunnel2_rekey_margin_time_seconds":{"type":"number","description_kind":"plain","optional":true},"tunnel2_replay_window_size":{"type":"number","description_kind":"plain","optional":true},"tunnel2_startup_action":{"type":"string","description_kind":"plain","optional":true},"tunnel2_vgw_inside_address":{"type":"string","description_kind":"plain","computed":true},"tunnel_inside_ip_version":{"type":"string","description_kind":"plain","optional":true,"computed":true},"type":{"type":"string","description_kind":"plain","required":true},"vgw_telemetry":{"type":["set",["object",{"accepted_route_count":"number","certificate_arn":"string","last_status_change":"string","outside_ip_address":"string","status":"string","status_message":"string"}]],"description_kind":"plain","computed":true},"vpn_gateway_id":{"type":"string","description_kind":"plain","optional":true}},"description_kind":"plain"}},"aws_vpn_gateway_route_propagation":{"version":0,"block":{"attributes":{"id":{"type":"string","description_kind":"plain","optional":true,"computed":true},"route_table_id":{"type":"string","description_kind":"plain","required":true},"vpn_gateway_id":{"type":"string","description_kind":"plain","required":true}},"block_types":{"timeouts":{"nesting_mode":"single","block":{"attributes":{"create":{"type":"string","description_kind":"plain","optional":true},"delete":{"type":"string","description_kind":"plain","optional":true}},"description_kind":"plain"}}},"description_kind":"plain"}}},"data_source_schemas":{"aws_ami":{"version":0,"block":{"attributes":{"architecture":{"type":"string","description_kind":"plain","computed":true},"arn":{"type":"string","description_kind":"plain","computed":true},"block_device_mappings":{"type":["set",["object",{"device_name":"string","ebs":["map","string"],"no_device":"string","virtual_name":"string"}]],"description_kind":"plain","computed":true},"boot_mode":{"type":"string","description_kind":"plain","computed":true},"creation_date":{"type":"string","description_kind":"plain","computed":true},"deprecation_time":{"type":"string","description_kind":"plain","computed":true},"description":{"type":"string","description_kind":"plain","computed":true},"ena_support":{"type":"bool","description_kind":"plain","computed":true},"executable_users":{"type":["list","string"],"description_kind":"plain","optional":true},"hypervisor":{"type":"string","description_kind":"plain","computed":true},"id":{"type":"string","description_kind":"plain","optional":true,"computed":true},"image_id":{"type":"string","description_kind":"plain","computed":true},"image_location":{"type":"string","description_kind":"plain","computed":true},"image_owner_alias":{"type":"string","description_kind":"plain","computed":true},"image_type":{"type":"string","description_kind":"plain","computed":true},"kernel_id":{"type":"string","description_kind":"plain","computed":true},"most_recent":{"type":"bool","description_kind":"plain","optional":true},"name":{"type":"string","description_kind":"plain","computed":true},"name_regex":{"type":"string","description_kind":"plain","optional":true},"owner_id":{"type":"string","description_kind":"plain","computed":true},"owners":{"type":["list","string"],"description_kind":"plain","required":true},"platform":{"type":"string","description_kind":"plain","computed":true},"platform_details":{"type":"string","description_kind":"plain","computed":true},"product_codes":{"type":["set",["object",{"product_code_id":"string","product_code_type":"string"}]],"description_kind":"plain","computed":true},"public":{"type":"bool","description_kind":"plain","computed":true},"ramdisk_id":{"type":"string","description_kind":"plain","computed":true},"root_device_name":{"type":"string","description_kind":"plain","computed":true},"root_device_type":{"type":"string","description_kind":"plain","computed":true},"root_snapshot_id":{"type":"string","description_kind":"plain","computed":true},"sriov_net_support":{"type":"string","description_kind":"plain","computed":true},"state":{"type":"string","description_kind":"plain","computed":true},"state_reason":{"type":["map","string"],"description_kind":"plain","computed":true},"tags":{"type":["map","string"],"description_kind":"plain","optional":true,"computed":true},"usage_operation":{"type":"string","description_kind":"plain","computed":true},"virtualization_type":{"type":"string","description_kind":"plain","computed":true}},"block_types":{"filter":{"nesting_mode":"set","block":{"attributes":{"name":{"type":"string","description_kind":"plain","required":true},"values":{"type":["list","string"],"description_kind":"plain","required":true}},"description_kind":"plain"}}},"description_kind":"plain"}},"aws_ami_ids":{"version":0,"block":{"attributes":{"executable_users":{"type":["list","string"],"description_kind":"plain","optional":true},"id":{"type":"string","description_kind":"plain","optional":true,"computed":true},"ids":{"type":["list","string"],"description_kind":"plain","computed":true},"name_regex":{"type":"string","description_kind":"plain","optional":true},"owners":{"type":["list","string"],"description_kind":"plain","required":true},"sort_ascending":{"type":"bool","description_kind":"plain","optional":true}},"block_types":{"filter":{"nesting_mode":"set","block":{"attributes":{"name":{"type":"string","description_kind":"plain","required":true},"values":{"type":["list","string"],"description_kind":"plain","required":true}},"description_kind":"plain"}}},"description_kind":"plain"}},"aws_autoscaling_group":{"version":0,"block":{"attributes":{"arn":{"type":"string","description_kind":"plain","computed":true},"availability_zones":{"type":["set","string"],"description_kind":"plain","computed":true},"default_cooldown":{"type":"number","description_kind":"plain","computed":true},"desired_capacity":{"type":"number","description_kind":"plain","computed":true},"enabled_metrics":{"type":["set","string"],"description_kind":"plain","computed":true},"health_check_grace_period":{"type":"number","description_kind":"plain","computed":true},"health_check_type":{"type":"string","description_kind":"plain","computed":true},"id":{"type":"string","description_kind":"plain","optional":true,"computed":true},"launch_configuration":{"type":"string","description_kind":"plain","computed":true},"launch_template":{"type":["list",["object",{"id":"string","name":"string","version":"string"}]],"description_kind":"plain","computed":true},"load_balancers":{"type":["set","string"],"description_kind":"plain","computed":true},"max_size":{"type":"number","description_kind":"plain","computed":true},"min_size":{"type":"number","description_kind":"plain","computed":true},"name":{"type":"string","description_kind":"plain","required":true},"new_instances_protected_from_scale_in":{"type":"bool","description_kind":"plain","computed":true},"placement_group":{"type":"string","description_kind":"plain","computed":true},"service_linked_role_arn":{"type":"string","description_kind":"plain","computed":true},"status":{"type":"string","description_kind":"plain","computed":true},"target_group_arns":{"type":["set","string"],"description_kind":"plain","computed":true},"termination_policies":{"type":["set","string"],"description_kind":"plain","computed":true},"vpc_zone_identifier":{"type":"string","description_kind":"plain","computed":true}},"description_kind":"plain"}},"aws_availability_zone":{"version":0,"block":{"attributes":{"all_availability_zones":{"type":"bool","description_kind":"plain","optional":true},"group_name":{"type":"string","description_kind":"plain","computed":true},"id":{"type":"string","description_kind":"plain","optional":true,"computed":true},"name":{"type":"string","description_kind":"plain","optional":true,"computed":true},"name_suffix":{"type":"string","description_kind":"plain","computed":true},"network_border_group":{"type":"string","description_kind":"plain","computed":true},"opt_in_status":{"type":"string","description_kind":"plain","computed":true},"parent_zone_id":{"type":"string","description_kind":"plain","computed":true},"parent_zone_name":{"type":"string","description_kind":"plain","computed":true},"region":{"type":"string","description_kind":"plain","computed":true},"state":{"type":"string","description_kind":"plain","optional":true,"computed":true},"zone_id":{"type":"string","description_kind":"plain","optional":true,"computed":true},"zone_type":{"type":"string","description_kind":"plain","computed":true}},"block_types":{"filter":{"nesting_mode":"set","block":{"attributes":{"name":{"type":"string","description_kind":"plain","required":true},"values":{"type":["set","string"],"description_kind":"plain","required":true}},"description_kind":"plain"}}},"description_kind":"plain"}},"aws_availability_zones":{"version":0,"block":{"attributes":{"all_availability_zones":{"type":"bool","description_kind":"plain","optional":true},"exclude_names":{"type":["set","string"],"description_kind":"plain","optional":true},"exclude_zone_ids":{"type":["set","string"],"description_kind":"plain","optional":true},"group_names":{"type":["set","string"],"description_kind":"plain","computed":true},"id":{"type":"string","description_kind":"plain","optional":true,"computed":true},"names":{"type":["list","string"],"description_kind":"plain","computed":true},"state":{"type":"string","description_kind":"plain","optional":true},"zone_ids":{"type":["list","string"],"description_kind":"plain","computed":true}},"block_types":{"filter":{"nesting_mode":"set","block":{"attributes":{"name":{"type":"string","description_kind":"plain","required":true},"values":{"type":["set","string"],"description_kind":"plain","required":true}},"description_kind":"plain"}}},"description_kind":"plain"}},"aws_backup_plan":{"version":0,"block":{"attributes":{"arn":{"type":"string","description_kind":"plain","computed":true},"id":{"type":"string","description_kind":"plain","optional":true,"computed":true},"name":{"type":"string","description_kind":"plain","computed":true},"plan_id":{"type":"string","description_kind":"plain","required":true},"version":{"type":"string","description_kind":"plain","computed":true}},"description_kind":"plain"}},"aws_backup_selection":{"version":0,"block":{"attributes":{"iam_role_arn":{"type":"string","description_kind":"plain","computed":true},"id":{"type":"string","description_kind":"plain","optional":true,"computed":true},"name":{"type":"string","description_kind":"plain","computed":true},"plan_id":{"type":"string","description_kind":"plain","required":true},"resources":{"type":["set","string"],"description_kind":"plain","computed":true},"selection_id":{"type":"string","description_kind":"plain","required":true}},"description_kind":"plain"}},"aws_backup_vault":{"version":0,"block":{"attributes":{"arn":{"type":"string","description_kind":"plain","computed":true},"id":{"type":"string","description_kind":"plain","optional":true,"computed":true},"kms_key_arn":{"type":"string","description_kind":"plain","computed":true},"name":{"type":"string","description_kind":"plain","required":true},"recovery_points":{"type":"number","description_kind":"plain","computed":true}},"description_kind":"plain"}},"aws_canonical_user_id":{"version":0,"block":{"attributes":{"display_name":{"type":"string","description_kind":"plain","computed":true},"id":{"type":"string","description_kind":"plain","optional":true,"computed":true}},"description_kind":"plain"}},"aws_customer_gateway":{"version":0,"block":{"attributes":{"arn":{"type":"string","description_kind":"plain","computed":true},"bgp_asn":{"type":"number","description_kind":"plain","computed":true},"certificate_arn":{"type":"string","description_kind":"plain","computed":true},"device_name":{"type":"string","description_kind":"plain","computed":true},"id":{"type":"string","description_kind":"plain","optional":true,"computed":true},"ip_address":{"type":"string","description_kind":"plain","computed":true},"tags":{"type":["map","string"],"description_kind":"plain","optional":true,"computed":true},"type":{"type":"string","description_kind":"plain","computed":true}},"block_types":{"filter":{"nesting_mode":"set","block":{"attributes":{"name":{"type":"string","description_kind":"plain","required":true},"values":{"type":["list","string"],"description_kind":"plain","required":true}},"description_kind":"plain"}}},"description_kind":"plain"}},"aws_dx_connection":{"version":0,"block":{"attributes":{"arn":{"type":"string","description_kind":"plain","computed":true},"aws_device":{"type":"string","description_kind":"plain","computed":true},"bandwidth":{"type":"string","description_kind":"plain","computed":true},"id":{"type":"string","description_kind":"plain","optional":true,"computed":true},"location":{"type":"string","description_kind":"plain","computed":true},"name":{"type":"string","description_kind":"plain","required":true},"owner_account_id":{"type":"string","description_kind":"plain","computed":true},"provider_name":{"type":"string","description_kind":"plain","computed":true},"tags":{"type":["map","string"],"description_kind":"plain","optional":true,"computed":true}},"description_kind":"plain"}},"aws_dx_gateway":{"version":0,"block":{"attributes":{"amazon_side_asn":{"type":"string","description_kind":"plain","computed":true},"id":{"type":"string","description_kind":"plain","optional":true,"computed":true},"name":{"type":"string","description_kind":"plain","required":true},"owner_account_id":{"type":"string","description_kind":"plain","computed":true}},"description_kind":"plain"}},"aws_dx_lag":{"version":0,"block":{"attributes":{"arn":{"type":"string","description_kind":"plain","computed":true},"aws_device":{"type":"string","description_kind":"plain","computed":true},"bandwidth":{"type":"string","description_kind":"plain","computed":true},"id":{"type":"string","description_kind":"plain","optional":true,"computed":true},"location":{"type":"string","description_kind":"plain","computed":true},"name":{"type":"string","description_kind":"plain","required":true},"owner_account_id":{"type":"string","description_kind":"plain","computed":true},"provider_name":{"type":"string","description_kind":"plain","computed":true},"tags":{"type":["map","string"],"description_kind":"plain","optional":true,"computed":true}},"description_kind":"plain"}},"aws_ebs_snapshot":{"version":0,"block":{"attributes":{"arn":{"type":"string","description_kind":"plain","computed":true},"data_encryption_key_id":{"type":"string","description_kind":"plain","computed":true},"description":{"type":"string","description_kind":"plain","computed":true},"encrypted":{"type":"bool","description_kind":"plain","computed":true},"id":{"type":"string","description_kind":"plain","optional":true,"computed":true},"kms_key_id":{"type":"string","description_kind":"plain","computed":true},"most_recent":{"type":"bool","description_kind":"plain","optional":true},"outpost_arn":{"type":"string","description_kind":"plain","computed":true},"owner_alias":{"type":"string","description_kind":"plain","computed":true},"owner_id":{"type":"string","description_kind":"plain","computed":true},"owners":{"type":["list","string"],"description_kind":"plain","optional":true},"restorable_by_user_ids":{"type":["list","string"],"description_kind":"plain","optional":true},"snapshot_id":{"type":"string","description_kind":"plain","computed":true},"snapshot_ids":{"type":["list","string"],"description_kind":"plain","optional":true},"state":{"type":"string","description_kind":"plain","computed":true},"storage_tier":{"type":"string","description_kind":"plain","computed":true},"tags":{"type":["map","string"],"description_kind":"plain","optional":true,"computed":true},"volume_id":{"type":"string","description_kind":"plain","computed":true},"volume_size":{"type":"number","description_kind":"plain","computed":true}},"block_types":{"filter":{"nesting_mode":"set","block":{"attributes":{"name":{"type":"string","description_kind":"plain","required":true},"values":{"type":["list","string"],"description_kind":"plain","required":true}},"description_kind":"plain"}}},"description_kind":"plain"}},"aws_ebs_snapshot_ids":{"version":0,"block":{"attributes":{"id":{"type":"string","description_kind":"plain","optional":true,"computed":true},"ids":{"type":["list","string"],"description_kind":"plain","computed":true},"owners":{"type":["list","string"],"description_kind":"plain","optional":true},"restorable_by_user_ids":{"type":["list","string"],"description_kind":"plain","optional":true}},"block_types":{"filter":{"nesting_mode":"set","block":{"attributes":{"name":{"type":"string","description_kind":"plain","required":true},"values":{"type":["list","string"],"description_kind":"plain","required":true}},"description_kind":"plain"}}},"description_kind":"plain"}},"aws_ebs_volume":{"version":0,"block":{"attributes":{"arn":{"type":"string","description_kind":"plain","computed":true},"availability_zone":{"type":"string","description_kind":"plain","computed":true},"encrypted":{"type":"bool","description_kind":"plain","computed":true},"id":{"type":"string","description_kind":"plain","optional":true,"computed":true},"iops":{"type":"number","description_kind":"plain","computed":true},"kms_key_id":{"type":"string","description_kind":"plain","computed":true},"most_recent":{"type":"bool","description_kind":"plain","optional":true},"multi_attach_enabled":{"type":"bool","description_kind":"plain","computed":true},"outpost_arn":{"type":"string","description_kind":"plain","computed":true},"size":{"type":"number","description_kind":"plain","computed":true},"snapshot_id":{"type":"string","description_kind":"plain","computed":true},"tags":{"type":["map","string"],"description_kind":"plain","optional":true,"computed":true},"throughput":{"type":"number","description_kind":"plain","computed":true},"volume_id":{"type":"string","description_kind":"plain","computed":true},"volume_type":{"type":"string","description_kind":"plain","computed":true}},"block_types":{"filter":{"nesting_mode":"set","block":{"attributes":{"name":{"type":"string","description_kind":"plain","required":true},"values":{"type":["list","string"],"description_kind":"plain","required":true}},"description_kind":"plain"}}},"description_kind":"plain"}},"aws_ebs_volumes":{"version":0,"block":{"attributes":{"id":{"type":"string","description_kind":"plain","optional":true,"computed":true},"ids":{"type":["list","string"],"description_kind":"plain","computed":true},"tags":{"type":["map","string"],"description_kind":"plain","optional":true}},"block_types":{"filter":{"nesting_mode":"set","block":{"attributes":{"name":{"type":"string","description_kind":"plain","required":true},"values":{"type":["list","string"],"description_kind":"plain","required":true}},"description_kind":"plain"}}},"description_kind":"plain"}},"aws_ec2_host":{"version":0,"block":{"attributes":{"arn":{"type":"string","description_kind":"plain","computed":true},"auto_placement":{"type":"string","description_kind":"plain","computed":true},"availability_zone":{"type":"string","description_kind":"plain","computed":true},"cores":{"type":"number","description_kind":"plain","computed":true},"host_id":{"type":"string","description_kind":"plain","optional":true,"computed":true},"host_recovery":{"type":"string","description_kind":"plain","computed":true},"id":{"type":"string","description_kind":"plain","optional":true,"computed":true},"instance_family":{"type":["list","string"],"description_kind":"plain","computed":true},"instance_type":{"type":"string","description_kind":"plain","computed":true},"owner_id":{"type":"string","description_kind":"plain","computed":true},"sockets":{"type":"number","description_kind":"plain","computed":true},"tags":{"type":["map","string"],"description_kind":"plain","optional":true,"computed":true},"total_vcpus":{"type":"number","description_kind":"plain","computed":true}},"block_types":{"filter":{"nesting_mode":"set","block":{"attributes":{"name":{"type":"string","description_kind":"plain","required":true},"values":{"type":["list","string"],"description_kind":"plain","required":true}},"description_kind":"plain"}}},"description_kind":"plain"}},"aws_ec2_transit_gateway":{"version":0,"block":{"attributes":{"amazon_side_asn":{"type":"number","description_kind":"plain","computed":true},"arn":{"type":"string","description_kind":"plain","computed":true},"association_default_route_table_id":{"type":"string","description_kind":"plain","computed":true},"auto_accept_shared_attachments":{"type":"string","description_kind":"plain","computed":true},"default_route_table_association":{"type":"string","description_kind":"plain","computed":true},"default_route_table_propagation":{"type":"string","description_kind":"plain","computed":true},"description":{"type":"string","description_kind":"plain","computed":true},"dns_support":{"type":"string","description_kind":"plain","computed":true},"id":{"type":"string","description_kind":"plain","optional":true,"computed":true},"multicast_support":{"type":"string","description_kind":"plain","computed":true},"owner_id":{"type":"string","description_kind":"plain","computed":true},"propagation_default_route_table_id":{"type":"string","description_kind":"plain","computed":true},"shared_owners":{"type":["set","string"],"description_kind":"plain","computed":true},"tags":{"type":["map","string"],"description_kind":"plain","optional":true,"computed":true},"transit_gateway_cidr_blocks":{"type":["list","string"],"description_kind":"plain","computed":true},"vpn_ecmp_support":{"type":"string","description_kind":"plain","computed":true}},"block_types":{"filter":{"nesting_mode":"set","block":{"attributes":{"name":{"type":"string","description_kind":"plain","required":true},"values":{"type":["list","string"],"description_kind":"plain","required":true}},"description_kind":"plain"}}},"description_kind":"plain"}},"aws_ec2_transit_gateway_dx_gateway_attachment":{"version":0,"block":{"attributes":{"dx_gateway_id":{"type":"string","description_kind":"plain","optional":true},"id":{"type":"string","description_kind":"plain","optional":true,"computed":true},"tags":{"type":["map","string"],"description_kind":"plain","optional":true,"computed":true},"transit_gateway_id":{"type":"string","description_kind":"plain","optional":true}},"block_types":{"filter":{"nesting_mode":"set","block":{"attributes":{"name":{"type":"string","description_kind":"plain","required":true},"values":{"type":["list","string"],"description_kind":"plain","required":true}},"description_kind":"plain"}}},"description_kind":"plain"}},"aws_ec2_transit_gateway_route_table":{"version":0,"block":{"attributes":{"arn":{"type":"string","description_kind":"plain","computed":true},"default_association_route_table":{"type":"bool","description_kind":"plain","computed":true},"default_propagation_route_table":{"type":"bool","description_kind":"plain","computed":true},"id":{"type":"string","description_kind":"plain","optional":true,"computed":true},"tags":{"type":["map","string"],"description_kind":"plain","optional":true,"computed":true},"transit_gateway_id":{"type":"string","description_kind":"plain","computed":true}},"block_types":{"filter":{"nesting_mode":"set","block":{"attributes":{"name":{"type":"string","description_kind":"plain","required":true},"values":{"type":["list","string"],"description_kind":"plain","required":true}},"description_kind":"plain"}}},"description_kind":"plain"}},"aws_ec2_transit_gateway_route_tables":{"version":0,"block":{"attributes":{"id":{"type":"string","description_kind":"plain","optional":true,"computed":true},"ids":{"type":["list","string"],"description_kind":"plain","computed":true},"tags":{"type":["map","string"],"description_kind":"plain","optional":true,"computed":true}},"block_types":{"filter":{"nesting_mode":"set","block":{"attributes":{"name":{"type":"string","description_kind":"plain","required":true},"values":{"type":["list","string"],"description_kind":"plain","required":true}},"description_kind":"plain"}}},"description_kind":"plain"}},"aws_ec2_transit_gateway_vpc_attachment":{"version":0,"block":{"attributes":{"appliance_mode_support":{"type":"string","description_kind":"plain","computed":true},"dns_support":{"type":"string","description_kind":"plain","computed":true},"id":{"type":"string","description_kind":"plain","optional":true,"computed":true},"ipv6_support":{"type":"string","description_kind":"plain","computed":true},"subnet_ids":{"type":["set","string"],"description_kind":"plain","computed":true},"tags":{"type":["map","string"],"description_kind":"plain","optional":true,"computed":true},"transit_gateway_id":{"type":"string","description_kind":"plain","computed":true},"vpc_id":{"type":"string","description_kind":"plain","computed":true},"vpc_owner_id":{"type":"string","description_kind":"plain","computed":true}},"block_types":{"filter":{"nesting_mode":"set","block":{"attributes":{"name":{"type":"string","description_kind":"plain","required":true},"values":{"type":["list","string"],"description_kind":"plain","required":true}},"description_kind":"plain"}}},"description_kind":"plain"}},"aws_ec2_transit_gateway_vpc_attachments":{"version":0,"block":{"attributes":{"id":{"type":"string","description_kind":"plain","optional":true,"computed":true},"ids":{"type":["list","string"],"description_kind":"plain","computed":true}},"block_types":{"filter":{"nesting_mode":"set","block":{"attributes":{"name":{"type":"string","description_kind":"plain","required":true},"values":{"type":["list","string"],"description_kind":"plain","required":true}},"description_kind":"plain"}}},"description_kind":"plain"}},"aws_eip":{"version":0,"block":{"attributes":{"association_id":{"type":"string","description_kind":"plain","computed":true},"carrier_ip":{"type":"string","description_kind":"plain","computed":true},"customer_owned_ip":{"type":"string","description_kind":"plain","computed":true},"customer_owned_ipv4_pool":{"type":"string","description_kind":"plain","computed":true},"domain":{"type":"string","description_kind":"plain","computed":true},"id":{"type":"string","description_kind":"plain","optional":true,"computed":true},"instance_id":{"type":"string","description_kind":"plain","computed":true},"network_interface_id":{"type":"string","description_kind":"plain","computed":true},"network_interface_owner_id":{"type":"string","description_kind":"plain","computed":true},"private_dns":{"type":"string","description_kind":"plain","computed":true},"private_ip":{"type":"string","description_kind":"plain","computed":true},"public_dns":{"type":"string","description_kind":"plain","computed":true},"public_ip":{"type":"string","description_kind":"plain","optional":true,"computed":true},"public_ipv4_pool":{"type":"string","description_kind":"plain","computed":true},"tags":{"type":["map","string"],"description_kind":"plain","optional":true,"computed":true}},"block_types":{"filter":{"nesting_mode":"set","block":{"attributes":{"name":{"type":"string","description_kind":"plain","required":true},"values":{"type":["set","string"],"description_kind":"plain","required":true}},"description_kind":"plain"}}},"description_kind":"plain"}},"aws_eips":{"version":0,"block":{"attributes":{"allocation_ids":{"type":["list","string"],"description_kind":"plain","computed":true},"id":{"type":"string","description_kind":"plain","optional":true,"computed":true},"public_ips":{"type":["list","string"],"description_kind":"plain","computed":true},"tags":{"type":["map","string"],"description_kind":"plain","optional":true,"computed":true}},"block_types":{"filter":{"nesting_mode":"set","block":{"attributes":{"name":{"type":"string","description_kind":"plain","required":true},"values":{"type":["list","string"],"description_kind":"plain","required":true}},"description_kind":"plain"}}},"description_kind":"plain"}},"aws_eks_cluster":{"version":0,"block":{"attributes":{"arn":{"type":"string","description_kind":"plain","computed":true},"certificate_authority":{"type":["list",["object",{"data":"string"}]],"description_kind":"plain","computed":true},"created_at":{"type":"string","description_kind":"plain","computed":true},"enabled_cluster_log_types":{"type":["set","string"],"description_kind":"plain","computed":true},"endpoint":{"type":"string","description_kind":"plain","computed":true},"id":{"type":"string","description_kind":"plain","optional":true,"computed":true},"identity":{"type":["list",["object",{"oidc":["list",["object",{"issuer":"string"}]]}]],"description_kind":"plain","computed":true},"kubernetes_network_config":{"type":["list",["object",{"ip_family":"string","service_ipv4_cidr":"string"}]],"description_kind":"plain","computed":true},"legacy_cluster_params":{"type":["list",["object",{"master_config":["list",["object",{"high_availability":"bool","instance_type":"string","public_ip":"string","volume_iops":"number","volume_size":"number","volume_type":"string"}]]}]],"description_kind":"plain","computed":true},"name":{"type":"string","description_kind":"plain","required":true},"platform_version":{"type":"string","description_kind":"plain","computed":true},"role_arn":{"type":"string","description_kind":"plain","computed":true},"status":{"type":"string","description_kind":"plain","computed":true},"tags":{"type":["map","string"],"description_kind":"plain","optional":true,"computed":true},"version":{"type":"string","description_kind":"plain","computed":true},"vpc_config":{"type":["list",["object",{"cluster_security_group_id":"string","endpoint_private_access":"bool","endpoint_public_access":"bool","public_access_cidrs":["set","string"],"security_group_ids":["set","string"],"subnet_ids":["set","string"],"vpc_id":"string"}]],"description_kind":"plain","computed":true}},"description_kind":"plain"}},"aws_eks_cluster_auth":{"version":0,"block":{"attributes":{"id":{"type":"string","description_kind":"plain","optional":true,"computed":true},"name":{"type":"string","description_kind":"plain","required":true},"token":{"type":"string","description_kind":"plain","computed":true,"sensitive":true}},"description_kind":"plain"}},"aws_eks_clusters":{"version":0,"block":{"attributes":{"id":{"type":"string","description_kind":"plain","optional":true,"computed":true},"names":{"type":["set","string"],"description_kind":"plain","computed":true}},"description_kind":"plain"}},"aws_eks_node_group":{"version":0,"block":{"attributes":{"ami_type":{"type":"string","description_kind":"plain","computed":true},"arn":{"type":"string","description_kind":"plain","computed":true},"cluster_name":{"type":"string","description_kind":"plain","required":true},"disk_size":{"type":"number","description_kind":"plain","computed":true},"id":{"type":"string","description_kind":"plain","optional":true,"computed":true},"instance_types":{"type":["list","string"],"description_kind":"plain","computed":true},"labels":{"type":["map","string"],"description_kind":"plain","computed":true},"node_group_name":{"type":"string","description_kind":"plain","required":true},"node_role_arn":{"type":"string","description_kind":"plain","computed":true},"release_version":{"type":"string","description_kind":"plain","computed":true},"remote_access":{"type":["list",["object",{"ec2_ssh_key":"string","source_security_group_ids":["set","string"]}]],"description_kind":"plain","computed":true},"resources":{"type":["list",["object",{"autoscaling_groups":["list",["object",{"name":"string"}]],"remote_access_security_group_id":"string"}]],"description_kind":"plain","computed":true},"scaling_config":{"type":["list",["object",{"desired_size":"number","max_size":"number","min_size":"number"}]],"description_kind":"plain","computed":true},"status":{"type":"string","description_kind":"plain","computed":true},"subnet_ids":{"type":["set","string"],"description_kind":"plain","computed":true},"tags":{"type":["map","string"],"description_kind":"plain","optional":true,"computed":true},"taints":{"type":["list",["object",{"effect":"string","key":"string","value":"string"}]],"description_kind":"plain","computed":true},"version":{"type":"string","description_kind":"plain","computed":true}},"description_kind":"plain"}},"aws_eks_node_groups":{"version":0,"block":{"attributes":{"cluster_name":{"type":"string","description_kind":"plain","required":true},"id":{"type":"string","description_kind":"plain","optional":true,"computed":true},"names":{"type":["set","string"],"description_kind":"plain","computed":true}},"description_kind":"plain"}},"aws_iam_group":{"version":0,"block":{"attributes":{"arn":{"type":"string","description_kind":"plain","optional":true,"computed":true},"create_date":{"type":"string","description_kind":"plain","computed":true},"group_id":{"type":"string","description_kind":"plain","computed":true},"id":{"type":"string","description_kind":"plain","optional":true,"computed":true},"name":{"type":"string","description_kind":"plain","optional":true,"computed":true},"owner":{"type":"string","description_kind":"plain","computed":true},"path":{"type":"string","description_kind":"plain","computed":true},"type":{"type":"string","description_kind":"plain","computed":true},"users":{"type":["list",["object",{"arn":"string","path":"string","user_id":"string","user_name":"string"}]],"description_kind":"plain","computed":true}},"description_kind":"plain"}},"aws_iam_policy":{"version":0,"block":{"attributes":{"arn":{"type":"string","description_kind":"plain","optional":true,"computed":true},"create_date":{"type":"string","description_kind":"plain","computed":true},"description":{"type":"string","description_kind":"plain","computed":true},"id":{"type":"string","description_kind":"plain","optional":true,"computed":true},"name":{"type":"string","description_kind":"plain","optional":true,"computed":true},"owner":{"type":"string","description_kind":"plain","computed":true},"path":{"type":"string","description_kind":"plain","computed":true},"path_prefix":{"type":"string","description_kind":"plain","optional":true},"policy":{"type":"string","description_kind":"plain","computed":true},"policy_id":{"type":"string","description_kind":"plain","computed":true},"tags":{"type":["map","string"],"description_kind":"plain","optional":true,"computed":true},"type":{"type":"string","description_kind":"plain","computed":true},"update_date":{"type":"string","description_kind":"plain","computed":true}},"description_kind":"plain"}},"aws_iam_project":{"version":0,"block":{"attributes":{"arn":{"type":"string","description_kind":"plain","computed":true},"create_date":{"type":"string","description_kind":"plain","computed":true},"display_name":{"type":"string","description_kind":"plain","computed":true},"id":{"type":"string","description_kind":"plain","optional":true,"computed":true},"name":{"type":"string","description_kind":"plain","required":true},"project_id":{"type":"string","description_kind":"plain","computed":true},"s3_email":{"type":"string","description_kind":"plain","computed":true},"state":{"type":"string","description_kind":"plain","computed":true}},"description_kind":"plain"}},"aws_iam_user":{"version":0,"block":{"attributes":{"arn":{"type":"string","description_kind":"plain","computed":true},"display_name":{"type":"string","description_kind":"plain","computed":true},"email":{"type":"string","description_kind":"plain","computed":true},"enabled":{"type":"bool","description_kind":"plain","computed":true},"id":{"type":"string","description_kind":"plain","optional":true,"computed":true},"last_login_date":{"type":"string","description_kind":"plain","computed":true},"login":{"type":"string","description_kind":"plain","computed":true},"name":{"type":"string","description_kind":"plain","required":true},"otp_required":{"type":"bool","description_kind":"plain","computed":true},"path":{"type":"string","description_kind":"plain","computed":true},"permissions_boundary":{"type":"string","description_kind":"plain","computed":true},"phone":{"type":"string","description_kind":"plain","computed":true},"tags":{"type":["map","string"],"description_kind":"plain","optional":true,"computed":true},"update_date":{"type":"string","description_kind":"plain","computed":true},"user_id":{"type":"string","description_kind":"plain","computed":true}},"description_kind":"plain"}},"aws_iam_users":{"version":0,"block":{"attributes":{"arns":{"type":["set","string"],"description_kind":"plain","computed":true},"id":{"type":"string","description_kind":"plain","optional":true,"computed":true},"name_regex":{"type":"string","description_kind":"plain","optional":true},"names":{"type":["set","string"],"description_kind":"plain","computed":true},"path_prefix":{"type":"string","description_kind":"plain","optional":true}},"description_kind":"plain"}},"aws_instance":{"version":1,"block":{"attributes":{"affinity":{"type":"string","description_kind":"plain","computed":true},"ami":{"type":"string","description_kind":"plain","computed":true},"arn":{"type":"string","description_kind":"plain","computed":true},"associate_public_ip_address":{"type":"bool","description_kind":"plain","computed":true},"availability_zone":{"type":"string","description_kind":"plain","computed":true},"credit_specification":{"type":["list",["object",{"cpu_credits":"string"}]],"description_kind":"plain","computed":true},"disable_api_termination":{"type":"bool","description_kind":"plain","computed":true},"ebs_block_device":{"type":["set",["object",{"delete_on_termination":"bool","device_name":"string","encrypted":"bool","iops":"number","kms_key_id":"string","snapshot_id":"string","tags":["map","string"],"throughput":"number","volume_id":"string","volume_size":"number","volume_type":"string"}]],"description_kind":"plain","computed":true},"ebs_optimized":{"type":"bool","description_kind":"plain","computed":true},"enclave_options":{"type":["list",["object",{"enabled":"bool"}]],"description_kind":"plain","computed":true},"ephemeral_block_device":{"type":["list",["object",{"device_name":"string","no_device":"bool","virtual_name":"string"}]],"description_kind":"plain","computed":true},"get_password_data":{"type":"bool","description_kind":"plain","optional":true},"get_user_data":{"type":"bool","description_kind":"plain","optional":true},"host_id":{"type":"string","description_kind":"plain","computed":true},"iam_instance_profile":{"type":"string","description_kind":"plain","computed":true},"id":{"type":"string","description_kind":"plain","optional":true,"computed":true},"instance_id":{"type":"string","description_kind":"plain","optional":true},"instance_state":{"type":"string","description_kind":"plain","computed":true},"instance_tags":{"type":["map","string"],"description_kind":"plain","optional":true,"computed":true},"instance_type":{"type":"string","description_kind":"plain","computed":true},"ipv6_addresses":{"type":["set","string"],"description_kind":"plain","computed":true},"key_name":{"type":"string","description_kind":"plain","computed":true},"maintenance_options":{"type":["list",["object",{"auto_recovery":"string"}]],"description_kind":"plain","computed":true},"metadata_options":{"type":["list",["object",{"http_endpoint":"string","http_put_response_hop_limit":"number","http_tokens":"string","instance_metadata_tags":"string"}]],"description_kind":"plain","computed":true},"monitoring":{"type":"bool","description_kind":"plain","computed":true},"network_interface_id":{"type":"string","description_kind":"plain","computed":true},"outpost_arn":{"type":"string","description_kind":"plain","computed":true},"password_data":{"type":"string","description_kind":"plain","computed":true},"placement_group":{"type":"string","description_kind":"plain","computed":true},"placement_partition_number":{"type":"number","description_kind":"plain","computed":true},"private_dns":{"type":"string","description_kind":"plain","computed":true},"private_ip":{"type":"string","description_kind":"plain","computed":true},"public_dns":{"type":"string","description_kind":"plain","computed":true},"public_ip":{"type":"string","description_kind":"plain","computed":true},"root_block_device":{"type":["set",["object",{"delete_on_termination":"bool","device_name":"string","encrypted":"bool","iops":"number","kms_key_id":"string","tags":["map","string"],"throughput":"number","volume_id":"string","volume_size":"number","volume_type":"string"}]],"description_kind":"plain","computed":true},"secondary_private_ips":{"type":["set","string"],"description_kind":"plain","computed":true},"security_groups":{"type":["set","string"],"description_kind":"plain","computed":true},"source_dest_check":{"type":"bool","description_kind":"plain","computed":true},"subnet_id":{"type":"string","description_kind":"plain","computed":true},"tags":{"type":["map","string"],"description_kind":"plain","optional":true,"computed":true},"tenancy":{"type":"string","description_kind":"plain","computed":true},"user_data":{"type":"string","description_kind":"plain","computed":true},"user_data_base64":{"type":"string","description_kind":"plain","computed":true},"vpc_security_group_ids":{"type":["set","string"],"description_kind":"plain","computed":true}},"block_types":{"filter":{"nesting_mode":"set","block":{"attributes":{"name":{"type":"string","description_kind":"plain","required":true},"values":{"type":["set","string"],"description_kind":"plain","required":true}},"description_kind":"plain"}}},"description_kind":"plain"}},"aws_instances":{"version":0,"block":{"attributes":{"id":{"type":"string","description_kind":"plain","optional":true,"computed":true},"ids":{"type":["list","string"],"description_kind":"plain","computed":true},"instance_state_names":{"type":["set","string"],"description_kind":"plain","optional":true},"instance_tags":{"type":["map","string"],"description_kind":"plain","optional":true,"computed":true},"private_ips":{"type":["list","string"],"description_kind":"plain","computed":true},"public_ips":{"type":["list","string"],"description_kind":"plain","computed":true}},"block_types":{"filter":{"nesting_mode":"set","block":{"attributes":{"name":{"type":"string","description_kind":"plain","required":true},"values":{"type":["list","string"],"description_kind":"plain","required":true}},"description_kind":"plain"}}},"description_kind":"plain"}},"aws_internet_gateway":{"version":0,"block":{"attributes":{"arn":{"type":"string","description_kind":"plain","computed":true},"attachments":{"type":["list",["object",{"state":"string","vpc_id":"string"}]],"description_kind":"plain","computed":true},"id":{"type":"string","description_kind":"plain","optional":true,"computed":true},"internet_gateway_id":{"type":"string","description_kind":"plain","optional":true,"computed":true},"owner_id":{"type":"string","description_kind":"plain","computed":true},"tags":{"type":["map","string"],"description_kind":"plain","optional":true,"computed":true}},"block_types":{"filter":{"nesting_mode":"set","block":{"attributes":{"name":{"type":"string","description_kind":"plain","required":true},"values":{"type":["set","string"],"description_kind":"plain","required":true}},"description_kind":"plain"}}},"description_kind":"plain"}},"aws_key_pair":{"version":1,"block":{"attributes":{"arn":{"type":"string","description_kind":"plain","computed":true},"fingerprint":{"type":"string","description_kind":"plain","computed":true},"id":{"type":"string","description_kind":"plain","optional":true,"computed":true},"key_name":{"type":"string","description_kind":"plain","optional":true},"key_pair_id":{"type":"string","description_kind":"plain","optional":true},"tags":{"type":["map","string"],"description_kind":"plain","optional":true,"computed":true}},"block_types":{"filter":{"nesting_mode":"set","block":{"attributes":{"name":{"type":"string","description_kind":"plain","required":true},"values":{"type":["list","string"],"description_kind":"plain","required":true}},"description_kind":"plain"}}},"description_kind":"plain"}},"aws_launch_template":{"version":0,"block":{"attributes":{"arn":{"type":"string","description_kind":"plain","computed":true},"block_device_mappings":{"type":["list",["object",{"device_name":"string","ebs":["list",["object",{"delete_on_termination":"string","encrypted":"string","iops":"number","kms_key_id":"string","snapshot_id":"string","throughput":"number","volume_size":"number","volume_type":"string"}]],"no_device":"string","virtual_name":"string"}]],"description_kind":"plain","computed":true},"capacity_reservation_specification":{"type":["list",["object",{"capacity_reservation_preference":"string","capacity_reservation_target":["list",["object",{"capacity_reservation_id":"string","capacity_reservation_resource_group_arn":"string"}]]}]],"description_kind":"plain","computed":true},"cpu_options":{"type":["list",["object",{"core_count":"number","threads_per_core":"number"}]],"description_kind":"plain","computed":true},"credit_specification":{"type":["list",["object",{"cpu_credits":"string"}]],"description_kind":"plain","computed":true},"default_version":{"type":"number","description_kind":"plain","computed":true},"description":{"type":"string","description_kind":"plain","computed":true},"disable_api_termination":{"type":"bool","description_kind":"plain","computed":true},"ebs_optimized":{"type":"string","description_kind":"plain","computed":true},"elastic_gpu_specifications":{"type":["list",["object",{"type":"string"}]],"description_kind":"plain","computed":true},"elastic_inference_accelerator":{"type":["list",["object",{"type":"string"}]],"description_kind":"plain","computed":true},"enclave_options":{"type":["list",["object",{"enabled":"bool"}]],"description_kind":"plain","computed":true},"hibernation_options":{"type":["list",["object",{"configured":"bool"}]],"description_kind":"plain","computed":true},"iam_instance_profile":{"type":["list",["object",{"arn":"string","name":"string"}]],"description_kind":"plain","computed":true},"id":{"type":"string","description_kind":"plain","optional":true,"computed":true},"image_id":{"type":"string","description_kind":"plain","computed":true},"instance_initiated_shutdown_behavior":{"type":"string","description_kind":"plain","computed":true},"instance_market_options":{"type":["list",["object",{"market_type":"string","spot_options":["list",["object",{"block_duration_minutes":"number","instance_interruption_behavior":"string","max_price":"string","spot_instance_type":"string","valid_until":"string"}]]}]],"description_kind":"plain","computed":true},"instance_requirements":{"type":["list",["object",{"accelerator_count":["list",["object",{"max":"number","min":"number"}]],"accelerator_manufacturers":["set","string"],"accelerator_names":["set","string"],"accelerator_total_memory_mib":["list",["object",{"max":"number","min":"number"}]],"accelerator_types":["set","string"],"bare_metal":"string","baseline_ebs_bandwidth_mbps":["list",["object",{"max":"number","min":"number"}]],"burstable_performance":"string","cpu_manufacturers":["set","string"],"excluded_instance_types":["set","string"],"instance_generations":["set","string"],"local_storage":"string","local_storage_types":["set","string"],"memory_gib_per_vcpu":["list",["object",{"max":"number","min":"number"}]],"memory_mib":["list",["object",{"max":"number","min":"number"}]],"network_interface_count":["list",["object",{"max":"number","min":"number"}]],"on_demand_max_price_percentage_over_lowest_price":"number","require_hibernate_support":"bool","spot_max_price_percentage_over_lowest_price":"number","total_local_storage_gb":["list",["object",{"max":"number","min":"number"}]],"vcpu_count":["list",["object",{"max":"number","min":"number"}]]}]],"description_kind":"plain","computed":true},"instance_type":{"type":"string","description_kind":"plain","computed":true},"kernel_id":{"type":"string","description_kind":"plain","computed":true},"key_name":{"type":"string","description_kind":"plain","computed":true},"latest_version":{"type":"number","description_kind":"plain","computed":true},"license_specification":{"type":["list",["object",{"license_configuration_arn":"string"}]],"description_kind":"plain","computed":true},"maintenance_options":{"type":["list",["object",{"auto_recovery":"string"}]],"description_kind":"plain","computed":true},"metadata_options":{"type":["list",["object",{"http_endpoint":"string","http_protocol_ipv6":"string","http_put_response_hop_limit":"number","http_tokens":"string","instance_metadata_tags":"string"}]],"description_kind":"plain","computed":true},"monitoring":{"type":["list",["object",{"enabled":"bool"}]],"description_kind":"plain","computed":true},"name":{"type":"string","description_kind":"plain","optional":true,"computed":true},"network_interfaces":{"type":["list",["object",{"associate_carrier_ip_address":"string","associate_public_ip_address":"string","delete_on_termination":"string","description":"string","device_index":"number","interface_type":"string","ipv4_address_count":"number","ipv4_addresses":["set","string"],"ipv4_prefix_count":"number","ipv4_prefixes":["set","string"],"ipv6_address_count":"number","ipv6_addresses":["set","string"],"ipv6_prefix_count":"number","ipv6_prefixes":["set","string"],"network_card_index":"number","network_interface_id":"string","private_ip_address":"string","security_groups":["set","string"],"subnet_id":"string"}]],"description_kind":"plain","computed":true},"placement":{"type":["list",["object",{"affinity":"string","availability_zone":"string","group_name":"string","host_id":"string","host_resource_group_arn":"string","partition_number":"number","spread_domain":"string","tenancy":"string"}]],"description_kind":"plain","computed":true},"private_dns_name_options":{"type":["list",["object",{"enable_resource_name_dns_a_record":"bool","enable_resource_name_dns_aaaa_record":"bool","hostname_type":"string"}]],"description_kind":"plain","computed":true},"ram_disk_id":{"type":"string","description_kind":"plain","computed":true},"security_group_names":{"type":["set","string"],"description_kind":"plain","computed":true},"tag_specifications":{"type":["list",["object",{"resource_type":"string","tags":["map","string"]}]],"description_kind":"plain","computed":true},"tags":{"type":["map","string"],"description_kind":"plain","optional":true,"computed":true},"user_data":{"type":"string","description_kind":"plain","computed":true},"vpc_security_group_ids":{"type":["set","string"],"description_kind":"plain","computed":true}},"block_types":{"filter":{"nesting_mode":"set","block":{"attributes":{"name":{"type":"string","description_kind":"plain","required":true},"values":{"type":["list","string"],"description_kind":"plain","required":true}},"description_kind":"plain"}}},"description_kind":"plain"}},"aws_lb":{"version":0,"block":{"attributes":{"access_logs":{"type":["list",["object",{"bucket":"string","enabled":"bool","prefix":"string"}]],"description_kind":"plain","computed":true},"arn":{"type":"string","description_kind":"plain","optional":true,"computed":true},"arn_suffix":{"type":"string","description_kind":"plain","computed":true},"customer_owned_ipv4_pool":{"type":"string","description_kind":"plain","computed":true},"desync_mitigation_mode":{"type":"string","description_kind":"plain","computed":true},"dns_name":{"type":"string","description_kind":"plain","computed":true},"drop_invalid_header_fields":{"type":"bool","description_kind":"plain","computed":true},"enable_deletion_protection":{"type":"bool","description_kind":"plain","computed":true},"enable_http2":{"type":"bool","description_kind":"plain","computed":true},"enable_waf_fail_open":{"type":"bool","description_kind":"plain","computed":true},"id":{"type":"string","description_kind":"plain","optional":true,"computed":true},"idle_timeout":{"type":"number","description_kind":"plain","computed":true},"internal":{"type":"bool","description_kind":"plain","computed":true},"ip_address_type":{"type":"string","description_kind":"plain","computed":true},"load_balancer_type":{"type":"string","description_kind":"plain","computed":true},"name":{"type":"string","description_kind":"plain","optional":true,"computed":true},"security_groups":{"type":["set","string"],"description_kind":"plain","computed":true},"subnet_mapping":{"type":["set",["object",{"allocation_id":"string","ipv6_address":"string","outpost_id":"string","private_ipv4_address":"string","subnet_id":"string"}]],"description_kind":"plain","computed":true},"subnets":{"type":["set","string"],"description_kind":"plain","computed":true},"tags":{"type":["map","string"],"description_kind":"plain","optional":true,"computed":true},"vpc_id":{"type":"string","description_kind":"plain","computed":true},"zone_id":{"type":"string","description_kind":"plain","computed":true}},"description_kind":"plain"}},"aws_lb_listener":{"version":0,"block":{"attributes":{"alpn_policy":{"type":"string","description_kind":"plain","computed":true},"arn":{"type":"string","description_kind":"plain","optional":true,"computed":true},"certificate_arn":{"type":"string","description_kind":"plain","computed":true},"default_action":{"type":["list",["object",{"authenticate_cognito":["list",["object",{"authentication_request_extra_params":["map","string"],"on_unauthenticated_request":"string","scope":"string","session_cookie_name":"string","session_timeout":"number","user_pool_arn":"string","user_pool_client_id":"string","user_pool_domain":"string"}]],"authenticate_oidc":["list",["object",{"authentication_request_extra_params":["map","string"],"authorization_endpoint":"string","client_id":"string","client_secret":"string","issuer":"string","on_unauthenticated_request":"string","scope":"string","session_cookie_name":"string","session_timeout":"number","token_endpoint":"string","user_info_endpoint":"string"}]],"fixed_response":["list",["object",{"content_type":"string","message_body":"string","status_code":"string"}]],"forward":["list",["object",{"stickiness":["list",["object",{"duration":"number","enabled":"bool"}]],"target_group":["set",["object",{"arn":"string","weight":"number"}]]}]],"order":"number","redirect":["list",["object",{"host":"string","path":"string","port":"string","protocol":"string","query":"string","status_code":"string"}]],"target_group_arn":"string","type":"string"}]],"description_kind":"plain","computed":true},"id":{"type":"string","description_kind":"plain","optional":true,"computed":true},"load_balancer_arn":{"type":"string","description_kind":"plain","optional":true,"computed":true},"port":{"type":"number","description_kind":"plain","optional":true,"computed":true},"protocol":{"type":"string","description_kind":"plain","computed":true},"ssl_policy":{"type":"string","description_kind":"plain","computed":true},"tags":{"type":["map","string"],"description_kind":"plain","optional":true,"computed":true}},"description_kind":"plain"}},"aws_lb_target_group":{"version":0,"block":{"attributes":{"arn":{"type":"string","description_kind":"plain","optional":true,"computed":true},"arn_suffix":{"type":"string","description_kind":"plain","computed":true},"connection_termination":{"type":"bool","description_kind":"plain","computed":true},"deregistration_delay":{"type":"number","description_kind":"plain","computed":true},"health_check":{"type":["list",["object",{"enabled":"bool","healthy_threshold":"number","interval":"number","matcher":"string","path":"string","port":"string","protocol":"string","timeout":"number","unhealthy_threshold":"number"}]],"description_kind":"plain","computed":true},"id":{"type":"string","description_kind":"plain","optional":true,"computed":true},"lambda_multi_value_headers_enabled":{"type":"bool","description_kind":"plain","computed":true},"load_balancing_algorithm_type":{"type":"string","description_kind":"plain","computed":true},"name":{"type":"string","description_kind":"plain","optional":true,"computed":true},"port":{"type":"number","description_kind":"plain","computed":true},"preserve_client_ip":{"type":"string","description_kind":"plain","computed":true},"protocol":{"type":"string","description_kind":"plain","computed":true},"protocol_version":{"type":"string","description_kind":"plain","computed":true},"proxy_protocol_v2":{"type":"bool","description_kind":"plain","computed":true},"slow_start":{"type":"number","description_kind":"plain","computed":true},"stickiness":{"type":["list",["object",{"cookie_duration":"number","cookie_name":"string","enabled":"bool","type":"string"}]],"description_kind":"plain","computed":true},"tags":{"type":["map","string"],"description_kind":"plain","optional":true,"computed":true},"target_type":{"type":"string","description_kind":"plain","computed":true},"vpc_id":{"type":"string","description_kind":"plain","computed":true}},"description_kind":"plain"}},"aws_network_acls":{"version":0,"block":{"attributes":{"id":{"type":"string","description_kind":"plain","optional":true,"computed":true},"ids":{"type":["list","string"],"description_kind":"plain","computed":true},"tags":{"type":["map","string"],"description_kind":"plain","optional":true,"computed":true},"vpc_id":{"type":"string","description_kind":"plain","optional":true}},"block_types":{"filter":{"nesting_mode":"set","block":{"attributes":{"name":{"type":"string","description_kind":"plain","required":true},"values":{"type":["list","string"],"description_kind":"plain","required":true}},"description_kind":"plain"}}},"description_kind":"plain"}},"aws_network_interface":{"version":0,"block":{"attributes":{"arn":{"type":"string","description_kind":"plain","computed":true},"association":{"type":["list",["object",{"allocation_id":"string","association_id":"string","carrier_ip":"string","customer_owned_ip":"string","ip_owner_id":"string","public_dns_name":"string","public_ip":"string"}]],"description_kind":"plain","computed":true},"attachment":{"type":["list",["object",{"attachment_id":"string","device_index":"number","instance_id":"string","instance_owner_id":"string"}]],"description_kind":"plain","computed":true},"availability_zone":{"type":"string","description_kind":"plain","computed":true},"description":{"type":"string","description_kind":"plain","computed":true},"id":{"type":"string","description_kind":"plain","optional":true,"computed":true},"interface_type":{"type":"string","description_kind":"plain","computed":true},"ipv6_addresses":{"type":["set","string"],"description_kind":"plain","computed":true},"mac_address":{"type":"string","description_kind":"plain","computed":true},"outpost_arn":{"type":"string","description_kind":"plain","computed":true},"owner_id":{"type":"string","description_kind":"plain","computed":true},"private_dns_name":{"type":"string","description_kind":"plain","computed":true},"private_ip":{"type":"string","description_kind":"plain","computed":true},"private_ips":{"type":["list","string"],"description_kind":"plain","computed":true},"requester_id":{"type":"string","description_kind":"plain","computed":true},"security_groups":{"type":["set","string"],"description_kind":"plain","computed":true},"subnet_id":{"type":"string","description_kind":"plain","computed":true},"tags":{"type":["map","string"],"description_kind":"plain","optional":true,"computed":true},"vpc_id":{"type":"string","description_kind":"plain","computed":true}},"block_types":{"filter":{"nesting_mode":"set","block":{"attributes":{"name":{"type":"string","description_kind":"plain","required":true},"values":{"type":["list","string"],"description_kind":"plain","required":true}},"description_kind":"plain"}}},"description_kind":"plain"}},"aws_network_interfaces":{"version":0,"block":{"attributes":{"id":{"type":"string","description_kind":"plain","optional":true,"computed":true},"ids":{"type":["list","string"],"description_kind":"plain","computed":true},"tags":{"type":["map","string"],"description_kind":"plain","optional":true,"computed":true}},"block_types":{"filter":{"nesting_mode":"set","block":{"attributes":{"name":{"type":"string","description_kind":"plain","required":true},"values":{"type":["list","string"],"description_kind":"plain","required":true}},"description_kind":"plain"}}},"description_kind":"plain"}},"aws_paas_backup":{"version":0,"block":{"attributes":{"age_days":{"type":"number","description_kind":"plain","optional":true},"database_name":{"type":"string","description_kind":"plain","optional":true},"databases":{"type":["list",["object",{"backup_enabled":"bool","id":"string","location":"string","logfile":"string","name":"string","size":"number","status":"string"}]],"description_kind":"plain","computed":true},"id":{"type":"string","description_kind":"plain","optional":true},"protected":{"type":"bool","description_kind":"plain","computed":true},"ready_only":{"type":"bool","description_kind":"plain","optional":true},"service_class":{"type":"string","description_kind":"plain","optional":true,"computed":true},"service_deleted":{"type":"bool","description_kind":"plain","computed":true},"service_id":{"type":"string","description_kind":"plain","optional":true,"computed":true},"service_name":{"type":"string","description_kind":"plain","computed":true},"service_type":{"type":"string","description_kind":"plain","optional":true,"computed":true},"status":{"type":"string","description_kind":"plain","computed":true},"time":{"type":"string","description_kind":"plain","computed":true}},"description_kind":"plain"}},"aws_paas_backup_users":{"version":0,"block":{"attributes":{"active_only":{"type":"bool","description_kind":"plain","optional":true},"id":{"type":"string","description_kind":"plain","optional":true,"computed":true},"users":{"type":["list",["object",{"email":"string","enabled":"bool","id":"string","login":"string","name":"string"}]],"description_kind":"plain","computed":true}},"description_kind":"plain"}},"aws_paas_backups":{"version":0,"block":{"attributes":{"backup_ids":{"type":["set","string"],"description_kind":"plain","computed":true},"id":{"type":"string","description_kind":"plain","optional":true,"computed":true},"service_class":{"type":"string","description_kind":"plain","optional":true,"computed":true},"service_id":{"type":"string","description_kind":"plain","optional":true,"computed":true},"service_type":{"type":"string","description_kind":"plain","optional":true,"computed":true}},"description_kind":"plain"}},"aws_paas_service":{"version":0,"block":{"attributes":{"auto_created_security_group_ids":{"type":["set","string"],"description_kind":"plain","computed":true},"available_environment_versions":{"type":["set","string"],"description_kind":"plain","computed":true},"backup_settings":{"type":["list",["object",{"bucket_name":"string","enabled":"bool","expiration_days":"number","notification_email":"string","start_time":"string","user_id":"string","user_login":"string"}]],"description_kind":"plain","computed":true},"data_volume":{"type":["list",["object",{"iops":"number","size":"number","type":"string"}]],"description_kind":"plain","computed":true},"elasticsearch":{"type":["list",["object",{"allow_anonymous":"string","anonymous_role":"string","class":"string","kibana":"bool","logging":["list",["object",{"log_to":"string","logging_tags":["set","string"]}]],"monitoring":["list",["object",{"monitor_by":"string","monitoring_labels":["map","string"]}]],"options":["map","string"],"password":"string","version":"string"}]],"description_kind":"plain","computed":true},"endpoints":{"type":["set",["object",{"addresses":["set","string"],"name":"string"}]],"description_kind":"plain","computed":true},"environment_version":{"type":"string","description_kind":"plain","computed":true},"error_code":{"type":"string","description_kind":"plain","computed":true},"error_description":{"type":"string","description_kind":"plain","computed":true},"high_availability":{"type":"bool","description_kind":"plain","computed":true},"id":{"type":"string","description_kind":"plain","required":true},"instance_type":{"type":"string","description_kind":"plain","computed":true},"instances":{"type":["set",["object",{"endpoints":["set",["object",{"address":"string","name":"string"}]],"index":"number","instance_id":"string","interface_id":"string","name":"string","private_ip":"string","role":"string","status":"string"}]],"description_kind":"plain","computed":true},"memcached":{"type":["list",["object",{"class":"string","logging":["list",["object",{"log_to":"string","logging_tags":["set","string"]}]],"monitoring":["list",["object",{"monitor_by":"string","monitoring_labels":["map","string"]}]]}]],"description_kind":"plain","computed":true},"mongodb":{"type":["list",["object",{"class":"string","database":["set",["object",{"id":"string","name":"string","user":["set",["object",{"id":"string","name":"string","roles":["set","string"]}]]}]],"journal_commit_interval":"number","logging":["list",["object",{"log_to":"string","logging_tags":["set","string"]}]],"maxconns":"number","monitoring":["list",["object",{"monitor_by":"string","monitoring_labels":["map","string"]}]],"options":["map","string"],"profile":"string","quiet":"bool","slowms":"number","storage_engine_cache_size":"number","user":["set",["object",{"id":"string","name":"string","password":"string"}]],"verbositylevel":"string","version":"string"}]],"description_kind":"plain","computed":true},"mysql":{"type":["list",["object",{"class":"string","connect_timeout":"number","database":["set",["object",{"backup_db_name":"string","backup_enabled":"bool","backup_id":"string","charset":"string","collate":"string","id":"string","name":"string","user":["set",["object",{"id":"string","name":"string","options":["set","string"],"privileges":["set","string"]}]]}]],"galera_options":["map","string"],"gcache_size":"number","gcs_fc_factor":"number","gcs_fc_limit":"number","gcs_fc_master_slave":"string","gcs_fc_single_primary":"string","innodb_buffer_pool_instances":"number","innodb_buffer_pool_size":"string","innodb_change_buffering":"string","innodb_flush_log_at_trx_commit":"number","innodb_io_capacity":"string","innodb_io_capacity_max":"string","innodb_log_file_size":"string","innodb_log_files_in_group":"number","innodb_purge_threads":"number","innodb_strict_mode":"string","innodb_sync_array_size":"number","innodb_thread_concurrency":"number","logging":["list",["object",{"log_to":"string","logging_tags":["set","string"]}]],"max_allowed_packet":"number","max_connect_errors":"string","max_connections":"number","max_heap_table_size":"string","monitoring":["list",["object",{"monitor_by":"string","monitoring_labels":["map","string"]}]],"options":["map","string"],"pxc_strict_mode":"string","table_open_cache":"number","thread_cache_size":"number","tmp_table_size":"string","transaction_isolation":"string","user":["set",["object",{"host":"string","id":"string","name":"string","password":"string"}]],"vendor":"string","version":"string","wait_timeout":"number"}]],"description_kind":"plain","computed":true},"name":{"type":"string","description_kind":"plain","computed":true},"network_interface_ids":{"type":["set","string"],"description_kind":"plain","computed":true},"pgsql":{"type":["list",["object",{"autovacuum":"string","autovacuum_analyze_scale_factor":"number","autovacuum_max_workers":"number","autovacuum_vacuum_cost_delay":"number","autovacuum_vacuum_cost_limit":"number","autovacuum_vacuum_scale_factor":"number","class":"string","database":["set",["object",{"backup_db_name":"string","backup_enabled":"bool","backup_id":"string","encoding":"string","extensions":["set","string"],"id":"string","locale":"string","name":"string","owner":"string","user":["set",["object",{"id":"string","name":"string"}]]}]],"effective_cache_size":"string","effective_io_concurrency":"number","logging":["list",["object",{"log_to":"string","logging_tags":["set","string"]}]],"maintenance_work_mem":"string","max_connections":"number","max_parallel_maintenance_workers":"number","max_parallel_workers":"number","max_parallel_workers_per_gather":"number","max_wal_size":"string","max_worker_processes":"number","min_wal_size":"string","monitoring":["list",["object",{"monitor_by":"string","monitoring_labels":["map","string"]}]],"options":["map","string"],"replication_mode":"string","shared_buffers":"string","user":["set",["object",{"id":"string","name":"string","password":"string"}]],"version":"string","wal_buffers":"number","wal_keep_segments":"number","work_mem":"string"}]],"description_kind":"plain","computed":true},"rabbitmq":{"type":["list",["object",{"class":"string","logging":["list",["object",{"log_to":"string","logging_tags":["set","string"]}]],"monitoring":["list",["object",{"monitor_by":"string","monitoring_labels":["map","string"]}]],"options":["map","string"],"password":"string","version":"string"}]],"description_kind":"plain","computed":true},"redis":{"type":["list",["object",{"class":"string","cluster_type":"string","databases":"number","logging":["list",["object",{"log_to":"string","logging_tags":["set","string"]}]],"maxmemory_policy":"string","monitoring":["list",["object",{"monitor_by":"string","monitoring_labels":["map","string"]}]],"options":["map","string"],"password":"string","persistence_aof":"bool","persistence_rdb":"bool","tcp_backlog":"number","tcp_keepalive":"number","timeout":"number","version":"string"}]],"description_kind":"plain","computed":true},"root_volume":{"type":["list",["object",{"iops":"number","size":"number","type":"string"}]],"description_kind":"plain","computed":true},"security_group_ids":{"type":["set","string"],"description_kind":"plain","computed":true},"service_class":{"type":"string","description_kind":"plain","computed":true},"service_type":{"type":"string","description_kind":"plain","computed":true},"ssh_key_name":{"type":"string","description_kind":"plain","computed":true},"status":{"type":"string","description_kind":"plain","computed":true},"subnet_ids":{"type":["set","string"],"description_kind":"plain","computed":true},"supported_features":{"type":["set","string"],"description_kind":"plain","computed":true},"total_cpu_count":{"type":"number","description_kind":"plain","computed":true},"total_memory":{"type":"number","description_kind":"plain","computed":true},"vpc_id":{"type":"string","description_kind":"plain","computed":true}},"description_kind":"plain"}},"aws_route":{"version":0,"block":{"attributes":{"carrier_gateway_id":{"type":"string","description_kind":"plain","optional":true,"computed":true},"core_network_arn":{"type":"string","description_kind":"plain","optional":true,"computed":true},"destination_cidr_block":{"type":"string","description_kind":"plain","optional":true,"computed":true},"destination_ipv6_cidr_block":{"type":"string","description_kind":"plain","optional":true,"computed":true},"destination_prefix_list_id":{"type":"string","description_kind":"plain","optional":true,"computed":true},"egress_only_gateway_id":{"type":"string","description_kind":"plain","optional":true,"computed":true},"gateway_id":{"type":"string","description_kind":"plain","optional":true,"computed":true},"id":{"type":"string","description_kind":"plain","optional":true,"computed":true},"instance_id":{"type":"string","description_kind":"plain","optional":true,"computed":true},"local_gateway_id":{"type":"string","description_kind":"plain","optional":true,"computed":true},"nat_gateway_id":{"type":"string","description_kind":"plain","optional":true,"computed":true},"network_interface_id":{"type":"string","description_kind":"plain","optional":true,"computed":true},"route_table_id":{"type":"string","description_kind":"plain","required":true},"transit_gateway_id":{"type":"string","description_kind":"plain","optional":true,"computed":true},"vpc_peering_connection_id":{"type":"string","description_kind":"plain","optional":true,"computed":true}},"description_kind":"plain"}},"aws_route53_zone":{"version":0,"block":{"attributes":{"arn":{"type":"string","description_kind":"plain","computed":true},"caller_reference":{"type":"string","description_kind":"plain","computed":true},"comment":{"type":"string","description_kind":"plain","computed":true},"id":{"type":"string","description_kind":"plain","optional":true,"computed":true},"linked_service_description":{"type":"string","description_kind":"plain","computed":true},"linked_service_principal":{"type":"string","description_kind":"plain","computed":true},"name":{"type":"string","description_kind":"plain","optional":true,"computed":true},"name_servers":{"type":["list","string"],"description_kind":"plain","computed":true},"private_zone":{"type":"bool","description_kind":"plain","optional":true},"resource_record_set_count":{"type":"number","description_kind":"plain","optional":true,"computed":true},"tags":{"type":["map","string"],"description_kind":"plain","optional":true,"computed":true},"vpc_id":{"type":"string","description_kind":"plain","optional":true,"computed":true},"zone_id":{"type":"string","description_kind":"plain","optional":true,"computed":true}},"description_kind":"plain"}},"aws_route_table":{"version":0,"block":{"attributes":{"arn":{"type":"string","description_kind":"plain","computed":true},"associations":{"type":["list",["object",{"gateway_id":"string","main":"bool","route_table_association_id":"string","route_table_id":"string","subnet_id":"string"}]],"description_kind":"plain","computed":true},"gateway_id":{"type":"string","description_kind":"plain","optional":true,"computed":true},"id":{"type":"string","description_kind":"plain","optional":true,"computed":true},"owner_id":{"type":"string","description_kind":"plain","computed":true},"route_table_id":{"type":"string","description_kind":"plain","optional":true,"computed":true},"routes":{"type":["list",["object",{"carrier_gateway_id":"string","cidr_block":"string","core_network_arn":"string","destination_prefix_list_id":"string","egress_only_gateway_id":"string","gateway_id":"string","instance_id":"string","ipv6_cidr_block":"string","local_gateway_id":"string","nat_gateway_id":"string","network_interface_id":"string","transit_gateway_id":"string","vpc_endpoint_id":"string","vpc_peering_connection_id":"string"}]],"description_kind":"plain","computed":true},"subnet_id":{"type":"string","description_kind":"plain","optional":true,"computed":true},"tags":{"type":["map","string"],"description_kind":"plain","optional":true,"computed":true},"vpc_id":{"type":"string","description_kind":"plain","optional":true,"computed":true}},"block_types":{"filter":{"nesting_mode":"set","block":{"attributes":{"name":{"type":"string","description_kind":"plain","required":true},"values":{"type":["set","string"],"description_kind":"plain","required":true}},"description_kind":"plain"}}},"description_kind":"plain"}},"aws_route_tables":{"version":0,"block":{"attributes":{"id":{"type":"string","description_kind":"plain","optional":true,"computed":true},"ids":{"type":["list","string"],"description_kind":"plain","computed":true},"tags":{"type":["map","string"],"description_kind":"plain","optional":true,"computed":true},"vpc_id":{"type":"string","description_kind":"plain","optional":true}},"block_types":{"filter":{"nesting_mode":"set","block":{"attributes":{"name":{"type":"string","description_kind":"plain","required":true},"values":{"type":["list","string"],"description_kind":"plain","required":true}},"description_kind":"plain"}}},"description_kind":"plain"}},"aws_s3_bucket":{"version":0,"block":{"attributes":{"arn":{"type":"string","description_kind":"plain","computed":true},"bucket":{"type":"string","description_kind":"plain","required":true},"bucket_domain_name":{"type":"string","description_kind":"plain","computed":true},"bucket_regional_domain_name":{"type":"string","description_kind":"plain","computed":true},"hosted_zone_id":{"type":"string","description_kind":"plain","computed":true},"id":{"type":"string","description_kind":"plain","optional":true,"computed":true},"region":{"type":"string","description_kind":"plain","computed":true},"website_domain":{"type":"string","description_kind":"plain","computed":true},"website_endpoint":{"type":"string","description_kind":"plain","computed":true}},"description_kind":"plain"}},"aws_s3_bucket_object":{"version":0,"block":{"attributes":{"body":{"type":"string","description_kind":"plain","computed":true},"bucket":{"type":"string","description_kind":"plain","deprecated":true,"required":true},"bucket_key_enabled":{"type":"bool","description_kind":"plain","computed":true},"cache_control":{"type":"string","description_kind":"plain","computed":true},"content_disposition":{"type":"string","description_kind":"plain","computed":true},"content_encoding":{"type":"string","description_kind":"plain","computed":true},"content_language":{"type":"string","description_kind":"plain","computed":true},"content_length":{"type":"number","description_kind":"plain","computed":true},"content_type":{"type":"string","description_kind":"plain","computed":true},"etag":{"type":"string","description_kind":"plain","computed":true},"expiration":{"type":"string","description_kind":"plain","computed":true},"expires":{"type":"string","description_kind":"plain","computed":true},"id":{"type":"string","description_kind":"plain","optional":true,"computed":true},"key":{"type":"string","description_kind":"plain","required":true},"last_modified":{"type":"string","description_kind":"plain","computed":true},"metadata":{"type":["map","string"],"description_kind":"plain","computed":true},"object_lock_legal_hold_status":{"type":"string","description_kind":"plain","computed":true},"object_lock_mode":{"type":"string","description_kind":"plain","computed":true},"object_lock_retain_until_date":{"type":"string","description_kind":"plain","computed":true},"range":{"type":"string","description_kind":"plain","optional":true},"server_side_encryption":{"type":"string","description_kind":"plain","computed":true},"sse_kms_key_id":{"type":"string","description_kind":"plain","computed":true},"storage_class":{"type":"string","description_kind":"plain","computed":true},"tags":{"type":["map","string"],"description_kind":"plain","optional":true,"computed":true},"version_id":{"type":"string","description_kind":"plain","optional":true,"computed":true},"website_redirect_location":{"type":"string","description_kind":"plain","computed":true}},"description_kind":"plain"}},"aws_s3_bucket_objects":{"version":0,"block":{"attributes":{"bucket":{"type":"string","description_kind":"plain","deprecated":true,"required":true},"common_prefixes":{"type":["list","string"],"description_kind":"plain","computed":true},"delimiter":{"type":"string","description_kind":"plain","optional":true},"encoding_type":{"type":"string","description_kind":"plain","optional":true},"fetch_owner":{"type":"bool","description_kind":"plain","optional":true},"id":{"type":"string","description_kind":"plain","optional":true,"computed":true},"keys":{"type":["list","string"],"description_kind":"plain","computed":true},"max_keys":{"type":"number","description_kind":"plain","optional":true},"owners":{"type":["list","string"],"description_kind":"plain","computed":true},"prefix":{"type":"string","description_kind":"plain","optional":true},"start_after":{"type":"string","description_kind":"plain","optional":true}},"description_kind":"plain"}},"aws_s3_bucket_policy":{"version":0,"block":{"attributes":{"bucket":{"type":"string","description_kind":"plain","required":true},"id":{"type":"string","description_kind":"plain","optional":true,"computed":true},"policy":{"type":"string","description_kind":"plain","computed":true}},"description_kind":"plain"}},"aws_s3_object":{"version":0,"block":{"attributes":{"body":{"type":"string","description_kind":"plain","computed":true},"bucket":{"type":"string","description_kind":"plain","required":true},"bucket_key_enabled":{"type":"bool","description_kind":"plain","computed":true},"cache_control":{"type":"string","description_kind":"plain","computed":true},"content_disposition":{"type":"string","description_kind":"plain","computed":true},"content_encoding":{"type":"string","description_kind":"plain","computed":true},"content_language":{"type":"string","description_kind":"plain","computed":true},"content_length":{"type":"number","description_kind":"plain","computed":true},"content_type":{"type":"string","description_kind":"plain","computed":true},"etag":{"type":"string","description_kind":"plain","computed":true},"expiration":{"type":"string","description_kind":"plain","computed":true},"expires":{"type":"string","description_kind":"plain","computed":true},"id":{"type":"string","description_kind":"plain","optional":true,"computed":true},"key":{"type":"string","description_kind":"plain","required":true},"last_modified":{"type":"string","description_kind":"plain","computed":true},"metadata":{"type":["map","string"],"description_kind":"plain","computed":true},"object_lock_legal_hold_status":{"type":"string","description_kind":"plain","computed":true},"object_lock_mode":{"type":"string","description_kind":"plain","computed":true},"object_lock_retain_until_date":{"type":"string","description_kind":"plain","computed":true},"range":{"type":"string","description_kind":"plain","optional":true},"server_side_encryption":{"type":"string","description_kind":"plain","computed":true},"sse_kms_key_id":{"type":"string","description_kind":"plain","computed":true},"storage_class":{"type":"string","description_kind":"plain","computed":true},"tags":{"type":["map","string"],"description_kind":"plain","optional":true,"computed":true},"version_id":{"type":"string","description_kind":"plain","optional":true,"computed":true},"website_redirect_location":{"type":"string","description_kind":"plain","computed":true}},"description_kind":"plain"}},"aws_s3_objects":{"version":0,"block":{"attributes":{"bucket":{"type":"string","description_kind":"plain","required":true},"common_prefixes":{"type":["list","string"],"description_kind":"plain","computed":true},"delimiter":{"type":"string","description_kind":"plain","optional":true},"encoding_type":{"type":"string","description_kind":"plain","optional":true},"fetch_owner":{"type":"bool","description_kind":"plain","optional":true},"id":{"type":"string","description_kind":"plain","optional":true,"computed":true},"keys":{"type":["list","string"],"description_kind":"plain","computed":true},"max_keys":{"type":"number","description_kind":"plain","optional":true},"owners":{"type":["list","string"],"description_kind":"plain","computed":true},"prefix":{"type":"string","description_kind":"plain","optional":true},"start_after":{"type":"string","description_kind":"plain","optional":true}},"description_kind":"plain"}},"aws_security_group":{"version":1,"block":{"attributes":{"arn":{"type":"string","description_kind":"plain","computed":true},"description":{"type":"string","description_kind":"plain","computed":true},"id":{"type":"string","description_kind":"plain","optional":true,"computed":true},"name":{"type":"string","description_kind":"plain","optional":true,"computed":true},"tags":{"type":["map","string"],"description_kind":"plain","optional":true,"computed":true},"vpc_id":{"type":"string","description_kind":"plain","optional":true,"computed":true}},"block_types":{"filter":{"nesting_mode":"set","block":{"attributes":{"name":{"type":"string","description_kind":"plain","required":true},"values":{"type":["set","string"],"description_kind":"plain","required":true}},"description_kind":"plain"}}},"description_kind":"plain"}},"aws_security_groups":{"version":0,"block":{"attributes":{"arns":{"type":["list","string"],"description_kind":"plain","computed":true},"id":{"type":"string","description_kind":"plain","optional":true,"computed":true},"ids":{"type":["list","string"],"description_kind":"plain","computed":true},"tags":{"type":["map","string"],"description_kind":"plain","optional":true,"computed":true},"vpc_ids":{"type":["list","string"],"description_kind":"plain","computed":true}},"block_types":{"filter":{"nesting_mode":"set","block":{"attributes":{"name":{"type":"string","description_kind":"plain","required":true},"values":{"type":["list","string"],"description_kind":"plain","required":true}},"description_kind":"plain"}}},"description_kind":"plain"}},"aws_subnet":{"version":1,"block":{"attributes":{"arn":{"type":"string","description_kind":"plain","computed":true},"assign_ipv6_address_on_creation":{"type":"bool","description_kind":"plain","computed":true},"availability_zone":{"type":"string","description_kind":"plain","optional":true,"computed":true},"availability_zone_id":{"type":"string","description_kind":"plain","optional":true,"computed":true},"available_ip_address_count":{"type":"number","description_kind":"plain","computed":true},"cidr_block":{"type":"string","description_kind":"plain","optional":true,"computed":true},"customer_owned_ipv4_pool":{"type":"string","description_kind":"plain","computed":true},"default_for_az":{"type":"bool","description_kind":"plain","optional":true,"computed":true},"enable_dns64":{"type":"bool","description_kind":"plain","computed":true},"enable_resource_name_dns_a_record_on_launch":{"type":"bool","description_kind":"plain","computed":true},"enable_resource_name_dns_aaaa_record_on_launch":{"type":"bool","description_kind":"plain","computed":true},"id":{"type":"string","description_kind":"plain","optional":true,"computed":true},"ipv6_cidr_block":{"type":"string","description_kind":"plain","optional":true,"computed":true},"ipv6_cidr_block_association_id":{"type":"string","description_kind":"plain","computed":true},"ipv6_native":{"type":"bool","description_kind":"plain","computed":true},"map_customer_owned_ip_on_launch":{"type":"bool","description_kind":"plain","computed":true},"map_public_ip_on_launch":{"type":"bool","description_kind":"plain","computed":true},"outpost_arn":{"type":"string","description_kind":"plain","computed":true},"owner_id":{"type":"string","description_kind":"plain","computed":true},"private_dns_hostname_type_on_launch":{"type":"string","description_kind":"plain","computed":true},"state":{"type":"string","description_kind":"plain","optional":true,"computed":true},"tags":{"type":["map","string"],"description_kind":"plain","optional":true,"computed":true},"vpc_id":{"type":"string","description_kind":"plain","optional":true,"computed":true}},"block_types":{"filter":{"nesting_mode":"set","block":{"attributes":{"name":{"type":"string","description_kind":"plain","required":true},"values":{"type":["set","string"],"description_kind":"plain","required":true}},"description_kind":"plain"}}},"description_kind":"plain"}},"aws_subnet_ids":{"version":0,"block":{"attributes":{"id":{"type":"string","description_kind":"plain","optional":true,"computed":true},"ids":{"type":["set","string"],"description_kind":"plain","computed":true},"tags":{"type":["map","string"],"description_kind":"plain","optional":true,"computed":true},"vpc_id":{"type":"string","description_kind":"plain","required":true}},"block_types":{"filter":{"nesting_mode":"set","block":{"attributes":{"name":{"type":"string","description_kind":"plain","required":true},"values":{"type":["set","string"],"description_kind":"plain","required":true}},"description_kind":"plain"}}},"description_kind":"plain","deprecated":true}},"aws_subnets":{"version":0,"block":{"attributes":{"id":{"type":"string","description_kind":"plain","optional":true,"computed":true},"ids":{"type":["list","string"],"description_kind":"plain","computed":true},"tags":{"type":["map","string"],"description_kind":"plain","optional":true,"computed":true}},"block_types":{"filter":{"nesting_mode":"set","block":{"attributes":{"name":{"type":"string","description_kind":"plain","required":true},"values":{"type":["list","string"],"description_kind":"plain","required":true}},"description_kind":"plain"}}},"description_kind":"plain"}},"aws_vpc":{"version":1,"block":{"attributes":{"arn":{"type":"string","description_kind":"plain","computed":true},"cidr_block":{"type":"string","description_kind":"plain","optional":true,"computed":true},"cidr_block_associations":{"type":["list",["object",{"association_id":"string","cidr_block":"string","state":"string"}]],"description_kind":"plain","computed":true},"default":{"type":"bool","description_kind":"plain","optional":true,"computed":true},"dhcp_options_id":{"type":"string","description_kind":"plain","optional":true,"computed":true},"enable_dns_hostnames":{"type":"bool","description_kind":"plain","computed":true},"enable_dns_support":{"type":"bool","description_kind":"plain","computed":true},"id":{"type":"string","description_kind":"plain","optional":true,"computed":true},"instance_tenancy":{"type":"string","description_kind":"plain","computed":true},"ipv6_association_id":{"type":"string","description_kind":"plain","computed":true},"ipv6_cidr_block":{"type":"string","description_kind":"plain","computed":true},"main_route_table_id":{"type":"string","description_kind":"plain","computed":true},"owner_id":{"type":"string","description_kind":"plain","computed":true},"state":{"type":"string","description_kind":"plain","optional":true,"computed":true},"tags":{"type":["map","string"],"description_kind":"plain","optional":true,"computed":true}},"block_types":{"filter":{"nesting_mode":"set","block":{"attributes":{"name":{"type":"string","description_kind":"plain","required":true},"values":{"type":["set","string"],"description_kind":"plain","required":true}},"description_kind":"plain"}}},"description_kind":"plain"}},"aws_vpc_dhcp_options":{"version":0,"block":{"attributes":{"arn":{"type":"string","description_kind":"plain","computed":true},"dhcp_options_id":{"type":"string","description_kind":"plain","optional":true,"computed":true},"domain_name":{"type":"string","description_kind":"plain","computed":true},"domain_name_servers":{"type":["list","string"],"description_kind":"plain","computed":true},"id":{"type":"string","description_kind":"plain","optional":true,"computed":true},"netbios_name_servers":{"type":["list","string"],"description_kind":"plain","computed":true},"netbios_node_type":{"type":"string","description_kind":"plain","computed":true},"ntp_servers":{"type":["list","string"],"description_kind":"plain","computed":true},"owner_id":{"type":"string","description_kind":"plain","computed":true},"tags":{"type":["map","string"],"description_kind":"plain","optional":true,"computed":true}},"block_types":{"filter":{"nesting_mode":"set","block":{"attributes":{"name":{"type":"string","description_kind":"plain","required":true},"values":{"type":["set","string"],"description_kind":"plain","required":true}},"description_kind":"plain"}}},"description_kind":"plain"}},"aws_vpcs":{"version":0,"block":{"attributes":{"id":{"type":"string","description_kind":"plain","optional":true,"computed":true},"ids":{"type":["list","string"],"description_kind":"plain","computed":true},"tags":{"type":["map","string"],"description_kind":"plain","optional":true,"computed":true}},"block_types":{"filter":{"nesting_mode":"set","block":{"attributes":{"name":{"type":"string","description_kind":"plain","required":true},"values":{"type":["list","string"],"description_kind":"plain","required":true}},"description_kind":"plain"}}},"description_kind":"plain"}},"aws_vpn_gateway":{"version":0,"block":{"attributes":{"amazon_side_asn":{"type":"string","description_kind":"plain","optional":true,"computed":true},"arn":{"type":"string","description_kind":"plain","computed":true},"attached_vpc_id":{"type":"string","description_kind":"plain","optional":true,"computed":true},"availability_zone":{"type":"string","description_kind":"plain","optional":true,"computed":true},"id":{"type":"string","description_kind":"plain","optional":true,"computed":true},"state":{"type":"string","description_kind":"plain","optional":true,"computed":true},"tags":{"type":["map","string"],"description_kind":"plain","optional":true,"computed":true}},"block_types":{"filter":{"nesting_mode":"set","block":{"attributes":{"name":{"type":"string","description_kind":"plain","required":true},"values":{"type":["set","string"],"description_kind":"plain","required":true}},"description_kind":"plain"}}},"description_kind":"plain"}}}}}}
